PODS:
  - ChouTi/All (0.1):
    - ChouTi/ChouTi
    - ChouTi/ChouTi-Extra
    - ChouTi/UI
    - ChouTi/UI-App-Extension-API-Unsafe
    - ChouTi/UI-Extra
  - ChouTi/ChouTi (0.1):
    - ChouTi/ChouTi/Animators (= 0.1)
    - ChouTi/ChouTi/CodeSnippets (= 0.1)
    - ChouTi/ChouTi/CollectionViewLayouts (= 0.1)
    - ChouTi/ChouTi/Extensions (= 0.1)
    - ChouTi/ChouTi/Protocols (= 0.1)
    - ChouTi/ChouTi/Utilities (= 0.1)
  - ChouTi/ChouTi-Extra (0.1):
    - ChouTi/ChouTi-Extra/Utilities (= 0.1)
  - ChouTi/ChouTi-Extra/Utilities (0.1):
    - ChouTi/ChouTi-Extra/Utilities/Operations (= 0.1)
  - ChouTi/ChouTi-Extra/Utilities/Operations (0.1):
    - Operations
  - ChouTi/ChouTi/Animators (0.1)
  - ChouTi/ChouTi/CodeSnippets (0.1)
  - ChouTi/ChouTi/CollectionViewLayouts (0.1)
  - ChouTi/ChouTi/Extensions (0.1)
  - ChouTi/ChouTi/Protocols (0.1)
  - ChouTi/ChouTi/Utilities (0.1):
    - ChouTi/ChouTi/Utilities/TableView+SectionRowExtensions (= 0.1)
  - ChouTi/ChouTi/Utilities/TableView+SectionRowExtensions (0.1)
  - ChouTi/UI (0.1):
    - ChouTi/UI/AutoLinesLabel (= 0.1)
    - ChouTi/UI/CollectionViewCells (= 0.1)
    - ChouTi/UI/DatePickerViewController (= 0.1)
    - ChouTi/UI/DropDownMenu (= 0.1)
    - ChouTi/UI/MenuPageViewController (= 0.1)
    - ChouTi/UI/NavigationBarStatusBar (= 0.1)
    - ChouTi/UI/SegmentedControl (= 0.1)
    - ChouTi/UI/TableViewCells (= 0.1)
  - ChouTi/UI-App-Extension-API-Unsafe (0.1):
    - ChouTi/UI-App-Extension-API-Unsafe/SlideController (= 0.1)
  - ChouTi/UI-App-Extension-API-Unsafe/SlideController (0.1)
  - ChouTi/UI-Extra (0.1):
    - ChouTi/UI-Extra/LoadingMorphingLabel (= 0.1)
  - ChouTi/UI-Extra/LoadingMorphingLabel (0.1):
    - LTMorphingLabel (~> 0.0.8)
  - ChouTi/UI/AutoLinesLabel (0.1)
  - ChouTi/UI/CollectionViewCells (0.1)
  - ChouTi/UI/DatePickerViewController (0.1)
  - ChouTi/UI/DropDownMenu (0.1)
  - ChouTi/UI/MenuPageViewController (0.1)
  - ChouTi/UI/NavigationBarStatusBar (0.1)
  - ChouTi/UI/SegmentedControl (0.1)
  - ChouTi/UI/TableViewCells (0.1)
  - LTMorphingLabel (0.0.9)
  - Operations (2.6.0):
    - Operations/Standard (= 2.6.0)
  - Operations/Standard (2.6.0)

DEPENDENCIES:
  - ChouTi/All (from `../`)

EXTERNAL SOURCES:
  ChouTi:
    :path: ../

SPEC CHECKSUMS:
  ChouTi: 02acaf5a48981fb11ce626478b134d6e8a87038b
  LTMorphingLabel: 4235a403f99f0e0e503389da660e0fec324549d9
  Operations: 18114beb1805651d218ab077f549aea92e757493

PODFILE CHECKSUM: 75446ea49f562eb60361a9afeb8bddeb8793b2b5

COCOAPODS: 1.0.0.beta.3
