PODS:
  - ChouTi (1.0):
    - ChouTi/All (= 1.0)
  - ChouTi/All (1.0):
    - ChouTi/App-Extension-API-Unsafe
    - ChouTi/ChouTi
    - ChouTi/UI
    - ChouTi/UI-App-Extension-API-Unsafe
  - ChouTi/App-Extension-API-Unsafe (1.0)
  - ChouTi/ChouTi (1.0):
    - ChouTi/ChouTi/Animators (= 1.0)
    - ChouTi/ChouTi/CodeSnippets (= 1.0)
    - ChouTi/ChouTi/CollectionViewLayouts (= 1.0)
    - ChouTi/ChouTi/Extensions (= 1.0)
    - ChouTi/ChouTi/Protocols (= 1.0)
    - ChouTi/ChouTi/Utilities (= 1.0)
  - ChouTi/ChouTi/Animators (1.0)
  - ChouTi/ChouTi/CodeSnippets (1.0)
  - ChouTi/ChouTi/CollectionViewLayouts (1.0)
  - ChouTi/ChouTi/Extensions (1.0)
  - ChouTi/ChouTi/Protocols (1.0)
  - ChouTi/ChouTi/Utilities (1.0):
    - ChouTi/ChouTi/Utilities/Operations (= 1.0)
    - ChouTi/ChouTi/Utilities/TableView+SectionRowExtensions (= 1.0)
  - ChouTi/ChouTi/Utilities/Operations (1.0):
    - Operations
  - ChouTi/ChouTi/Utilities/TableView+SectionRowExtensions (1.0)
  - ChouTi/UI (1.0):
    - ChouTi/UI/AutoLinesLabel (= 1.0)
    - ChouTi/UI/CollectionViewCells (= 1.0)
    - ChouTi/UI/DatePickerViewController (= 1.0)
    - ChouTi/UI/DropDownMenu (= 1.0)
    - ChouTi/UI/LoadingMorphingLabel (= 1.0)
    - ChouTi/UI/MenuPageViewController (= 1.0)
    - ChouTi/UI/SegmentedControl (= 1.0)
    - ChouTi/UI/TableViewCells (= 1.0)
  - ChouTi/UI-App-Extension-API-Unsafe (1.0):
    - ChouTi/UI-App-Extension-API-Unsafe/SlideController (= 1.0)
  - ChouTi/UI-App-Extension-API-Unsafe/SlideController (1.0)
  - ChouTi/UI/AutoLinesLabel (1.0)
  - ChouTi/UI/CollectionViewCells (1.0)
  - ChouTi/UI/DatePickerViewController (1.0)
  - ChouTi/UI/DropDownMenu (1.0)
  - ChouTi/UI/LoadingMorphingLabel (1.0):
    - LTMorphingLabel (~> 0.0.8)
  - ChouTi/UI/MenuPageViewController (1.0)
  - ChouTi/UI/SegmentedControl (1.0)
  - ChouTi/UI/TableViewCells (1.0)
  - LTMorphingLabel (0.0.9)
  - Operations (2.4.1):
    - Operations/Standard (= 2.4.1)
  - Operations/Standard (2.4.1)

DEPENDENCIES:
  - ChouTi (from `../`)

EXTERNAL SOURCES:
  ChouTi:
    :path: ../

SPEC CHECKSUMS:
  ChouTi: 25216469b724b20c03c6620f801528c321b6b2ba
  LTMorphingLabel: 4235a403f99f0e0e503389da660e0fec324549d9
  Operations: 728e069c0c736c321ba1e0ead42dbf2006366773

COCOAPODS: 0.39.0
