// !$*UTF8*$!
{
	archiveVersion = 1;
	classes = {
	};
	objectVersion = 51;
	objects = {

/* Begin PBXBuildFile section */
		0129E5A2B53DF9950AA328B0 /* CGPoint+Extensions.swift in Sources */ = {isa = PBXBuildFile; fileRef = 0D4E81FE0F8F21596D215C66 /* CGPoint+Extensions.swift */; };
		04E8BC255BB174E0D2FCC41F /* DelayedTask.swift in Sources */ = {isa = PBXBuildFile; fileRef = A67710A7F38D5EC48E70EAE9 /* DelayedTask.swift */; };
		0B9AEAAA9EC38631D42CF6EC /* NSObject+Observation.swift in Sources */ = {isa = PBXBuildFile; fileRef = 332CEF2A20BFC7CB667CB3D7 /* NSObject+Observation.swift */; };
		1105D50981F5EBD1453C376F /* Numbers+Extensions.swift in Sources */ = {isa = PBXBuildFile; fileRef = DF93FF5F1EC0D6764A88DFC2 /* Numbers+Extensions.swift */; };
		12102479A3D0EA9BA8A460D1 /* ChouTi.framework in Embed Frameworks */ = {isa = PBXBuildFile; fileRef = 00AA32AFD35F51E75164CEF6 /* ChouTi.framework */; settings = {ATTRIBUTES = (CodeSignOnCopy, RemoveHeadersOnCopy, ); }; };
		181CB04E7A1B7E64A1E849D1 /* DispatchQueue+Extensions.swift in Sources */ = {isa = PBXBuildFile; fileRef = 10E7DBAA34E7212F7141FB31 /* DispatchQueue+Extensions.swift */; };
		19ACC4FFBEE01AEB196C1725 /* Calendar+ExtensionsTests.swift in Sources */ = {isa = PBXBuildFile; fileRef = 585545A359A86FC5077E83E7 /* Calendar+ExtensionsTests.swift */; };
		1C59C6C55981FB3F7C1776D4 /* Quick.framework in Frameworks */ = {isa = PBXBuildFile; fileRef = AA7EF84A209EBF0309E7555D /* Quick.framework */; };
		1CA182AEBBC1777FAA538AA1 /* QueueTests.swift in Sources */ = {isa = PBXBuildFile; fileRef = EBD84F97EB2ADF03411498CD /* QueueTests.swift */; };
		1D518A5EE625122823CD1C2B /* Date+Extensions.swift in Sources */ = {isa = PBXBuildFile; fileRef = FA89DE0C8FF15CF394D35172 /* Date+Extensions.swift */; };
		1D873CBB0D05761286007444 /* Decimal+ExtensionsTests.swift in Sources */ = {isa = PBXBuildFile; fileRef = 91739BDAFB96E13E62AAA708 /* Decimal+ExtensionsTests.swift */; };
		1DA143CAB3D7B7D2A20F0986 /* DateFormatter+Extensions.swift in Sources */ = {isa = PBXBuildFile; fileRef = 9A377427401FFEC8EAD21E19 /* DateFormatter+Extensions.swift */; };
		1F05479BA50E0D69AD44BFFF /* Date+Extensions.swift in Sources */ = {isa = PBXBuildFile; fileRef = FA89DE0C8FF15CF394D35172 /* Date+Extensions.swift */; };
		1F47AFCABC3A9483EB265C2E /* Operators.swift in Sources */ = {isa = PBXBuildFile; fileRef = 99D31454F14AA0B76891A988 /* Operators.swift */; };
		1F6C46C31EAAE278D98002A4 /* NSObject+Observation.swift in Sources */ = {isa = PBXBuildFile; fileRef = 332CEF2A20BFC7CB667CB3D7 /* NSObject+Observation.swift */; };
		2094A27298B6C12772218261 /* Operators.swift in Sources */ = {isa = PBXBuildFile; fileRef = 99D31454F14AA0B76891A988 /* Operators.swift */; };
		2262E65894F890785ECE7B74 /* OrderedDictionaryTests.swift in Sources */ = {isa = PBXBuildFile; fileRef = 11988C179CDAFD6763215586 /* OrderedDictionaryTests.swift */; };
		2574D329A7BEE67A2B5AB6D1 /* ChouTi.framework in Frameworks */ = {isa = PBXBuildFile; fileRef = B03C278B667CA774FC4F0E5E /* ChouTi.framework */; };
		2588A07BE23372A2AAFB9149 /* CIImageFilter.swift in Sources */ = {isa = PBXBuildFile; fileRef = D40C233B51285BE0F2AABD28 /* CIImageFilter.swift */; };
		2E6BDC0E1160E238E79C8115 /* Queue.swift in Sources */ = {isa = PBXBuildFile; fileRef = 0C8413A8B32DD08548F50BFA /* Queue.swift */; };
		30C0BFF74D3ADDE5E5F1AF28 /* StructWrapper.swift in Sources */ = {isa = PBXBuildFile; fileRef = 04B13B1D85478FC9ACEEFFE5 /* StructWrapper.swift */; };
		372878AF50625372A8730034 /* Date+ExtensionsTests.swift in Sources */ = {isa = PBXBuildFile; fileRef = BF6DDBC779E4D913ACA25B16 /* Date+ExtensionsTests.swift */; };
		372BC505521660174480EA66 /* OrderedDictionaryTests.swift in Sources */ = {isa = PBXBuildFile; fileRef = 11988C179CDAFD6763215586 /* OrderedDictionaryTests.swift */; };
		3B824DD1C205AB1E60F8E227 /* DateFormatter+Extensions.swift in Sources */ = {isa = PBXBuildFile; fileRef = 9A377427401FFEC8EAD21E19 /* DateFormatter+Extensions.swift */; };
		3CA896503A810051FCC61FC6 /* Quick.framework in Frameworks */ = {isa = PBXBuildFile; fileRef = 80F0CA4B49BFFD758E4FEE24 /* Quick.framework */; };
		3F186533A21DD982AC48F8DC /* SequenceType+ExtensionsTests.swift in Sources */ = {isa = PBXBuildFile; fileRef = E4E5D01158E883F032FA529F /* SequenceType+ExtensionsTests.swift */; };
		458F666FD48E8E8E634A0033 /* ChouTi.framework in Frameworks */ = {isa = PBXBuildFile; fileRef = 00AA32AFD35F51E75164CEF6 /* ChouTi.framework */; };
		480DA9FFBC613D579F6AD6AD /* NSObject+AssociatedObject.swift in Sources */ = {isa = PBXBuildFile; fileRef = 3B31071F4D35637B66528237 /* NSObject+AssociatedObject.swift */; };
		489B9A8709061CF36737BFB0 /* Nimble.framework in Frameworks */ = {isa = PBXBuildFile; fileRef = A48B9409E1A4E03FD407CE35 /* Nimble.framework */; };
		4D9DDB8B304B5A84CE81FE04 /* DispatchQueue+Once.swift in Sources */ = {isa = PBXBuildFile; fileRef = 32726C881C237DC232241A14 /* DispatchQueue+Once.swift */; };
		4DB7BAB0C416B7EBE9C423B4 /* DelayTaskTests.swift in Sources */ = {isa = PBXBuildFile; fileRef = 165D8791AEBAE1E245914DA4 /* DelayTaskTests.swift */; };
		4F6C52B13CC59894B6AA15D4 /* SequenceType+Extensions.swift in Sources */ = {isa = PBXBuildFile; fileRef = 0B7F453FF386C846673F6214 /* SequenceType+Extensions.swift */; };
		4FB97E90B0E1FDF354D9CB0F /* Numbers+Extensions.swift in Sources */ = {isa = PBXBuildFile; fileRef = DF93FF5F1EC0D6764A88DFC2 /* Numbers+Extensions.swift */; };
		5042856DD2698035C1421C5B /* Nimble.framework in Embed Frameworks */ = {isa = PBXBuildFile; fileRef = A48B9409E1A4E03FD407CE35 /* Nimble.framework */; settings = {ATTRIBUTES = (CodeSignOnCopy, RemoveHeadersOnCopy, ); }; };
		5248AF76A09F7E9B03264E21 /* DelayTaskTests.swift in Sources */ = {isa = PBXBuildFile; fileRef = 165D8791AEBAE1E245914DA4 /* DelayTaskTests.swift */; };
		544B32DFA8BE426F6316EB61 /* NSRegularExpression+Extensions.swift in Sources */ = {isa = PBXBuildFile; fileRef = AAA767FDEA10F97E06DBA594 /* NSRegularExpression+Extensions.swift */; };
		56ADD8CAEAE068793B6B9635 /* Nimble.framework in Embed Frameworks */ = {isa = PBXBuildFile; fileRef = DA45F72CBB27462657E55CF8 /* Nimble.framework */; settings = {ATTRIBUTES = (CodeSignOnCopy, RemoveHeadersOnCopy, ); }; };
		56FA4603488B064F974498D3 /* Optional+Extensions.swift in Sources */ = {isa = PBXBuildFile; fileRef = 2DF2919F5A8B58BB785BA293 /* Optional+Extensions.swift */; };
		58AB616AF6E266B3C1894C1B /* CollectionType+ExtensionsTests.swift in Sources */ = {isa = PBXBuildFile; fileRef = ED5E427D0101E08A2153C2D0 /* CollectionType+ExtensionsTests.swift */; };
		5A252ED7E250B6C1B3CFB52D /* CIImageFilter.swift in Sources */ = {isa = PBXBuildFile; fileRef = D40C233B51285BE0F2AABD28 /* CIImageFilter.swift */; };
		5A91FC5817BCA1D4E2D88ECC /* OperatorsTests.swift in Sources */ = {isa = PBXBuildFile; fileRef = 29E33BF0C846E2055C9E1429 /* OperatorsTests.swift */; };
		5B11DFD69EE47B8A7F034D7D /* DelayedTask.swift in Sources */ = {isa = PBXBuildFile; fileRef = A67710A7F38D5EC48E70EAE9 /* DelayedTask.swift */; };
		5F4C38A8D2F4D5B296A3E70E /* Math.swift in Sources */ = {isa = PBXBuildFile; fileRef = 4D0D58E15D9A02BB3B728B56 /* Math.swift */; };
		5F6C161940CD626765D460CE /* CGContext+Extensions.swift in Sources */ = {isa = PBXBuildFile; fileRef = D1854B06CFF70B3A498CCFDB /* CGContext+Extensions.swift */; };
		6454F9B8A7EB912B481AEDCC /* Decimal+Extensions.swift in Sources */ = {isa = PBXBuildFile; fileRef = 0149439EF887B52B49068F87 /* Decimal+Extensions.swift */; };
		64FF6DC51052ADF0D3E33E33 /* NSObject+AssociatedObjectTests.swift in Sources */ = {isa = PBXBuildFile; fileRef = 36C8FB897EAF4D91623EBDA8 /* NSObject+AssociatedObjectTests.swift */; };
		6560178BFE5C7F3C06707CBB /* Quick.framework in Embed Frameworks */ = {isa = PBXBuildFile; fileRef = AA7EF84A209EBF0309E7555D /* Quick.framework */; settings = {ATTRIBUTES = (CodeSignOnCopy, RemoveHeadersOnCopy, ); }; };
		658594BFB48C1C232DD817E9 /* Quick.framework in Embed Frameworks */ = {isa = PBXBuildFile; fileRef = 80F0CA4B49BFFD758E4FEE24 /* Quick.framework */; settings = {ATTRIBUTES = (CodeSignOnCopy, RemoveHeadersOnCopy, ); }; };
		67A6539A4508FBC7215B1DA9 /* Decimal+Extensions.swift in Sources */ = {isa = PBXBuildFile; fileRef = 0149439EF887B52B49068F87 /* Decimal+Extensions.swift */; };
		6C1D755A56277240E62143EC /* Resource.swift in Sources */ = {isa = PBXBuildFile; fileRef = EE11EEC2648E5B04FA6897D4 /* Resource.swift */; };
		6CCB8C9A03F9B1C2206F7F9F /* DispatchQueue+Extensions.swift in Sources */ = {isa = PBXBuildFile; fileRef = 10E7DBAA34E7212F7141FB31 /* DispatchQueue+Extensions.swift */; };
		6F2AF0EC253CDF03D84E9B3D /* Nimble.framework in Frameworks */ = {isa = PBXBuildFile; fileRef = DA45F72CBB27462657E55CF8 /* Nimble.framework */; };
		74379FB1E27126AF847F4113 /* CGContext+Extensions.swift in Sources */ = {isa = PBXBuildFile; fileRef = D1854B06CFF70B3A498CCFDB /* CGContext+Extensions.swift */; };
		7506776C6B6DCC0A0350A332 /* Decimal+ExtensionsTests.swift in Sources */ = {isa = PBXBuildFile; fileRef = 91739BDAFB96E13E62AAA708 /* Decimal+ExtensionsTests.swift */; };
		7F71549536E8AB3B73F4593F /* DispatchQueue+Once.swift in Sources */ = {isa = PBXBuildFile; fileRef = 32726C881C237DC232241A14 /* DispatchQueue+Once.swift */; };
		80766D6AE4BC07DB380561FC /* NSRegularExpression+Extensions.swift in Sources */ = {isa = PBXBuildFile; fileRef = AAA767FDEA10F97E06DBA594 /* NSRegularExpression+Extensions.swift */; };
		84B3136C81264ECF2411258A /* CGRect+Extensions.swift in Sources */ = {isa = PBXBuildFile; fileRef = 131A3B3E5F121255838B0DBC /* CGRect+Extensions.swift */; };
		85146951FDD4FABB7264948E /* Dictionary+Extensions.swift in Sources */ = {isa = PBXBuildFile; fileRef = E6B50A1EB7180C9716D524A6 /* Dictionary+Extensions.swift */; };
		85A522F74CB1C0E244C3BBC5 /* NSObject+AssociatedObjectTests.swift in Sources */ = {isa = PBXBuildFile; fileRef = 36C8FB897EAF4D91623EBDA8 /* NSObject+AssociatedObjectTests.swift */; };
		86CF3894498CBF28EA6D9DC6 /* Dictionary+ExtensionsTests.swift in Sources */ = {isa = PBXBuildFile; fileRef = E562031C69CF71F592DB9425 /* Dictionary+ExtensionsTests.swift */; };
		870D93A399DB1E3ED55E64DD /* NSObject+AssociatedObject.swift in Sources */ = {isa = PBXBuildFile; fileRef = 3B31071F4D35637B66528237 /* NSObject+AssociatedObject.swift */; };
		8823C0A7DD4550D75AE58D75 /* Calendar+ExtensionsTests.swift in Sources */ = {isa = PBXBuildFile; fileRef = 585545A359A86FC5077E83E7 /* Calendar+ExtensionsTests.swift */; };
		896FFE536802D0FFC2E00B95 /* SequenceType+ExtensionsTests.swift in Sources */ = {isa = PBXBuildFile; fileRef = E4E5D01158E883F032FA529F /* SequenceType+ExtensionsTests.swift */; };
		908979387EB896F95A15620C /* Calendar+Extensions.swift in Sources */ = {isa = PBXBuildFile; fileRef = 7EF322496F1F53970CC96518 /* Calendar+Extensions.swift */; };
		92ACE7CE0AC60BD3850163CC /* String+ExtensionsTests.swift in Sources */ = {isa = PBXBuildFile; fileRef = E794B101CD521727AB0A692C /* String+ExtensionsTests.swift */; };
		945DEF51CD62F616AEA76C14 /* CGPoint+Extensions.swift in Sources */ = {isa = PBXBuildFile; fileRef = 0D4E81FE0F8F21596D215C66 /* CGPoint+Extensions.swift */; };
		9A611C846F0901047DF98438 /* StructWrapper.swift in Sources */ = {isa = PBXBuildFile; fileRef = 04B13B1D85478FC9ACEEFFE5 /* StructWrapper.swift */; };
		9BA21011228C98E5A1111C08 /* TimeZone+Extensions.swift in Sources */ = {isa = PBXBuildFile; fileRef = 5ECF61AE1956B370C04E325A /* TimeZone+Extensions.swift */; };
		9FB11C8E058AF6E38EE913AF /* String+Extensions.swift in Sources */ = {isa = PBXBuildFile; fileRef = 5F69E8D5A0C4684751F95327 /* String+Extensions.swift */; };
		A041608E9B4321B25AA160EC /* CollectionType+ExtensionsTests.swift in Sources */ = {isa = PBXBuildFile; fileRef = ED5E427D0101E08A2153C2D0 /* CollectionType+ExtensionsTests.swift */; };
		A066B71648F4ABD6DCED1717 /* DispatchQueue+ExtensionsTests.swift in Sources */ = {isa = PBXBuildFile; fileRef = 08C4F82EF61C695A45F47613 /* DispatchQueue+ExtensionsTests.swift */; };
		A0D092BB344390ED5FEC457C /* Queue.swift in Sources */ = {isa = PBXBuildFile; fileRef = 0C8413A8B32DD08548F50BFA /* Queue.swift */; };
		A549903995097C3CADA723FF /* OrderedDictionary.swift in Sources */ = {isa = PBXBuildFile; fileRef = 03FAE59D51ED3583DA3B609D /* OrderedDictionary.swift */; };
		A69829486B23EBDC373E8312 /* QueueTests.swift in Sources */ = {isa = PBXBuildFile; fileRef = EBD84F97EB2ADF03411498CD /* QueueTests.swift */; };
		A92E8A87516F3DB83AD1B2AD /* Collection+Extensions.swift in Sources */ = {isa = PBXBuildFile; fileRef = B5B53EDD728B1CF1D4E89939 /* Collection+Extensions.swift */; };
		ABA00CB3FC87E4F79F2FE7CA /* Math.swift in Sources */ = {isa = PBXBuildFile; fileRef = 4D0D58E15D9A02BB3B728B56 /* Math.swift */; };
		ACA2A985366FA89397051473 /* Then.swift in Sources */ = {isa = PBXBuildFile; fileRef = 22FC8D0CBB61FB64CB942549 /* Then.swift */; };
		BA1CE8E323D99B0144FE3567 /* Calendar+Extensions.swift in Sources */ = {isa = PBXBuildFile; fileRef = 7EF322496F1F53970CC96518 /* Calendar+Extensions.swift */; };
		BE16DEB4D48E0B0C1D68A6CD /* Date+ExtensionsTests.swift in Sources */ = {isa = PBXBuildFile; fileRef = BF6DDBC779E4D913ACA25B16 /* Date+ExtensionsTests.swift */; };
		BFF12211B13547E1867993E7 /* OrderedDictionary.swift in Sources */ = {isa = PBXBuildFile; fileRef = 03FAE59D51ED3583DA3B609D /* OrderedDictionary.swift */; };
		C487BD05E804B793DD1196E0 /* SequenceType+Extensions.swift in Sources */ = {isa = PBXBuildFile; fileRef = 0B7F453FF386C846673F6214 /* SequenceType+Extensions.swift */; };
		CB456DA0070DFC0BFA69EA2D /* String+Extensions.swift in Sources */ = {isa = PBXBuildFile; fileRef = 5F69E8D5A0C4684751F95327 /* String+Extensions.swift */; };
		D0CCD0E1B19795FE26EB9448 /* TimeZone+Extensions.swift in Sources */ = {isa = PBXBuildFile; fileRef = 5ECF61AE1956B370C04E325A /* TimeZone+Extensions.swift */; };
		DA1A06C00E69D7A1583364B6 /* Collection+Extensions.swift in Sources */ = {isa = PBXBuildFile; fileRef = B5B53EDD728B1CF1D4E89939 /* Collection+Extensions.swift */; };
		DAF41784AC1293033FE32140 /* DispatchQueue+ExtensionsTests.swift in Sources */ = {isa = PBXBuildFile; fileRef = 08C4F82EF61C695A45F47613 /* DispatchQueue+ExtensionsTests.swift */; };
		DE523C0F6037A38C423C0423 /* ChouTi.framework in Embed Frameworks */ = {isa = PBXBuildFile; fileRef = B03C278B667CA774FC4F0E5E /* ChouTi.framework */; settings = {ATTRIBUTES = (CodeSignOnCopy, RemoveHeadersOnCopy, ); }; };
		E588AA102D86A5B087425895 /* Then.swift in Sources */ = {isa = PBXBuildFile; fileRef = 22FC8D0CBB61FB64CB942549 /* Then.swift */; };
		E6C020097F57B055D577CD5E /* String+ExtensionsTests.swift in Sources */ = {isa = PBXBuildFile; fileRef = E794B101CD521727AB0A692C /* String+ExtensionsTests.swift */; };
		E78ECAED221A92258472B28D /* Dictionary+Extensions.swift in Sources */ = {isa = PBXBuildFile; fileRef = E6B50A1EB7180C9716D524A6 /* Dictionary+Extensions.swift */; };
		F025F7460F65E6A9092DE81F /* CGRect+Extensions.swift in Sources */ = {isa = PBXBuildFile; fileRef = 131A3B3E5F121255838B0DBC /* CGRect+Extensions.swift */; };
		F4CB71F4ACCACD78D3EEF3B9 /* Dictionary+ExtensionsTests.swift in Sources */ = {isa = PBXBuildFile; fileRef = E562031C69CF71F592DB9425 /* Dictionary+ExtensionsTests.swift */; };
		F87407A853E6D3A5F2A33924 /* OperatorsTests.swift in Sources */ = {isa = PBXBuildFile; fileRef = 29E33BF0C846E2055C9E1429 /* OperatorsTests.swift */; };
		FDA995EAFAE74A1B080325B4 /* Resource.swift in Sources */ = {isa = PBXBuildFile; fileRef = EE11EEC2648E5B04FA6897D4 /* Resource.swift */; };
		FF98BD650DF4AE68598A5388 /* Optional+Extensions.swift in Sources */ = {isa = PBXBuildFile; fileRef = 2DF2919F5A8B58BB785BA293 /* Optional+Extensions.swift */; };
/* End PBXBuildFile section */

/* Begin PBXContainerItemProxy section */
		14D187487F8A828B33110981 /* PBXContainerItemProxy */ = {
			isa = PBXContainerItemProxy;
			containerPortal = EE280F6749ED2CAEBA47DFC1 /* Project object */;
			proxyType = 1;
			remoteGlobalIDString = 5AD508271E214B89F20BA749;
			remoteInfo = ChouTi_iOS;
		};
		BFD22400F574199D873D9C31 /* PBXContainerItemProxy */ = {
			isa = PBXContainerItemProxy;
			containerPortal = EE280F6749ED2CAEBA47DFC1 /* Project object */;
			proxyType = 1;
			remoteGlobalIDString = 3E56DD08A86A01FCF7272A20;
			remoteInfo = ChouTi_tvOS;
		};
/* End PBXContainerItemProxy section */

/* Begin PBXCopyFilesBuildPhase section */
		CD0789599651B250EF82C8D1 /* Embed Frameworks */ = {
			isa = PBXCopyFilesBuildPhase;
			buildActionMask = 2147483647;
			dstPath = "";
			dstSubfolderSpec = 10;
			files = (
				DE523C0F6037A38C423C0423 /* ChouTi.framework in Embed Frameworks */,
				5042856DD2698035C1421C5B /* Nimble.framework in Embed Frameworks */,
				658594BFB48C1C232DD817E9 /* Quick.framework in Embed Frameworks */,
			);
			name = "Embed Frameworks";
			runOnlyForDeploymentPostprocessing = 0;
		};
		E79CF620A184D7FF0FD276BF /* Embed Frameworks */ = {
			isa = PBXCopyFilesBuildPhase;
			buildActionMask = 2147483647;
			dstPath = "";
			dstSubfolderSpec = 10;
			files = (
				12102479A3D0EA9BA8A460D1 /* ChouTi.framework in Embed Frameworks */,
				56ADD8CAEAE068793B6B9635 /* Nimble.framework in Embed Frameworks */,
				6560178BFE5C7F3C06707CBB /* Quick.framework in Embed Frameworks */,
			);
			name = "Embed Frameworks";
			runOnlyForDeploymentPostprocessing = 0;
		};
/* End PBXCopyFilesBuildPhase section */

/* Begin PBXFileReference section */
		00AA32AFD35F51E75164CEF6 /* ChouTi.framework */ = {isa = PBXFileReference; explicitFileType = wrapper.framework; includeInIndex = 0; path = ChouTi.framework; sourceTree = BUILT_PRODUCTS_DIR; };
		0149439EF887B52B49068F87 /* Decimal+Extensions.swift */ = {isa = PBXFileReference; lastKnownFileType = sourcecode.swift; path = "Decimal+Extensions.swift"; sourceTree = "<group>"; };
		03FAE59D51ED3583DA3B609D /* OrderedDictionary.swift */ = {isa = PBXFileReference; lastKnownFileType = sourcecode.swift; path = OrderedDictionary.swift; sourceTree = "<group>"; };
		04B13B1D85478FC9ACEEFFE5 /* StructWrapper.swift */ = {isa = PBXFileReference; lastKnownFileType = sourcecode.swift; path = StructWrapper.swift; sourceTree = "<group>"; };
		08C4F82EF61C695A45F47613 /* DispatchQueue+ExtensionsTests.swift */ = {isa = PBXFileReference; lastKnownFileType = sourcecode.swift; path = "DispatchQueue+ExtensionsTests.swift"; sourceTree = "<group>"; };
		0B7F453FF386C846673F6214 /* SequenceType+Extensions.swift */ = {isa = PBXFileReference; lastKnownFileType = sourcecode.swift; path = "SequenceType+Extensions.swift"; sourceTree = "<group>"; };
		0C8413A8B32DD08548F50BFA /* Queue.swift */ = {isa = PBXFileReference; lastKnownFileType = sourcecode.swift; path = Queue.swift; sourceTree = "<group>"; };
		0D4E81FE0F8F21596D215C66 /* CGPoint+Extensions.swift */ = {isa = PBXFileReference; lastKnownFileType = sourcecode.swift; path = "CGPoint+Extensions.swift"; sourceTree = "<group>"; };
		10E7DBAA34E7212F7141FB31 /* DispatchQueue+Extensions.swift */ = {isa = PBXFileReference; lastKnownFileType = sourcecode.swift; path = "DispatchQueue+Extensions.swift"; sourceTree = "<group>"; };
		11988C179CDAFD6763215586 /* OrderedDictionaryTests.swift */ = {isa = PBXFileReference; lastKnownFileType = sourcecode.swift; path = OrderedDictionaryTests.swift; sourceTree = "<group>"; };
		131A3B3E5F121255838B0DBC /* CGRect+Extensions.swift */ = {isa = PBXFileReference; lastKnownFileType = sourcecode.swift; path = "CGRect+Extensions.swift"; sourceTree = "<group>"; };
		165D8791AEBAE1E245914DA4 /* DelayTaskTests.swift */ = {isa = PBXFileReference; lastKnownFileType = sourcecode.swift; path = DelayTaskTests.swift; sourceTree = "<group>"; };
		22FC8D0CBB61FB64CB942549 /* Then.swift */ = {isa = PBXFileReference; lastKnownFileType = sourcecode.swift; path = Then.swift; sourceTree = "<group>"; };
		29E33BF0C846E2055C9E1429 /* OperatorsTests.swift */ = {isa = PBXFileReference; lastKnownFileType = sourcecode.swift; path = OperatorsTests.swift; sourceTree = "<group>"; };
		2A9EAFE16F428E0E32312DA1 /* ChouTiTest.xctest */ = {isa = PBXFileReference; includeInIndex = 0; lastKnownFileType = wrapper.cfbundle; path = ChouTiTest.xctest; sourceTree = BUILT_PRODUCTS_DIR; };
		2DF2919F5A8B58BB785BA293 /* Optional+Extensions.swift */ = {isa = PBXFileReference; lastKnownFileType = sourcecode.swift; path = "Optional+Extensions.swift"; sourceTree = "<group>"; };
		32726C881C237DC232241A14 /* DispatchQueue+Once.swift */ = {isa = PBXFileReference; lastKnownFileType = sourcecode.swift; path = "DispatchQueue+Once.swift"; sourceTree = "<group>"; };
		332CEF2A20BFC7CB667CB3D7 /* NSObject+Observation.swift */ = {isa = PBXFileReference; lastKnownFileType = sourcecode.swift; path = "NSObject+Observation.swift"; sourceTree = "<group>"; };
		36C8FB897EAF4D91623EBDA8 /* NSObject+AssociatedObjectTests.swift */ = {isa = PBXFileReference; lastKnownFileType = sourcecode.swift; path = "NSObject+AssociatedObjectTests.swift"; sourceTree = "<group>"; };
		3B31071F4D35637B66528237 /* NSObject+AssociatedObject.swift */ = {isa = PBXFileReference; lastKnownFileType = sourcecode.swift; path = "NSObject+AssociatedObject.swift"; sourceTree = "<group>"; };
		4D0D58E15D9A02BB3B728B56 /* Math.swift */ = {isa = PBXFileReference; lastKnownFileType = sourcecode.swift; path = Math.swift; sourceTree = "<group>"; };
		585545A359A86FC5077E83E7 /* Calendar+ExtensionsTests.swift */ = {isa = PBXFileReference; lastKnownFileType = sourcecode.swift; path = "Calendar+ExtensionsTests.swift"; sourceTree = "<group>"; };
		5ECF61AE1956B370C04E325A /* TimeZone+Extensions.swift */ = {isa = PBXFileReference; lastKnownFileType = sourcecode.swift; path = "TimeZone+Extensions.swift"; sourceTree = "<group>"; };
		5F69E8D5A0C4684751F95327 /* String+Extensions.swift */ = {isa = PBXFileReference; lastKnownFileType = sourcecode.swift; path = "String+Extensions.swift"; sourceTree = "<group>"; };
		7EF322496F1F53970CC96518 /* Calendar+Extensions.swift */ = {isa = PBXFileReference; lastKnownFileType = sourcecode.swift; path = "Calendar+Extensions.swift"; sourceTree = "<group>"; };
		80F0CA4B49BFFD758E4FEE24 /* Quick.framework */ = {isa = PBXFileReference; lastKnownFileType = wrapper.framework; path = Quick.framework; sourceTree = "<group>"; };
		91739BDAFB96E13E62AAA708 /* Decimal+ExtensionsTests.swift */ = {isa = PBXFileReference; lastKnownFileType = sourcecode.swift; path = "Decimal+ExtensionsTests.swift"; sourceTree = "<group>"; };
		99D31454F14AA0B76891A988 /* Operators.swift */ = {isa = PBXFileReference; lastKnownFileType = sourcecode.swift; path = Operators.swift; sourceTree = "<group>"; };
		9A377427401FFEC8EAD21E19 /* DateFormatter+Extensions.swift */ = {isa = PBXFileReference; lastKnownFileType = sourcecode.swift; path = "DateFormatter+Extensions.swift"; sourceTree = "<group>"; };
		A48B9409E1A4E03FD407CE35 /* Nimble.framework */ = {isa = PBXFileReference; lastKnownFileType = wrapper.framework; path = Nimble.framework; sourceTree = "<group>"; };
		A67710A7F38D5EC48E70EAE9 /* DelayedTask.swift */ = {isa = PBXFileReference; lastKnownFileType = sourcecode.swift; path = DelayedTask.swift; sourceTree = "<group>"; };
		A9BDEDE850A5BCB023EC2678 /* ChouTiTest.xctest */ = {isa = PBXFileReference; includeInIndex = 0; lastKnownFileType = wrapper.cfbundle; path = ChouTiTest.xctest; sourceTree = BUILT_PRODUCTS_DIR; };
		AA7EF84A209EBF0309E7555D /* Quick.framework */ = {isa = PBXFileReference; lastKnownFileType = wrapper.framework; path = Quick.framework; sourceTree = "<group>"; };
		AAA767FDEA10F97E06DBA594 /* NSRegularExpression+Extensions.swift */ = {isa = PBXFileReference; lastKnownFileType = sourcecode.swift; path = "NSRegularExpression+Extensions.swift"; sourceTree = "<group>"; };
		B03C278B667CA774FC4F0E5E /* ChouTi.framework */ = {isa = PBXFileReference; explicitFileType = wrapper.framework; includeInIndex = 0; path = ChouTi.framework; sourceTree = BUILT_PRODUCTS_DIR; };
		B5B53EDD728B1CF1D4E89939 /* Collection+Extensions.swift */ = {isa = PBXFileReference; lastKnownFileType = sourcecode.swift; path = "Collection+Extensions.swift"; sourceTree = "<group>"; };
		BF6DDBC779E4D913ACA25B16 /* Date+ExtensionsTests.swift */ = {isa = PBXFileReference; lastKnownFileType = sourcecode.swift; path = "Date+ExtensionsTests.swift"; sourceTree = "<group>"; };
		D1854B06CFF70B3A498CCFDB /* CGContext+Extensions.swift */ = {isa = PBXFileReference; lastKnownFileType = sourcecode.swift; path = "CGContext+Extensions.swift"; sourceTree = "<group>"; };
		D40C233B51285BE0F2AABD28 /* CIImageFilter.swift */ = {isa = PBXFileReference; lastKnownFileType = sourcecode.swift; path = CIImageFilter.swift; sourceTree = "<group>"; };
		DA45F72CBB27462657E55CF8 /* Nimble.framework */ = {isa = PBXFileReference; lastKnownFileType = wrapper.framework; path = Nimble.framework; sourceTree = "<group>"; };
		DF93FF5F1EC0D6764A88DFC2 /* Numbers+Extensions.swift */ = {isa = PBXFileReference; lastKnownFileType = sourcecode.swift; path = "Numbers+Extensions.swift"; sourceTree = "<group>"; };
		E4E5D01158E883F032FA529F /* SequenceType+ExtensionsTests.swift */ = {isa = PBXFileReference; lastKnownFileType = sourcecode.swift; path = "SequenceType+ExtensionsTests.swift"; sourceTree = "<group>"; };
		E562031C69CF71F592DB9425 /* Dictionary+ExtensionsTests.swift */ = {isa = PBXFileReference; lastKnownFileType = sourcecode.swift; path = "Dictionary+ExtensionsTests.swift"; sourceTree = "<group>"; };
		E6B50A1EB7180C9716D524A6 /* Dictionary+Extensions.swift */ = {isa = PBXFileReference; lastKnownFileType = sourcecode.swift; path = "Dictionary+Extensions.swift"; sourceTree = "<group>"; };
		E794B101CD521727AB0A692C /* String+ExtensionsTests.swift */ = {isa = PBXFileReference; lastKnownFileType = sourcecode.swift; path = "String+ExtensionsTests.swift"; sourceTree = "<group>"; };
		EBD84F97EB2ADF03411498CD /* QueueTests.swift */ = {isa = PBXFileReference; lastKnownFileType = sourcecode.swift; path = QueueTests.swift; sourceTree = "<group>"; };
		ED5E427D0101E08A2153C2D0 /* CollectionType+ExtensionsTests.swift */ = {isa = PBXFileReference; lastKnownFileType = sourcecode.swift; path = "CollectionType+ExtensionsTests.swift"; sourceTree = "<group>"; };
		EE11EEC2648E5B04FA6897D4 /* Resource.swift */ = {isa = PBXFileReference; lastKnownFileType = sourcecode.swift; path = Resource.swift; sourceTree = "<group>"; };
		FA89DE0C8FF15CF394D35172 /* Date+Extensions.swift */ = {isa = PBXFileReference; lastKnownFileType = sourcecode.swift; path = "Date+Extensions.swift"; sourceTree = "<group>"; };
/* End PBXFileReference section */

/* Begin PBXFrameworksBuildPhase section */
		15E3704F5ED1E3510ABBE8D4 /* Frameworks */ = {
			isa = PBXFrameworksBuildPhase;
			buildActionMask = 2147483647;
			files = (
				458F666FD48E8E8E634A0033 /* ChouTi.framework in Frameworks */,
				1C59C6C55981FB3F7C1776D4 /* Quick.framework in Frameworks */,
				6F2AF0EC253CDF03D84E9B3D /* Nimble.framework in Frameworks */,
			);
			runOnlyForDeploymentPostprocessing = 0;
		};
		F76F22CDD771FF85EC935250 /* Frameworks */ = {
			isa = PBXFrameworksBuildPhase;
			buildActionMask = 2147483647;
			files = (
				2574D329A7BEE67A2B5AB6D1 /* ChouTi.framework in Frameworks */,
				3CA896503A810051FCC61FC6 /* Quick.framework in Frameworks */,
				489B9A8709061CF36737BFB0 /* Nimble.framework in Frameworks */,
			);
			runOnlyForDeploymentPostprocessing = 0;
		};
/* End PBXFrameworksBuildPhase section */

/* Begin PBXGroup section */
		0560BC2740DD9D7F7EFDF3EA /* Extensions */ = {
			isa = PBXGroup;
			children = (
				585545A359A86FC5077E83E7 /* Calendar+ExtensionsTests.swift */,
				ED5E427D0101E08A2153C2D0 /* CollectionType+ExtensionsTests.swift */,
				BF6DDBC779E4D913ACA25B16 /* Date+ExtensionsTests.swift */,
				91739BDAFB96E13E62AAA708 /* Decimal+ExtensionsTests.swift */,
				E562031C69CF71F592DB9425 /* Dictionary+ExtensionsTests.swift */,
				08C4F82EF61C695A45F47613 /* DispatchQueue+ExtensionsTests.swift */,
				36C8FB897EAF4D91623EBDA8 /* NSObject+AssociatedObjectTests.swift */,
				E4E5D01158E883F032FA529F /* SequenceType+ExtensionsTests.swift */,
				E794B101CD521727AB0A692C /* String+ExtensionsTests.swift */,
			);
			path = Extensions;
			sourceTree = "<group>";
		};
		2F44C8352600E1B8554833CC /* tvOS */ = {
			isa = PBXGroup;
			children = (
				A48B9409E1A4E03FD407CE35 /* Nimble.framework */,
				80F0CA4B49BFFD758E4FEE24 /* Quick.framework */,
			);
			path = tvOS;
			sourceTree = "<group>";
		};
		33E3C595108A3D33FD8A074D /* Carthage */ = {
			isa = PBXGroup;
			children = (
				6EA06BA98D98E126322990B6 /* iOS */,
				2F44C8352600E1B8554833CC /* tvOS */,
			);
			name = Carthage;
			path = Carthage/Build;
			sourceTree = "<group>";
		};
		49B5F230FC7F86305D5F100B /* CIImageFilter */ = {
			isa = PBXGroup;
			children = (
				D40C233B51285BE0F2AABD28 /* CIImageFilter.swift */,
			);
			path = CIImageFilter;
			sourceTree = "<group>";
		};
		6EA06BA98D98E126322990B6 /* iOS */ = {
			isa = PBXGroup;
			children = (
				DA45F72CBB27462657E55CF8 /* Nimble.framework */,
				AA7EF84A209EBF0309E7555D /* Quick.framework */,
			);
			path = iOS;
			sourceTree = "<group>";
		};
		76E50AAC140C2425033A5546 /* Frameworks */ = {
			isa = PBXGroup;
			children = (
				33E3C595108A3D33FD8A074D /* Carthage */,
			);
			name = Frameworks;
			sourceTree = "<group>";
		};
		89D2C2BD3EC3D221849B498C = {
			isa = PBXGroup;
			children = (
				C66A0E6DB77641A905B5B664 /* Sources */,
				D3D633F1BDF230FF21AC450F /* Tests */,
				76E50AAC140C2425033A5546 /* Frameworks */,
				E5B2B8E1BA7B2994C0876A77 /* Products */,
			);
			indentWidth = 2;
			sourceTree = "<group>";
			usesTabs = 0;
		};
		8DCB6A7C1A17CCD34F4E225C /* DataStructures */ = {
			isa = PBXGroup;
			children = (
				03FAE59D51ED3583DA3B609D /* OrderedDictionary.swift */,
				0C8413A8B32DD08548F50BFA /* Queue.swift */,
			);
			path = DataStructures;
			sourceTree = "<group>";
		};
		C66A0E6DB77641A905B5B664 /* Sources */ = {
			isa = PBXGroup;
			children = (
				A67710A7F38D5EC48E70EAE9 /* DelayedTask.swift */,
				4D0D58E15D9A02BB3B728B56 /* Math.swift */,
				99D31454F14AA0B76891A988 /* Operators.swift */,
				EE11EEC2648E5B04FA6897D4 /* Resource.swift */,
				04B13B1D85478FC9ACEEFFE5 /* StructWrapper.swift */,
				22FC8D0CBB61FB64CB942549 /* Then.swift */,
				49B5F230FC7F86305D5F100B /* CIImageFilter */,
				8DCB6A7C1A17CCD34F4E225C /* DataStructures */,
				DCBB277BD28085023CBD4DC6 /* Extensions */,
			);
			path = Sources;
			sourceTree = "<group>";
		};
		D3D633F1BDF230FF21AC450F /* Tests */ = {
			isa = PBXGroup;
			children = (
				165D8791AEBAE1E245914DA4 /* DelayTaskTests.swift */,
				29E33BF0C846E2055C9E1429 /* OperatorsTests.swift */,
				EB5270D96AA6EDE51D71C68E /* DataStructure */,
				0560BC2740DD9D7F7EFDF3EA /* Extensions */,
			);
			path = Tests;
			sourceTree = "<group>";
		};
		DCBB277BD28085023CBD4DC6 /* Extensions */ = {
			isa = PBXGroup;
			children = (
				7EF322496F1F53970CC96518 /* Calendar+Extensions.swift */,
				D1854B06CFF70B3A498CCFDB /* CGContext+Extensions.swift */,
				0D4E81FE0F8F21596D215C66 /* CGPoint+Extensions.swift */,
				131A3B3E5F121255838B0DBC /* CGRect+Extensions.swift */,
				B5B53EDD728B1CF1D4E89939 /* Collection+Extensions.swift */,
				FA89DE0C8FF15CF394D35172 /* Date+Extensions.swift */,
				9A377427401FFEC8EAD21E19 /* DateFormatter+Extensions.swift */,
				0149439EF887B52B49068F87 /* Decimal+Extensions.swift */,
				E6B50A1EB7180C9716D524A6 /* Dictionary+Extensions.swift */,
				10E7DBAA34E7212F7141FB31 /* DispatchQueue+Extensions.swift */,
				32726C881C237DC232241A14 /* DispatchQueue+Once.swift */,
				3B31071F4D35637B66528237 /* NSObject+AssociatedObject.swift */,
				332CEF2A20BFC7CB667CB3D7 /* NSObject+Observation.swift */,
				AAA767FDEA10F97E06DBA594 /* NSRegularExpression+Extensions.swift */,
				DF93FF5F1EC0D6764A88DFC2 /* Numbers+Extensions.swift */,
				2DF2919F5A8B58BB785BA293 /* Optional+Extensions.swift */,
				0B7F453FF386C846673F6214 /* SequenceType+Extensions.swift */,
				5F69E8D5A0C4684751F95327 /* String+Extensions.swift */,
				5ECF61AE1956B370C04E325A /* TimeZone+Extensions.swift */,
			);
			path = Extensions;
			sourceTree = "<group>";
		};
		E5B2B8E1BA7B2994C0876A77 /* Products */ = {
			isa = PBXGroup;
			children = (
				00AA32AFD35F51E75164CEF6 /* ChouTi.framework */,
				B03C278B667CA774FC4F0E5E /* ChouTi.framework */,
				A9BDEDE850A5BCB023EC2678 /* ChouTiTest.xctest */,
				2A9EAFE16F428E0E32312DA1 /* ChouTiTest.xctest */,
			);
			name = Products;
			sourceTree = "<group>";
		};
		EB5270D96AA6EDE51D71C68E /* DataStructure */ = {
			isa = PBXGroup;
			children = (
				11988C179CDAFD6763215586 /* OrderedDictionaryTests.swift */,
				EBD84F97EB2ADF03411498CD /* QueueTests.swift */,
			);
			path = DataStructure;
			sourceTree = "<group>";
		};
/* End PBXGroup section */

/* Begin PBXNativeTarget section */
		31C5E4454AB31D84A97AE3DC /* ChouTiTest_iOS */ = {
			isa = PBXNativeTarget;
			buildConfigurationList = 56F3C4620450135FD5D03FED /* Build configuration list for PBXNativeTarget "ChouTiTest_iOS" */;
			buildPhases = (
				4379E2A5312350EE5A62BB28 /* Sources */,
				15E3704F5ED1E3510ABBE8D4 /* Frameworks */,
				E79CF620A184D7FF0FD276BF /* Embed Frameworks */,
			);
			buildRules = (
			);
			dependencies = (
				789D7889FAD65510A1560114 /* PBXTargetDependency */,
			);
			name = ChouTiTest_iOS;
			productName = ChouTiTest_iOS;
			productReference = A9BDEDE850A5BCB023EC2678 /* ChouTiTest.xctest */;
			productType = "com.apple.product-type.bundle.unit-test";
		};
		3E56DD08A86A01FCF7272A20 /* ChouTi_tvOS */ = {
			isa = PBXNativeTarget;
			buildConfigurationList = 1240CC35736B84F4A01E6035 /* Build configuration list for PBXNativeTarget "ChouTi_tvOS" */;
			buildPhases = (
				A82EBAF0FDF90B65F7192BAB /* Sources */,
			);
			buildRules = (
			);
			dependencies = (
			);
			name = ChouTi_tvOS;
			productName = ChouTi_tvOS;
			productReference = B03C278B667CA774FC4F0E5E /* ChouTi.framework */;
			productType = "com.apple.product-type.framework";
		};
		5AD508271E214B89F20BA749 /* ChouTi_iOS */ = {
			isa = PBXNativeTarget;
			buildConfigurationList = 5EFC6F4BE88AF304D378C230 /* Build configuration list for PBXNativeTarget "ChouTi_iOS" */;
			buildPhases = (
				472A9A70973F68DFC7DEE35D /* Sources */,
			);
			buildRules = (
			);
			dependencies = (
			);
			name = ChouTi_iOS;
			productName = ChouTi_iOS;
			productReference = 00AA32AFD35F51E75164CEF6 /* ChouTi.framework */;
			productType = "com.apple.product-type.framework";
		};
		EB6BFBDDCF3AC06ADDA2AF94 /* ChouTiTest_tvOS */ = {
			isa = PBXNativeTarget;
			buildConfigurationList = 8B636BE04DA74FFD69FBDA5E /* Build configuration list for PBXNativeTarget "ChouTiTest_tvOS" */;
			buildPhases = (
				B67BC31B9745A4D0560DB0E3 /* Sources */,
				F76F22CDD771FF85EC935250 /* Frameworks */,
				CD0789599651B250EF82C8D1 /* Embed Frameworks */,
			);
			buildRules = (
			);
			dependencies = (
				903D9F1B0040E650AEA66822 /* PBXTargetDependency */,
			);
			name = ChouTiTest_tvOS;
			productName = ChouTiTest_tvOS;
			productReference = 2A9EAFE16F428E0E32312DA1 /* ChouTiTest.xctest */;
			productType = "com.apple.product-type.bundle.unit-test";
		};
/* End PBXNativeTarget section */

/* Begin PBXProject section */
		EE280F6749ED2CAEBA47DFC1 /* Project object */ = {
			isa = PBXProject;
			attributes = {
				LastUpgradeCheck = 1020;
			};
			buildConfigurationList = 0C2B0FD1CF021798C87A43D8 /* Build configuration list for PBXProject "ChouTi" */;
			compatibilityVersion = "Xcode 10.0";
			developmentRegion = en;
			hasScannedForEncodings = 0;
			knownRegions = (
				en,
			);
			mainGroup = 89D2C2BD3EC3D221849B498C;
			projectDirPath = "";
			projectRoot = "";
			targets = (
				31C5E4454AB31D84A97AE3DC /* ChouTiTest_iOS */,
				EB6BFBDDCF3AC06ADDA2AF94 /* ChouTiTest_tvOS */,
				5AD508271E214B89F20BA749 /* ChouTi_iOS */,
				3E56DD08A86A01FCF7272A20 /* ChouTi_tvOS */,
			);
		};
/* End PBXProject section */

/* Begin PBXSourcesBuildPhase section */
		4379E2A5312350EE5A62BB28 /* Sources */ = {
			isa = PBXSourcesBuildPhase;
			buildActionMask = 2147483647;
			files = (
				19ACC4FFBEE01AEB196C1725 /* Calendar+ExtensionsTests.swift in Sources */,
				58AB616AF6E266B3C1894C1B /* CollectionType+ExtensionsTests.swift in Sources */,
				372878AF50625372A8730034 /* Date+ExtensionsTests.swift in Sources */,
				1D873CBB0D05761286007444 /* Decimal+ExtensionsTests.swift in Sources */,
				5248AF76A09F7E9B03264E21 /* DelayTaskTests.swift in Sources */,
				F4CB71F4ACCACD78D3EEF3B9 /* Dictionary+ExtensionsTests.swift in Sources */,
				A066B71648F4ABD6DCED1717 /* DispatchQueue+ExtensionsTests.swift in Sources */,
				64FF6DC51052ADF0D3E33E33 /* NSObject+AssociatedObjectTests.swift in Sources */,
				F87407A853E6D3A5F2A33924 /* OperatorsTests.swift in Sources */,
				372BC505521660174480EA66 /* OrderedDictionaryTests.swift in Sources */,
				A69829486B23EBDC373E8312 /* QueueTests.swift in Sources */,
				896FFE536802D0FFC2E00B95 /* SequenceType+ExtensionsTests.swift in Sources */,
				E6C020097F57B055D577CD5E /* String+ExtensionsTests.swift in Sources */,
			);
			runOnlyForDeploymentPostprocessing = 0;
		};
		472A9A70973F68DFC7DEE35D /* Sources */ = {
			isa = PBXSourcesBuildPhase;
			buildActionMask = 2147483647;
			files = (
				74379FB1E27126AF847F4113 /* CGContext+Extensions.swift in Sources */,
				0129E5A2B53DF9950AA328B0 /* CGPoint+Extensions.swift in Sources */,
				F025F7460F65E6A9092DE81F /* CGRect+Extensions.swift in Sources */,
				5A252ED7E250B6C1B3CFB52D /* CIImageFilter.swift in Sources */,
				BA1CE8E323D99B0144FE3567 /* Calendar+Extensions.swift in Sources */,
				A92E8A87516F3DB83AD1B2AD /* Collection+Extensions.swift in Sources */,
				1F05479BA50E0D69AD44BFFF /* Date+Extensions.swift in Sources */,
				3B824DD1C205AB1E60F8E227 /* DateFormatter+Extensions.swift in Sources */,
				6454F9B8A7EB912B481AEDCC /* Decimal+Extensions.swift in Sources */,
				5B11DFD69EE47B8A7F034D7D /* DelayedTask.swift in Sources */,
				E78ECAED221A92258472B28D /* Dictionary+Extensions.swift in Sources */,
				181CB04E7A1B7E64A1E849D1 /* DispatchQueue+Extensions.swift in Sources */,
				7F71549536E8AB3B73F4593F /* DispatchQueue+Once.swift in Sources */,
				5F4C38A8D2F4D5B296A3E70E /* Math.swift in Sources */,
				870D93A399DB1E3ED55E64DD /* NSObject+AssociatedObject.swift in Sources */,
				1F6C46C31EAAE278D98002A4 /* NSObject+Observation.swift in Sources */,
				80766D6AE4BC07DB380561FC /* NSRegularExpression+Extensions.swift in Sources */,
				4FB97E90B0E1FDF354D9CB0F /* Numbers+Extensions.swift in Sources */,
				2094A27298B6C12772218261 /* Operators.swift in Sources */,
				FF98BD650DF4AE68598A5388 /* Optional+Extensions.swift in Sources */,
				A549903995097C3CADA723FF /* OrderedDictionary.swift in Sources */,
				2E6BDC0E1160E238E79C8115 /* Queue.swift in Sources */,
				6C1D755A56277240E62143EC /* Resource.swift in Sources */,
				C487BD05E804B793DD1196E0 /* SequenceType+Extensions.swift in Sources */,
				9FB11C8E058AF6E38EE913AF /* String+Extensions.swift in Sources */,
				30C0BFF74D3ADDE5E5F1AF28 /* StructWrapper.swift in Sources */,
				ACA2A985366FA89397051473 /* Then.swift in Sources */,
				D0CCD0E1B19795FE26EB9448 /* TimeZone+Extensions.swift in Sources */,
			);
			runOnlyForDeploymentPostprocessing = 0;
		};
		A82EBAF0FDF90B65F7192BAB /* Sources */ = {
			isa = PBXSourcesBuildPhase;
			buildActionMask = 2147483647;
			files = (
				5F6C161940CD626765D460CE /* CGContext+Extensions.swift in Sources */,
				945DEF51CD62F616AEA76C14 /* CGPoint+Extensions.swift in Sources */,
				84B3136C81264ECF2411258A /* CGRect+Extensions.swift in Sources */,
				2588A07BE23372A2AAFB9149 /* CIImageFilter.swift in Sources */,
				908979387EB896F95A15620C /* Calendar+Extensions.swift in Sources */,
				DA1A06C00E69D7A1583364B6 /* Collection+Extensions.swift in Sources */,
				1D518A5EE625122823CD1C2B /* Date+Extensions.swift in Sources */,
				1DA143CAB3D7B7D2A20F0986 /* DateFormatter+Extensions.swift in Sources */,
				67A6539A4508FBC7215B1DA9 /* Decimal+Extensions.swift in Sources */,
				04E8BC255BB174E0D2FCC41F /* DelayedTask.swift in Sources */,
				85146951FDD4FABB7264948E /* Dictionary+Extensions.swift in Sources */,
				6CCB8C9A03F9B1C2206F7F9F /* DispatchQueue+Extensions.swift in Sources */,
				4D9DDB8B304B5A84CE81FE04 /* DispatchQueue+Once.swift in Sources */,
				ABA00CB3FC87E4F79F2FE7CA /* Math.swift in Sources */,
				480DA9FFBC613D579F6AD6AD /* NSObject+AssociatedObject.swift in Sources */,
				0B9AEAAA9EC38631D42CF6EC /* NSObject+Observation.swift in Sources */,
				544B32DFA8BE426F6316EB61 /* NSRegularExpression+Extensions.swift in Sources */,
				1105D50981F5EBD1453C376F /* Numbers+Extensions.swift in Sources */,
				1F47AFCABC3A9483EB265C2E /* Operators.swift in Sources */,
				56FA4603488B064F974498D3 /* Optional+Extensions.swift in Sources */,
				BFF12211B13547E1867993E7 /* OrderedDictionary.swift in Sources */,
				A0D092BB344390ED5FEC457C /* Queue.swift in Sources */,
				FDA995EAFAE74A1B080325B4 /* Resource.swift in Sources */,
				4F6C52B13CC59894B6AA15D4 /* SequenceType+Extensions.swift in Sources */,
				CB456DA0070DFC0BFA69EA2D /* String+Extensions.swift in Sources */,
				9A611C846F0901047DF98438 /* StructWrapper.swift in Sources */,
				E588AA102D86A5B087425895 /* Then.swift in Sources */,
				9BA21011228C98E5A1111C08 /* TimeZone+Extensions.swift in Sources */,
			);
			runOnlyForDeploymentPostprocessing = 0;
		};
		B67BC31B9745A4D0560DB0E3 /* Sources */ = {
			isa = PBXSourcesBuildPhase;
			buildActionMask = 2147483647;
			files = (
				8823C0A7DD4550D75AE58D75 /* Calendar+ExtensionsTests.swift in Sources */,
				A041608E9B4321B25AA160EC /* CollectionType+ExtensionsTests.swift in Sources */,
				BE16DEB4D48E0B0C1D68A6CD /* Date+ExtensionsTests.swift in Sources */,
				7506776C6B6DCC0A0350A332 /* Decimal+ExtensionsTests.swift in Sources */,
				4DB7BAB0C416B7EBE9C423B4 /* DelayTaskTests.swift in Sources */,
				86CF3894498CBF28EA6D9DC6 /* Dictionary+ExtensionsTests.swift in Sources */,
				DAF41784AC1293033FE32140 /* DispatchQueue+ExtensionsTests.swift in Sources */,
				85A522F74CB1C0E244C3BBC5 /* NSObject+AssociatedObjectTests.swift in Sources */,
				5A91FC5817BCA1D4E2D88ECC /* OperatorsTests.swift in Sources */,
				2262E65894F890785ECE7B74 /* OrderedDictionaryTests.swift in Sources */,
				1CA182AEBBC1777FAA538AA1 /* QueueTests.swift in Sources */,
				3F186533A21DD982AC48F8DC /* SequenceType+ExtensionsTests.swift in Sources */,
				92ACE7CE0AC60BD3850163CC /* String+ExtensionsTests.swift in Sources */,
			);
			runOnlyForDeploymentPostprocessing = 0;
		};
/* End PBXSourcesBuildPhase section */

/* Begin PBXTargetDependency section */
		789D7889FAD65510A1560114 /* PBXTargetDependency */ = {
			isa = PBXTargetDependency;
			target = 5AD508271E214B89F20BA749 /* ChouTi_iOS */;
			targetProxy = 14D187487F8A828B33110981 /* PBXContainerItemProxy */;
		};
		903D9F1B0040E650AEA66822 /* PBXTargetDependency */ = {
			isa = PBXTargetDependency;
			target = 3E56DD08A86A01FCF7272A20 /* ChouTi_tvOS */;
			targetProxy = BFD22400F574199D873D9C31 /* PBXContainerItemProxy */;
		};
/* End PBXTargetDependency section */

/* Begin XCBuildConfiguration section */
		05071F56FC67112F1BB6E53D /* Release */ = {
			isa = XCBuildConfiguration;
			buildSettings = {
				BUNDLE_LOADER = "$(TEST_HOST)";
				FRAMEWORK_SEARCH_PATHS = (
					"$(inherited)",
					"$(PROJECT_DIR)/Carthage/Build/iOS",
				);
				LD_RUNPATH_SEARCH_PATHS = "$(inherited) @executable_path/Frameworks @loader_path/Frameworks";
				PRODUCT_BUNDLE_IDENTIFIER = "com.chouti.ChouTiTest-iOS";
				PRODUCT_NAME = ChouTiTest;
				SDKROOT = iphoneos;
				TARGETED_DEVICE_FAMILY = "1,2";
				TEST_TARGET_NAME = ChouTi;
			};
			name = Release;
		};
		242B2086461B26869F379303 /* Debug */ = {
			isa = XCBuildConfiguration;
			buildSettings = {
				BUNDLE_LOADER = "$(TEST_HOST)";
				FRAMEWORK_SEARCH_PATHS = (
					"$(inherited)",
					"$(PROJECT_DIR)/Carthage/Build/iOS",
				);
				LD_RUNPATH_SEARCH_PATHS = "$(inherited) @executable_path/Frameworks @loader_path/Frameworks";
				PRODUCT_BUNDLE_IDENTIFIER = "com.chouti.ChouTiTest-iOS";
				PRODUCT_NAME = ChouTiTest;
				SDKROOT = iphoneos;
				TARGETED_DEVICE_FAMILY = "1,2";
				TEST_TARGET_NAME = ChouTi;
			};
			name = Debug;
		};
		25D11D3BBF796F5DD651C0E4 /* Release */ = {
			isa = XCBuildConfiguration;
			buildSettings = {
				CODE_SIGN_IDENTITY = "";
				CURRENT_PROJECT_VERSION = 1;
				DEFINES_MODULE = YES;
				DYLIB_COMPATIBILITY_VERSION = 1;
				DYLIB_CURRENT_VERSION = 1;
				DYLIB_INSTALL_NAME_BASE = "@rpath";
				INSTALL_PATH = "$(LOCAL_LIBRARY_DIR)/Frameworks";
				IPHONEOS_DEPLOYMENT_TARGET = 11.0;
				LD_RUNPATH_SEARCH_PATHS = "$(inherited) @executable_path/Frameworks";
				PRODUCT_BUNDLE_IDENTIFIER = "com.chouti.ChouTi-iOS";
				PRODUCT_NAME = ChouTi;
				SDKROOT = iphoneos;
				SKIP_INSTALL = YES;
				TARGETED_DEVICE_FAMILY = "1,2";
				VERSIONING_SYSTEM = "apple-generic";
			};
			name = Release;
		};
		73CDEB28DC5DE9EBD72ACF55 /* Release */ = {
			isa = XCBuildConfiguration;
			buildSettings = {
				CODE_SIGN_IDENTITY = "";
				CURRENT_PROJECT_VERSION = 1;
				DEFINES_MODULE = YES;
				DYLIB_COMPATIBILITY_VERSION = 1;
				DYLIB_CURRENT_VERSION = 1;
				DYLIB_INSTALL_NAME_BASE = "@rpath";
				INSTALL_PATH = "$(LOCAL_LIBRARY_DIR)/Frameworks";
				LD_RUNPATH_SEARCH_PATHS = "$(inherited) @executable_path/Frameworks";
				PRODUCT_BUNDLE_IDENTIFIER = "com.chouti.ChouTi-tvOS";
				PRODUCT_NAME = ChouTi;
				SDKROOT = appletvos;
				SKIP_INSTALL = YES;
				TARGETED_DEVICE_FAMILY = 3;
				TVOS_DEPLOYMENT_TARGET = 11.0;
				VERSIONING_SYSTEM = "apple-generic";
			};
			name = Release;
		};
		87E9E661823CF218B918E518 /* Release */ = {
			isa = XCBuildConfiguration;
			buildSettings = {
				ALWAYS_SEARCH_USER_PATHS = NO;
				CLANG_ANALYZER_NONNULL = YES;
				CLANG_ANALYZER_NUMBER_OBJECT_CONVERSION = YES_AGGRESSIVE;
				CLANG_CXX_LANGUAGE_STANDARD = "gnu++14";
				CLANG_CXX_LIBRARY = "libc++";
				CLANG_ENABLE_MODULES = YES;
				CLANG_ENABLE_OBJC_ARC = YES;
				CLANG_WARN_BLOCK_CAPTURE_AUTORELEASING = YES;
				CLANG_WARN_BOOL_CONVERSION = YES;
				CLANG_WARN_COMMA = YES;
				CLANG_WARN_CONSTANT_CONVERSION = YES;
				CLANG_WARN_DEPRECATED_OBJC_IMPLEMENTATIONS = YES;
				CLANG_WARN_DIRECT_OBJC_ISA_USAGE = YES_ERROR;
				CLANG_WARN_DOCUMENTATION_COMMENTS = YES;
				CLANG_WARN_EMPTY_BODY = YES;
				CLANG_WARN_ENUM_CONVERSION = YES;
				CLANG_WARN_INFINITE_RECURSION = YES;
				CLANG_WARN_INT_CONVERSION = YES;
				CLANG_WARN_NON_LITERAL_NULL_CONVERSION = YES;
				CLANG_WARN_OBJC_IMPLICIT_RETAIN_SELF = YES;
				CLANG_WARN_OBJC_LITERAL_CONVERSION = YES;
				CLANG_WARN_OBJC_ROOT_CLASS = YES_ERROR;
				CLANG_WARN_RANGE_LOOP_ANALYSIS = YES;
				CLANG_WARN_STRICT_PROTOTYPES = YES;
				CLANG_WARN_SUSPICIOUS_MOVE = YES;
				CLANG_WARN_UNGUARDED_AVAILABILITY = YES_AGGRESSIVE;
				CLANG_WARN_UNREACHABLE_CODE = YES;
				CLANG_WARN__DUPLICATE_METHOD_MATCH = YES;
				COPY_PHASE_STRIP = NO;
				DEBUG_INFORMATION_FORMAT = "dwarf-with-dsym";
				ENABLE_NS_ASSERTIONS = NO;
				ENABLE_STRICT_OBJC_MSGSEND = YES;
				GCC_C_LANGUAGE_STANDARD = gnu11;
				GCC_NO_COMMON_BLOCKS = YES;
				GCC_WARN_64_TO_32_BIT_CONVERSION = YES;
				GCC_WARN_ABOUT_RETURN_TYPE = YES_ERROR;
				GCC_WARN_UNDECLARED_SELECTOR = YES;
				GCC_WARN_UNINITIALIZED_AUTOS = YES_AGGRESSIVE;
				GCC_WARN_UNUSED_FUNCTION = YES;
				GCC_WARN_UNUSED_VARIABLE = YES;
				PRODUCT_NAME = "$(TARGET_NAME)";
				SWIFT_COMPILATION_MODE = wholemodule;
				SWIFT_VERSION = 5.0;
				VALIDATE_PRODUCT = YES;
			};
			name = Release;
		};
		A36E09C89DA8066D57202C26 /* Debug */ = {
			isa = XCBuildConfiguration;
			buildSettings = {
				ALWAYS_SEARCH_USER_PATHS = NO;
				CLANG_ANALYZER_NONNULL = YES;
				CLANG_ANALYZER_NUMBER_OBJECT_CONVERSION = YES_AGGRESSIVE;
				CLANG_CXX_LANGUAGE_STANDARD = "gnu++14";
				CLANG_CXX_LIBRARY = "libc++";
				CLANG_ENABLE_MODULES = YES;
				CLANG_ENABLE_OBJC_ARC = YES;
				CLANG_WARN_BLOCK_CAPTURE_AUTORELEASING = YES;
				CLANG_WARN_BOOL_CONVERSION = YES;
				CLANG_WARN_COMMA = YES;
				CLANG_WARN_CONSTANT_CONVERSION = YES;
				CLANG_WARN_DEPRECATED_OBJC_IMPLEMENTATIONS = YES;
				CLANG_WARN_DIRECT_OBJC_ISA_USAGE = YES_ERROR;
				CLANG_WARN_DOCUMENTATION_COMMENTS = YES;
				CLANG_WARN_EMPTY_BODY = YES;
				CLANG_WARN_ENUM_CONVERSION = YES;
				CLANG_WARN_INFINITE_RECURSION = YES;
				CLANG_WARN_INT_CONVERSION = YES;
				CLANG_WARN_NON_LITERAL_NULL_CONVERSION = YES;
				CLANG_WARN_OBJC_IMPLICIT_RETAIN_SELF = YES;
				CLANG_WARN_OBJC_LITERAL_CONVERSION = YES;
				CLANG_WARN_OBJC_ROOT_CLASS = YES_ERROR;
				CLANG_WARN_RANGE_LOOP_ANALYSIS = YES;
				CLANG_WARN_STRICT_PROTOTYPES = YES;
				CLANG_WARN_SUSPICIOUS_MOVE = YES;
				CLANG_WARN_UNGUARDED_AVAILABILITY = YES_AGGRESSIVE;
				CLANG_WARN_UNREACHABLE_CODE = YES;
				CLANG_WARN__DUPLICATE_METHOD_MATCH = YES;
				COPY_PHASE_STRIP = NO;
				DEBUG_INFORMATION_FORMAT = dwarf;
				ENABLE_STRICT_OBJC_MSGSEND = YES;
				ENABLE_TESTABILITY = YES;
				GCC_C_LANGUAGE_STANDARD = gnu11;
				GCC_DYNAMIC_NO_PIC = NO;
				GCC_NO_COMMON_BLOCKS = YES;
				GCC_OPTIMIZATION_LEVEL = 0;
				GCC_PREPROCESSOR_DEFINITIONS = (
					"$(inherited)",
					"DEBUG=1",
				);
				GCC_WARN_64_TO_32_BIT_CONVERSION = YES;
				GCC_WARN_ABOUT_RETURN_TYPE = YES_ERROR;
				GCC_WARN_UNDECLARED_SELECTOR = YES;
				GCC_WARN_UNINITIALIZED_AUTOS = YES_AGGRESSIVE;
				GCC_WARN_UNUSED_FUNCTION = YES;
				GCC_WARN_UNUSED_VARIABLE = YES;
				MTL_ENABLE_DEBUG_INFO = YES;
				ONLY_ACTIVE_ARCH = YES;
				PRODUCT_NAME = "$(TARGET_NAME)";
				SWIFT_ACTIVE_COMPILATION_CONDITIONS = DEBUG;
				SWIFT_OPTIMIZATION_LEVEL = "-Onone";
				SWIFT_VERSION = 5.0;
			};
			name = Debug;
		};
		B5EBAFD2C73ED70D38FA847D /* Debug */ = {
			isa = XCBuildConfiguration;
			buildSettings = {
				CODE_SIGN_IDENTITY = "";
				CURRENT_PROJECT_VERSION = 1;
				DEFINES_MODULE = YES;
				DYLIB_COMPATIBILITY_VERSION = 1;
				DYLIB_CURRENT_VERSION = 1;
				DYLIB_INSTALL_NAME_BASE = "@rpath";
				INSTALL_PATH = "$(LOCAL_LIBRARY_DIR)/Frameworks";
				LD_RUNPATH_SEARCH_PATHS = "$(inherited) @executable_path/Frameworks";
				PRODUCT_BUNDLE_IDENTIFIER = "com.chouti.ChouTi-tvOS";
				PRODUCT_NAME = ChouTi;
				SDKROOT = appletvos;
				SKIP_INSTALL = YES;
				TARGETED_DEVICE_FAMILY = 3;
				TVOS_DEPLOYMENT_TARGET = 11.0;
				VERSIONING_SYSTEM = "apple-generic";
			};
			name = Debug;
		};
		C70B6269B24CAADAEA05BCBA /* Debug */ = {
			isa = XCBuildConfiguration;
			buildSettings = {
				BUNDLE_LOADER = "$(TEST_HOST)";
				FRAMEWORK_SEARCH_PATHS = (
					"$(inherited)",
					"$(PROJECT_DIR)/Carthage/Build/tvOS",
				);
				LD_RUNPATH_SEARCH_PATHS = "$(inherited) @executable_path/Frameworks @loader_path/Frameworks";
				PRODUCT_BUNDLE_IDENTIFIER = "com.chouti.ChouTiTest-tvOS";
				PRODUCT_NAME = ChouTiTest;
				SDKROOT = appletvos;
				TARGETED_DEVICE_FAMILY = 3;
				TEST_TARGET_NAME = ChouTi;
			};
			name = Debug;
		};
		DB3378DB3B314E2D8745F93F /* Release */ = {
			isa = XCBuildConfiguration;
			buildSettings = {
				BUNDLE_LOADER = "$(TEST_HOST)";
				FRAMEWORK_SEARCH_PATHS = (
					"$(inherited)",
					"$(PROJECT_DIR)/Carthage/Build/tvOS",
				);
				LD_RUNPATH_SEARCH_PATHS = "$(inherited) @executable_path/Frameworks @loader_path/Frameworks";
				PRODUCT_BUNDLE_IDENTIFIER = "com.chouti.ChouTiTest-tvOS";
				PRODUCT_NAME = ChouTiTest;
				SDKROOT = appletvos;
				TARGETED_DEVICE_FAMILY = 3;
				TEST_TARGET_NAME = ChouTi;
			};
			name = Release;
		};
		F71840623DC408C5A5789324 /* Debug */ = {
			isa = XCBuildConfiguration;
			buildSettings = {
				CODE_SIGN_IDENTITY = "";
				CURRENT_PROJECT_VERSION = 1;
				DEFINES_MODULE = YES;
				DYLIB_COMPATIBILITY_VERSION = 1;
				DYLIB_CURRENT_VERSION = 1;
				DYLIB_INSTALL_NAME_BASE = "@rpath";
				INSTALL_PATH = "$(LOCAL_LIBRARY_DIR)/Frameworks";
				IPHONEOS_DEPLOYMENT_TARGET = 11.0;
				LD_RUNPATH_SEARCH_PATHS = "$(inherited) @executable_path/Frameworks";
				PRODUCT_BUNDLE_IDENTIFIER = "com.chouti.ChouTi-iOS";
				PRODUCT_NAME = ChouTi;
				SDKROOT = iphoneos;
				SKIP_INSTALL = YES;
				TARGETED_DEVICE_FAMILY = "1,2";
				VERSIONING_SYSTEM = "apple-generic";
			};
			name = Debug;
		};
/* End XCBuildConfiguration section */

/* Begin XCConfigurationList section */
		0C2B0FD1CF021798C87A43D8 /* Build configuration list for PBXProject "ChouTi" */ = {
			isa = XCConfigurationList;
			buildConfigurations = (
				A36E09C89DA8066D57202C26 /* Debug */,
				87E9E661823CF218B918E518 /* Release */,
			);
			defaultConfigurationIsVisible = 0;
			defaultConfigurationName = Debug;
		};
		1240CC35736B84F4A01E6035 /* Build configuration list for PBXNativeTarget "ChouTi_tvOS" */ = {
			isa = XCConfigurationList;
			buildConfigurations = (
				B5EBAFD2C73ED70D38FA847D /* Debug */,
				73CDEB28DC5DE9EBD72ACF55 /* Release */,
			);
			defaultConfigurationIsVisible = 0;
			defaultConfigurationName = "";
		};
		56F3C4620450135FD5D03FED /* Build configuration list for PBXNativeTarget "ChouTiTest_iOS" */ = {
			isa = XCConfigurationList;
			buildConfigurations = (
				242B2086461B26869F379303 /* Debug */,
				05071F56FC67112F1BB6E53D /* Release */,
			);
			defaultConfigurationIsVisible = 0;
			defaultConfigurationName = "";
		};
		5EFC6F4BE88AF304D378C230 /* Build configuration list for PBXNativeTarget "ChouTi_iOS" */ = {
			isa = XCConfigurationList;
			buildConfigurations = (
				F71840623DC408C5A5789324 /* Debug */,
				25D11D3BBF796F5DD651C0E4 /* Release */,
			);
			defaultConfigurationIsVisible = 0;
			defaultConfigurationName = "";
		};
		8B636BE04DA74FFD69FBDA5E /* Build configuration list for PBXNativeTarget "ChouTiTest_tvOS" */ = {
			isa = XCConfigurationList;
			buildConfigurations = (
				C70B6269B24CAADAEA05BCBA /* Debug */,
				DB3378DB3B314E2D8745F93F /* Release */,
			);
			defaultConfigurationIsVisible = 0;
			defaultConfigurationName = "";
		};
/* End XCConfigurationList section */
	};
	rootObject = EE280F6749ED2CAEBA47DFC1 /* Project object */;
}
