// !$*UTF8*$!
{
	archiveVersion = 1;
	classes = {
	};
	objectVersion = 46;
	objects = {

/* Begin PBXBuildFile section */
		023050961D2440DB00D7B190 /* ChouTi.h in Headers */ = {isa = PBXBuildFile; fileRef = 023050951D2440DB00D7B190 /* ChouTi.h */; settings = {ATTRIBUTES = (Public, ); }; };
		0230509D1D2440DB00D7B190 /* ChouTi.framework in Frameworks */ = {isa = PBXBuildFile; fileRef = 023050921D2440DB00D7B190 /* ChouTi.framework */; };
		023050A21D2440DB00D7B190 /* ChouTiTests.swift in Sources */ = {isa = PBXBuildFile; fileRef = 023050A11D2440DB00D7B190 /* ChouTiTests.swift */; };
		023051401D24418400D7B190 /* Animator.swift in Sources */ = {isa = PBXBuildFile; fileRef = 023050AF1D24418400D7B190 /* Animator.swift */; };
		023051411D24418400D7B190 /* DropPresentingAnimator.swift in Sources */ = {isa = PBXBuildFile; fileRef = 023050B11D24418400D7B190 /* DropPresentingAnimator.swift */; };
		023051421D24418400D7B190 /* DropPresentingPresentationController.swift in Sources */ = {isa = PBXBuildFile; fileRef = 023050B21D24418400D7B190 /* DropPresentingPresentationController.swift */; };
		023051431D24418400D7B190 /* OverlayPresentationController.swift in Sources */ = {isa = PBXBuildFile; fileRef = 023050B31D24418400D7B190 /* OverlayPresentationController.swift */; };
		023051441D24418400D7B190 /* ScalePresentingAnimator.swift in Sources */ = {isa = PBXBuildFile; fileRef = 023050B41D24418400D7B190 /* ScalePresentingAnimator.swift */; };
		023051451D24418400D7B190 /* SlideUpAnimator.swift in Sources */ = {isa = PBXBuildFile; fileRef = 023050B51D24418400D7B190 /* SlideUpAnimator.swift */; };
		0230515B1D24418400D7B190 /* TableCollectionViewLayout.swift in Sources */ = {isa = PBXBuildFile; fileRef = 023050CE1D24418400D7B190 /* TableCollectionViewLayout.swift */; };
		0230515C1D24418400D7B190 /* TableCollectionViewSeparatorView.swift in Sources */ = {isa = PBXBuildFile; fileRef = 023050CF1D24418400D7B190 /* TableCollectionViewSeparatorView.swift */; };
		0230515D1D24418400D7B190 /* TextTableCollectionView.swift in Sources */ = {isa = PBXBuildFile; fileRef = 023050D01D24418400D7B190 /* TextTableCollectionView.swift */; };
		0230515E1D24418400D7B190 /* TextTableCollectionViewCell.swift in Sources */ = {isa = PBXBuildFile; fileRef = 023050D11D24418400D7B190 /* TextTableCollectionViewCell.swift */; };
		023051BE1D24438A00D7B190 /* Camera.png in Resources */ = {isa = PBXBuildFile; fileRef = 023051BB1D24438A00D7B190 /* Camera.png */; };
		023051BF1D24438A00D7B190 /* Camera@2x.png in Resources */ = {isa = PBXBuildFile; fileRef = 023051BC1D24438A00D7B190 /* Camera@2x.png */; };
		023051C01D24438A00D7B190 /* Camera@3x.png in Resources */ = {isa = PBXBuildFile; fileRef = 023051BD1D24438A00D7B190 /* Camera@3x.png */; };
		023051D51D244D2000D7B190 /* Dictionary+ExtensionsTests.swift in Sources */ = {isa = PBXBuildFile; fileRef = 023051C31D244A1A00D7B190 /* Dictionary+ExtensionsTests.swift */; };
		023051D61D244D2000D7B190 /* NSDate+ExtensionsTests.swift in Sources */ = {isa = PBXBuildFile; fileRef = 023051C41D244A1A00D7B190 /* NSDate+ExtensionsTests.swift */; };
		023051D71D244D2000D7B190 /* NSObject+AssociatedObjectTests.swift in Sources */ = {isa = PBXBuildFile; fileRef = 023051C51D244A1A00D7B190 /* NSObject+AssociatedObjectTests.swift */; };
		023051D81D244D2000D7B190 /* String+ExtensionsTests.swift in Sources */ = {isa = PBXBuildFile; fileRef = 023051C61D244A1A00D7B190 /* String+ExtensionsTests.swift */; };
		023051D91D244D2000D7B190 /* UIColor+ExtensionsTests.swift in Sources */ = {isa = PBXBuildFile; fileRef = 023051C71D244A1A00D7B190 /* UIColor+ExtensionsTests.swift */; };
		023051DA1D244D2300D7B190 /* DelayTaskTests.swift in Sources */ = {isa = PBXBuildFile; fileRef = 023051CE1D244A2A00D7B190 /* DelayTaskTests.swift */; };
		023051DB1D24514300D7B190 /* Attributes in Resources */ = {isa = PBXBuildFile; fileRef = 023050B61D24418400D7B190 /* Attributes */; };
		023F9A7A1D28835D001966ED /* CollectionType+ExtensionsTests.swift in Sources */ = {isa = PBXBuildFile; fileRef = 023F9A791D28835D001966ED /* CollectionType+ExtensionsTests.swift */; };
		023F9A7C1D28AD65001966ED /* OperatorsTests.swift in Sources */ = {isa = PBXBuildFile; fileRef = 023F9A7B1D28AD65001966ED /* OperatorsTests.swift */; };
		023F9A801D28CE6B001966ED /* SequenceType+ExtensionsTests.swift in Sources */ = {isa = PBXBuildFile; fileRef = 023F9A7F1D28CE6B001966ED /* SequenceType+ExtensionsTests.swift */; };
		023F9A841D296C81001966ED /* UIButton+ActionTests.swift in Sources */ = {isa = PBXBuildFile; fileRef = 023F9A831D296C81001966ED /* UIButton+ActionTests.swift */; };
		023F9ACF1D2B18C4001966ED /* AlertAction.swift in Sources */ = {isa = PBXBuildFile; fileRef = 023F9A9E1D2B18C4001966ED /* AlertAction.swift */; };
		023F9AD01D2B18C4001966ED /* AlertController.swift in Sources */ = {isa = PBXBuildFile; fileRef = 023F9A9F1D2B18C4001966ED /* AlertController.swift */; };
		023F9AD11D2B18C4001966ED /* AlertView.swift in Sources */ = {isa = PBXBuildFile; fileRef = 023F9AA01D2B18C4001966ED /* AlertView.swift */; };
		023F9AD21D2B18C4001966ED /* AlertViewButton.swift in Sources */ = {isa = PBXBuildFile; fileRef = 023F9AA11D2B18C4001966ED /* AlertViewButton.swift */; };
		023F9AD31D2B18C4001966ED /* AutoLinesLabel.swift in Sources */ = {isa = PBXBuildFile; fileRef = 023F9AA31D2B18C4001966ED /* AutoLinesLabel.swift */; };
		023F9AD41D2B18C4001966ED /* CIImageFilter.swift in Sources */ = {isa = PBXBuildFile; fileRef = 023F9AA41D2B18C4001966ED /* CIImageFilter.swift */; };
		023F9AD51D2B18C4001966ED /* DatePickerController.swift in Sources */ = {isa = PBXBuildFile; fileRef = 023F9AA71D2B18C4001966ED /* DatePickerController.swift */; };
		023F9AD61D2B18C4001966ED /* DatePickerControllerDelagte.swift in Sources */ = {isa = PBXBuildFile; fileRef = 023F9AA81D2B18C4001966ED /* DatePickerControllerDelagte.swift */; };
		023F9AD71D2B18C4001966ED /* DropDownMenu.swift in Sources */ = {isa = PBXBuildFile; fileRef = 023F9AAA1D2B18C4001966ED /* DropDownMenu.swift */; };
		023F9AD81D2B18C4001966ED /* DropDownMenuAnimator.swift in Sources */ = {isa = PBXBuildFile; fileRef = 023F9AAB1D2B18C4001966ED /* DropDownMenuAnimator.swift */; };
		023F9AD91D2B18C4001966ED /* DropDownMenuPickerViewController.swift in Sources */ = {isa = PBXBuildFile; fileRef = 023F9AAC1D2B18C4001966ED /* DropDownMenuPickerViewController.swift */; };
		023F9ADA1D2B18C4001966ED /* DropDownMenuPresentationController.swift in Sources */ = {isa = PBXBuildFile; fileRef = 023F9AAD1D2B18C4001966ED /* DropDownMenuPresentationController.swift */; };
		023F9ADB1D2B18C4001966ED /* DropDownMenuProtocols.swift in Sources */ = {isa = PBXBuildFile; fileRef = 023F9AAE1D2B18C4001966ED /* DropDownMenuProtocols.swift */; };
		023F9ADC1D2B18C4001966ED /* ImagePickerView.swift in Sources */ = {isa = PBXBuildFile; fileRef = 023F9AAF1D2B18C4001966ED /* ImagePickerView.swift */; };
		023F9ADD1D2B18C4001966ED /* LoadingMorphingLabel.swift in Sources */ = {isa = PBXBuildFile; fileRef = 023F9AB11D2B18C4001966ED /* LoadingMorphingLabel.swift */; };
		023F9ADE1D2B18C4001966ED /* MenuPageViewController.swift in Sources */ = {isa = PBXBuildFile; fileRef = 023F9AB31D2B18C4001966ED /* MenuPageViewController.swift */; };
		023F9ADF1D2B18C4001966ED /* MenuView.swift in Sources */ = {isa = PBXBuildFile; fileRef = 023F9AB41D2B18C4001966ED /* MenuView.swift */; };
		023F9AE01D2B18C4001966ED /* PgaeViewController.swift in Sources */ = {isa = PBXBuildFile; fileRef = 023F9AB51D2B18C4001966ED /* PgaeViewController.swift */; };
		023F9AE11D2B18C4001966ED /* NavigationBarStatusBar.swift in Sources */ = {isa = PBXBuildFile; fileRef = 023F9AB71D2B18C4001966ED /* NavigationBarStatusBar.swift */; };
		023F9AE21D2B18C4001966ED /* UINavigationBar+StatusBar.swift in Sources */ = {isa = PBXBuildFile; fileRef = 023F9AB81D2B18C4001966ED /* UINavigationBar+StatusBar.swift */; };
		023F9AE31D2B18C4001966ED /* PageControl.swift in Sources */ = {isa = PBXBuildFile; fileRef = 023F9AB91D2B18C4001966ED /* PageControl.swift */; };
		023F9AE41D2B18C4001966ED /* ProgressBarView.swift in Sources */ = {isa = PBXBuildFile; fileRef = 023F9ABA1D2B18C4001966ED /* ProgressBarView.swift */; };
		023F9AE51D2B18C4001966ED /* RandomImageView.swift in Sources */ = {isa = PBXBuildFile; fileRef = 023F9ABB1D2B18C4001966ED /* RandomImageView.swift */; };
		023F9AE61D2B18C4001966ED /* SearchTextField.swift in Sources */ = {isa = PBXBuildFile; fileRef = 023F9ABC1D2B18C4001966ED /* SearchTextField.swift */; };
		023F9AE71D2B18C4001966ED /* SegmentedControl.swift in Sources */ = {isa = PBXBuildFile; fileRef = 023F9ABE1D2B18C4001966ED /* SegmentedControl.swift */; };
		023F9AE81D2B18C4001966ED /* SingleTitleContentPairView.swift in Sources */ = {isa = PBXBuildFile; fileRef = 023F9ABF1D2B18C4001966ED /* SingleTitleContentPairView.swift */; };
		023F9AE91D2B18C4001966ED /* SlideController.swift in Sources */ = {isa = PBXBuildFile; fileRef = 023F9AC11D2B18C4001966ED /* SlideController.swift */; };
		023F9AEA1D2B18C4001966ED /* DatePickerCell.swift in Sources */ = {isa = PBXBuildFile; fileRef = 023F9AC31D2B18C4001966ED /* DatePickerCell.swift */; };
		023F9AEB1D2B18C4001966ED /* SeparatorCell.swift in Sources */ = {isa = PBXBuildFile; fileRef = 023F9AC41D2B18C4001966ED /* SeparatorCell.swift */; };
		023F9AED1D2B18C4001966ED /* Operation.swift in Sources */ = {isa = PBXBuildFile; fileRef = 023F9AC81D2B18C4001966ED /* Operation.swift */; };
		023F9AEE1D2B18C4001966ED /* TableView+Sections.swift in Sources */ = {isa = PBXBuildFile; fileRef = 023F9ACA1D2B18C4001966ED /* TableView+Sections.swift */; };
		023F9AEF1D2B18C4001966ED /* TableViewRow.swift in Sources */ = {isa = PBXBuildFile; fileRef = 023F9ACB1D2B18C4001966ED /* TableViewRow.swift */; };
		023F9AF01D2B18C4001966ED /* TableViewRowType.swift in Sources */ = {isa = PBXBuildFile; fileRef = 023F9ACC1D2B18C4001966ED /* TableViewRowType.swift */; };
		023F9AF11D2B18C4001966ED /* TableViewSection.swift in Sources */ = {isa = PBXBuildFile; fileRef = 023F9ACD1D2B18C4001966ED /* TableViewSection.swift */; };
		023F9AF21D2B18C4001966ED /* TableViewSectionType.swift in Sources */ = {isa = PBXBuildFile; fileRef = 023F9ACE1D2B18C4001966ED /* TableViewSectionType.swift */; };
		023F9B5D1D2B18E8001966ED /* CGContext+Extensions.swift in Sources */ = {isa = PBXBuildFile; fileRef = 023F9B0D1D2B18E8001966ED /* CGContext+Extensions.swift */; };
		023F9B5E1D2B18E8001966ED /* CGRect+Extensions.swift in Sources */ = {isa = PBXBuildFile; fileRef = 023F9B0E1D2B18E8001966ED /* CGRect+Extensions.swift */; };
		023F9B5F1D2B18E8001966ED /* CollectionType+Extensions.swift in Sources */ = {isa = PBXBuildFile; fileRef = 023F9B0F1D2B18E8001966ED /* CollectionType+Extensions.swift */; };
		023F9B601D2B18E8001966ED /* Dictionary+Extensions.swift in Sources */ = {isa = PBXBuildFile; fileRef = 023F9B101D2B18E8001966ED /* Dictionary+Extensions.swift */; };
		023F9B611D2B18E8001966ED /* NSCalendar+Extensions.swift in Sources */ = {isa = PBXBuildFile; fileRef = 023F9B111D2B18E8001966ED /* NSCalendar+Extensions.swift */; };
		023F9B621D2B18E8001966ED /* NSDate+Extensions.swift in Sources */ = {isa = PBXBuildFile; fileRef = 023F9B121D2B18E8001966ED /* NSDate+Extensions.swift */; };
		023F9B631D2B18E8001966ED /* NSLayoutConstraint+Extensions.swift in Sources */ = {isa = PBXBuildFile; fileRef = 023F9B131D2B18E8001966ED /* NSLayoutConstraint+Extensions.swift */; };
		023F9B641D2B18E8001966ED /* NSObject+AssociatedObject.swift in Sources */ = {isa = PBXBuildFile; fileRef = 023F9B141D2B18E8001966ED /* NSObject+AssociatedObject.swift */; };
		023F9B651D2B18E8001966ED /* NSObject+Observation.swift in Sources */ = {isa = PBXBuildFile; fileRef = 023F9B151D2B18E8001966ED /* NSObject+Observation.swift */; };
		023F9B661D2B18E8001966ED /* NSRegularExpression+Extensions.swift in Sources */ = {isa = PBXBuildFile; fileRef = 023F9B161D2B18E8001966ED /* NSRegularExpression+Extensions.swift */; };
		023F9B671D2B18E8001966ED /* NSTimeZone+Extensions.swift in Sources */ = {isa = PBXBuildFile; fileRef = 023F9B171D2B18E8001966ED /* NSTimeZone+Extensions.swift */; };
		023F9B681D2B18E8001966ED /* Numbers+Extensions.swift in Sources */ = {isa = PBXBuildFile; fileRef = 023F9B181D2B18E8001966ED /* Numbers+Extensions.swift */; };
		023F9B691D2B18E8001966ED /* Optional+Extensions.swift in Sources */ = {isa = PBXBuildFile; fileRef = 023F9B191D2B18E8001966ED /* Optional+Extensions.swift */; };
		023F9B6A1D2B18E8001966ED /* SequenceType+Extensions.swift in Sources */ = {isa = PBXBuildFile; fileRef = 023F9B1A1D2B18E8001966ED /* SequenceType+Extensions.swift */; };
		023F9B6B1D2B18E8001966ED /* String+Extensions.swift in Sources */ = {isa = PBXBuildFile; fileRef = 023F9B1B1D2B18E8001966ED /* String+Extensions.swift */; };
		023F9B6C1D2B18E8001966ED /* UIButton+Action.swift in Sources */ = {isa = PBXBuildFile; fileRef = 023F9B1C1D2B18E8001966ED /* UIButton+Action.swift */; };
		023F9B6D1D2B18E8001966ED /* UIButton+Extensions.swift in Sources */ = {isa = PBXBuildFile; fileRef = 023F9B1D1D2B18E8001966ED /* UIButton+Extensions.swift */; };
		023F9B6E1D2B18E8001966ED /* UIColor+Extensions.swift in Sources */ = {isa = PBXBuildFile; fileRef = 023F9B1E1D2B18E8001966ED /* UIColor+Extensions.swift */; };
		023F9B6F1D2B18E8001966ED /* UIFont+Extensions.swift in Sources */ = {isa = PBXBuildFile; fileRef = 023F9B1F1D2B18E8001966ED /* UIFont+Extensions.swift */; };
		023F9B701D2B18E8001966ED /* UIGestureRecognizer+Extensions.swift in Sources */ = {isa = PBXBuildFile; fileRef = 023F9B201D2B18E8001966ED /* UIGestureRecognizer+Extensions.swift */; };
		023F9B711D2B18E8001966ED /* UIImage+Extensions.swift in Sources */ = {isa = PBXBuildFile; fileRef = 023F9B211D2B18E8001966ED /* UIImage+Extensions.swift */; };
		023F9B721D2B18E8001966ED /* UILable+Extensions.swift in Sources */ = {isa = PBXBuildFile; fileRef = 023F9B221D2B18E8001966ED /* UILable+Extensions.swift */; };
		023F9B731D2B18E8001966ED /* UINavigationBar+Extensions.swift in Sources */ = {isa = PBXBuildFile; fileRef = 023F9B231D2B18E8001966ED /* UINavigationBar+Extensions.swift */; };
		023F9B741D2B18E8001966ED /* UINavigationController+Extensions.swift in Sources */ = {isa = PBXBuildFile; fileRef = 023F9B241D2B18E8001966ED /* UINavigationController+Extensions.swift */; };
		023F9B751D2B18E8001966ED /* UIScreen+Extensions.swift in Sources */ = {isa = PBXBuildFile; fileRef = 023F9B251D2B18E8001966ED /* UIScreen+Extensions.swift */; };
		023F9B761D2B18E8001966ED /* UIScrollView+Extensions.swift in Sources */ = {isa = PBXBuildFile; fileRef = 023F9B261D2B18E8001966ED /* UIScrollView+Extensions.swift */; };
		023F9B771D2B18E8001966ED /* UISearchBar+Extensions.swift in Sources */ = {isa = PBXBuildFile; fileRef = 023F9B271D2B18E8001966ED /* UISearchBar+Extensions.swift */; };
		023F9B781D2B18E8001966ED /* UIStackView+Extensions.swift in Sources */ = {isa = PBXBuildFile; fileRef = 023F9B281D2B18E8001966ED /* UIStackView+Extensions.swift */; };
		023F9B791D2B18E8001966ED /* UITableView+Extensions.swift in Sources */ = {isa = PBXBuildFile; fileRef = 023F9B291D2B18E8001966ED /* UITableView+Extensions.swift */; };
		023F9B7A1D2B18E8001966ED /* UITableViewCell+Extensions.swift in Sources */ = {isa = PBXBuildFile; fileRef = 023F9B2A1D2B18E8001966ED /* UITableViewCell+Extensions.swift */; };
		023F9B7B1D2B18E8001966ED /* UIView+Animations.swift in Sources */ = {isa = PBXBuildFile; fileRef = 023F9B2B1D2B18E8001966ED /* UIView+Animations.swift */; };
		023F9B7C1D2B18E8001966ED /* UIView+Extensions.swift in Sources */ = {isa = PBXBuildFile; fileRef = 023F9B2C1D2B18E8001966ED /* UIView+Extensions.swift */; };
		023F9B7D1D2B18E8001966ED /* UIView+Geometry.swift in Sources */ = {isa = PBXBuildFile; fileRef = 023F9B2D1D2B18E8001966ED /* UIView+Geometry.swift */; };
		023F9B7E1D2B18E8001966ED /* UIView+OverlayView.swift in Sources */ = {isa = PBXBuildFile; fileRef = 023F9B2E1D2B18E8001966ED /* UIView+OverlayView.swift */; };
		023F9B7F1D2B18E8001966ED /* UIViewController+Extensions.swift in Sources */ = {isa = PBXBuildFile; fileRef = 023F9B2F1D2B18E8001966ED /* UIViewController+Extensions.swift */; };
		023F9B801D2B18E8001966ED /* Constants.swift in Sources */ = {isa = PBXBuildFile; fileRef = 023F9B311D2B18E8001966ED /* Constants.swift */; };
		023F9B811D2B18E8001966ED /* DelayedTask.swift in Sources */ = {isa = PBXBuildFile; fileRef = 023F9B321D2B18E8001966ED /* DelayedTask.swift */; };
		023F9B821D2B18E8001966ED /* Operators.swift in Sources */ = {isa = PBXBuildFile; fileRef = 023F9B331D2B18E8001966ED /* Operators.swift */; };
		023F9B831D2B18E8001966ED /* ResourceBundle.swift in Sources */ = {isa = PBXBuildFile; fileRef = 023F9B341D2B18E8001966ED /* ResourceBundle.swift */; };
		023F9B841D2B18E8001966ED /* StructWrapper.swift in Sources */ = {isa = PBXBuildFile; fileRef = 023F9B351D2B18E8001966ED /* StructWrapper.swift */; };
		023F9B851D2B18E8001966ED /* Utility.swift in Sources */ = {isa = PBXBuildFile; fileRef = 023F9B361D2B18E8001966ED /* Utility.swift */; };
		023F9B861D2B18E8001966ED /* Analytics.swift in Sources */ = {isa = PBXBuildFile; fileRef = 023F9B381D2B18E8001966ED /* Analytics.swift */; };
		023F9B871D2B18E8001966ED /* CollectionViewCellInfo.swift in Sources */ = {isa = PBXBuildFile; fileRef = 023F9B391D2B18E8001966ED /* CollectionViewCellInfo.swift */; };
		023F9B881D2B18E8001966ED /* TableView+Registrable.swift in Sources */ = {isa = PBXBuildFile; fileRef = 023F9B3A1D2B18E8001966ED /* TableView+Registrable.swift */; };
		023F9B891D2B18E8001966ED /* Button.swift in Sources */ = {isa = PBXBuildFile; fileRef = 023F9B3C1D2B18E8001966ED /* Button.swift */; };
		023F9B8A1D2B18E8001966ED /* CollectionViewCell.swift in Sources */ = {isa = PBXBuildFile; fileRef = 023F9B3E1D2B18E8001966ED /* CollectionViewCell.swift */; };
		023F9B8B1D2B18E8001966ED /* ColorPalette.swift in Sources */ = {isa = PBXBuildFile; fileRef = 023F9B3F1D2B18E8001966ED /* ColorPalette.swift */; };
		023F9B8C1D2B18E8001966ED /* ImageView.swift in Sources */ = {isa = PBXBuildFile; fileRef = 023F9B401D2B18E8001966ED /* ImageView.swift */; };
		023F9B8D1D2B18E8001966ED /* TableViewCell.swift in Sources */ = {isa = PBXBuildFile; fileRef = 023F9B421D2B18E8001966ED /* TableViewCell.swift */; };
		023F9B8E1D2B18E8001966ED /* TableViewCellSubtitle.swift in Sources */ = {isa = PBXBuildFile; fileRef = 023F9B431D2B18E8001966ED /* TableViewCellSubtitle.swift */; };
		023F9B8F1D2B18E8001966ED /* TableViewCellValue1.swift in Sources */ = {isa = PBXBuildFile; fileRef = 023F9B441D2B18E8001966ED /* TableViewCellValue1.swift */; };
		023F9B901D2B18E8001966ED /* TableViewCellValue2.swift in Sources */ = {isa = PBXBuildFile; fileRef = 023F9B451D2B18E8001966ED /* TableViewCellValue2.swift */; };
		023F9B911D2B18E8001966ED /* TextField.swift in Sources */ = {isa = PBXBuildFile; fileRef = 023F9B461D2B18E8001966ED /* TextField.swift */; };
		023F9B931D2B19C2001966ED /* Images.swift in Sources */ = {isa = PBXBuildFile; fileRef = 023F9B921D2B19C2001966ED /* Images.swift */; };
		023F9BAC1D2B4B8E001966ED /* CodeSnippet_CLLocationManager.swift in Sources */ = {isa = PBXBuildFile; fileRef = 023F9B951D2B4B8E001966ED /* CodeSnippet_CLLocationManager.swift */; };
		023F9BAD1D2B4B8E001966ED /* CodeSnippet_ImageAssets.swift in Sources */ = {isa = PBXBuildFile; fileRef = 023F9B961D2B4B8E001966ED /* CodeSnippet_ImageAssets.swift */; };
		023F9BAE1D2B4B8E001966ED /* CodeSnippet_UIButton.swift in Sources */ = {isa = PBXBuildFile; fileRef = 023F9B971D2B4B8E001966ED /* CodeSnippet_UIButton.swift */; };
		023F9BAF1D2B4B8E001966ED /* CodeSnippet_UILabel.swift in Sources */ = {isa = PBXBuildFile; fileRef = 023F9B981D2B4B8E001966ED /* CodeSnippet_UILabel.swift */; };
		023F9BB01D2B4B8E001966ED /* CodeSnippet_UINavigationBar.swift in Sources */ = {isa = PBXBuildFile; fileRef = 023F9B991D2B4B8E001966ED /* CodeSnippet_UINavigationBar.swift */; };
		023F9BB11D2B4B8E001966ED /* CodeSnippet_UITableView.swift in Sources */ = {isa = PBXBuildFile; fileRef = 023F9B9A1D2B4B8E001966ED /* CodeSnippet_UITableView.swift */; };
		023F9BB21D2B4B8E001966ED /* CodeSnippet_UITableViewCell.swift in Sources */ = {isa = PBXBuildFile; fileRef = 023F9B9B1D2B4B8E001966ED /* CodeSnippet_UITableViewCell.swift */; };
		023F9BB31D2B4B8E001966ED /* CodeSnippet_UITextField.swift in Sources */ = {isa = PBXBuildFile; fileRef = 023F9B9C1D2B4B8E001966ED /* CodeSnippet_UITextField.swift */; };
		023F9BB41D2B4B8E001966ED /* CodeSnippet_UIView.swift in Sources */ = {isa = PBXBuildFile; fileRef = 023F9B9D1D2B4B8E001966ED /* CodeSnippet_UIView.swift */; };
		023F9BB51D2B4B8E001966ED /* CodeSnippet_UIViewController.swift in Sources */ = {isa = PBXBuildFile; fileRef = 023F9B9E1D2B4B8E001966ED /* CodeSnippet_UIViewController.swift */; };
		023F9BB61D2B4B8E001966ED /* CodeSnippet_ViewControllerContainment.swift in Sources */ = {isa = PBXBuildFile; fileRef = 023F9B9F1D2B4B8E001966ED /* CodeSnippet_ViewControllerContainment.swift */; };
		023F9BB71D2B4B8E001966ED /* CodeSnippets_AppDelegate.swift in Sources */ = {isa = PBXBuildFile; fileRef = 023F9BA01D2B4B8E001966ED /* CodeSnippets_AppDelegate.swift */; };
		023F9BB81D2B4B8E001966ED /* CodeSnippets_ImageAsset.swift in Sources */ = {isa = PBXBuildFile; fileRef = 023F9BA11D2B4B8E001966ED /* CodeSnippets_ImageAsset.swift */; };
		023F9BB91D2B4B8E001966ED /* CodeSnippets_NavigationItem.swift in Sources */ = {isa = PBXBuildFile; fileRef = 023F9BA21D2B4B8E001966ED /* CodeSnippets_NavigationItem.swift */; };
		023F9BBA1D2B4B8E001966ED /* CodeSnippets_NSDateFormatter.swift in Sources */ = {isa = PBXBuildFile; fileRef = 023F9BA31D2B4B8E001966ED /* CodeSnippets_NSDateFormatter.swift */; };
		023F9BBB1D2B4B8E001966ED /* CodeSnippets_Protocols.swift in Sources */ = {isa = PBXBuildFile; fileRef = 023F9BA41D2B4B8E001966ED /* CodeSnippets_Protocols.swift */; };
		023F9BBC1D2B4B8E001966ED /* CodeSnippets_Shadow.swift in Sources */ = {isa = PBXBuildFile; fileRef = 023F9BA51D2B4B8E001966ED /* CodeSnippets_Shadow.swift */; };
		023F9BBD1D2B4B8E001966ED /* CodeSnippets_Swizzling.swift in Sources */ = {isa = PBXBuildFile; fileRef = 023F9BA61D2B4B8E001966ED /* CodeSnippets_Swizzling.swift */; };
		023F9BBE1D2B4B8E001966ED /* CodeSnippets_UIDevice.swift in Sources */ = {isa = PBXBuildFile; fileRef = 023F9BA71D2B4B8E001966ED /* CodeSnippets_UIDevice.swift */; };
		023F9BBF1D2B4B8E001966ED /* CodeSnippets_UISegmentedControl.swift in Sources */ = {isa = PBXBuildFile; fileRef = 023F9BA81D2B4B8E001966ED /* CodeSnippets_UISegmentedControl.swift */; };
		023F9BC01D2B4B8E001966ED /* CodeSnippets_UIVisualEffectView.swift in Sources */ = {isa = PBXBuildFile; fileRef = 023F9BA91D2B4B8E001966ED /* CodeSnippets_UIVisualEffectView.swift */; };
		023F9BC11D2B4B8E001966ED /* OrderedDictionary.swift in Sources */ = {isa = PBXBuildFile; fileRef = 023F9BAB1D2B4B8E001966ED /* OrderedDictionary.swift */; };
		02E194791D28537E00B35F1B /* CGRect+ExtensionsTests.swift in Sources */ = {isa = PBXBuildFile; fileRef = 02E194781D28537E00B35F1B /* CGRect+ExtensionsTests.swift */; };
		02E1947B1D28542D00B35F1B /* CGContext+ExtensionsTests.swift in Sources */ = {isa = PBXBuildFile; fileRef = 02E1947A1D28542D00B35F1B /* CGContext+ExtensionsTests.swift */; };
		02E1947F1D28629B00B35F1B /* UIView+GeometryTests.swift in Sources */ = {isa = PBXBuildFile; fileRef = 02E1947E1D28629B00B35F1B /* UIView+GeometryTests.swift */; };
		33D0F28DF0FDB41F0A6A0BC1 /* Pods_ChouTi.framework in Frameworks */ = {isa = PBXBuildFile; fileRef = 2582D7686D9E144D59115335 /* Pods_ChouTi.framework */; };
		FC8011B3082D1EEA4FC12444 /* Pods_ChouTiTests.framework in Frameworks */ = {isa = PBXBuildFile; fileRef = 0FFF7924A0E59197E32ACB32 /* Pods_ChouTiTests.framework */; };
/* End PBXBuildFile section */

/* Begin PBXContainerItemProxy section */
		0230509E1D2440DB00D7B190 /* PBXContainerItemProxy */ = {
			isa = PBXContainerItemProxy;
			containerPortal = 023050891D2440DB00D7B190 /* Project object */;
			proxyType = 1;
			remoteGlobalIDString = 023050911D2440DB00D7B190;
			remoteInfo = ChouTi;
		};
/* End PBXContainerItemProxy section */

/* Begin PBXFileReference section */
		023050921D2440DB00D7B190 /* ChouTi.framework */ = {isa = PBXFileReference; explicitFileType = wrapper.framework; includeInIndex = 0; path = ChouTi.framework; sourceTree = BUILT_PRODUCTS_DIR; };
		023050951D2440DB00D7B190 /* ChouTi.h */ = {isa = PBXFileReference; lastKnownFileType = sourcecode.c.h; name = ChouTi.h; path = ../../Source/iOS/ChouTi.h; sourceTree = "<group>"; };
		023050971D2440DB00D7B190 /* Info.plist */ = {isa = PBXFileReference; lastKnownFileType = text.plist.xml; path = Info.plist; sourceTree = "<group>"; };
		0230509C1D2440DB00D7B190 /* ChouTiTests.xctest */ = {isa = PBXFileReference; explicitFileType = wrapper.cfbundle; includeInIndex = 0; path = ChouTiTests.xctest; sourceTree = BUILT_PRODUCTS_DIR; };
		023050A11D2440DB00D7B190 /* ChouTiTests.swift */ = {isa = PBXFileReference; lastKnownFileType = sourcecode.swift; path = ChouTiTests.swift; sourceTree = "<group>"; };
		023050A31D2440DB00D7B190 /* Info.plist */ = {isa = PBXFileReference; lastKnownFileType = text.plist.xml; path = Info.plist; sourceTree = "<group>"; };
		023050AF1D24418400D7B190 /* Animator.swift */ = {isa = PBXFileReference; fileEncoding = 4; lastKnownFileType = sourcecode.swift; path = Animator.swift; sourceTree = "<group>"; };
		023050B11D24418400D7B190 /* DropPresentingAnimator.swift */ = {isa = PBXFileReference; fileEncoding = 4; lastKnownFileType = sourcecode.swift; path = DropPresentingAnimator.swift; sourceTree = "<group>"; };
		023050B21D24418400D7B190 /* DropPresentingPresentationController.swift */ = {isa = PBXFileReference; fileEncoding = 4; lastKnownFileType = sourcecode.swift; path = DropPresentingPresentationController.swift; sourceTree = "<group>"; };
		023050B31D24418400D7B190 /* OverlayPresentationController.swift */ = {isa = PBXFileReference; fileEncoding = 4; lastKnownFileType = sourcecode.swift; path = OverlayPresentationController.swift; sourceTree = "<group>"; };
		023050B41D24418400D7B190 /* ScalePresentingAnimator.swift */ = {isa = PBXFileReference; fileEncoding = 4; lastKnownFileType = sourcecode.swift; path = ScalePresentingAnimator.swift; sourceTree = "<group>"; };
		023050B51D24418400D7B190 /* SlideUpAnimator.swift */ = {isa = PBXFileReference; fileEncoding = 4; lastKnownFileType = sourcecode.swift; path = SlideUpAnimator.swift; sourceTree = "<group>"; };
		023050B61D24418400D7B190 /* Attributes */ = {isa = PBXFileReference; fileEncoding = 4; lastKnownFileType = text; path = Attributes; sourceTree = "<group>"; };
		023050CE1D24418400D7B190 /* TableCollectionViewLayout.swift */ = {isa = PBXFileReference; fileEncoding = 4; lastKnownFileType = sourcecode.swift; path = TableCollectionViewLayout.swift; sourceTree = "<group>"; };
		023050CF1D24418400D7B190 /* TableCollectionViewSeparatorView.swift */ = {isa = PBXFileReference; fileEncoding = 4; lastKnownFileType = sourcecode.swift; path = TableCollectionViewSeparatorView.swift; sourceTree = "<group>"; };
		023050D01D24418400D7B190 /* TextTableCollectionView.swift */ = {isa = PBXFileReference; fileEncoding = 4; lastKnownFileType = sourcecode.swift; path = TextTableCollectionView.swift; sourceTree = "<group>"; };
		023050D11D24418400D7B190 /* TextTableCollectionViewCell.swift */ = {isa = PBXFileReference; fileEncoding = 4; lastKnownFileType = sourcecode.swift; path = TextTableCollectionViewCell.swift; sourceTree = "<group>"; };
		023050F91D24418400D7B190 /* Parse+Extensions.swift */ = {isa = PBXFileReference; fileEncoding = 4; lastKnownFileType = sourcecode.swift; path = "Parse+Extensions.swift"; sourceTree = "<group>"; };
		023050FA1D24418400D7B190 /* PFFile+Extensions.swift */ = {isa = PBXFileReference; fileEncoding = 4; lastKnownFileType = sourcecode.swift; path = "PFFile+Extensions.swift"; sourceTree = "<group>"; };
		023051BB1D24438A00D7B190 /* Camera.png */ = {isa = PBXFileReference; lastKnownFileType = image.png; path = Camera.png; sourceTree = "<group>"; };
		023051BC1D24438A00D7B190 /* Camera@2x.png */ = {isa = PBXFileReference; lastKnownFileType = image.png; path = "Camera@2x.png"; sourceTree = "<group>"; };
		023051BD1D24438A00D7B190 /* Camera@3x.png */ = {isa = PBXFileReference; lastKnownFileType = image.png; path = "Camera@3x.png"; sourceTree = "<group>"; };
		023051C31D244A1A00D7B190 /* Dictionary+ExtensionsTests.swift */ = {isa = PBXFileReference; fileEncoding = 4; lastKnownFileType = sourcecode.swift; path = "Dictionary+ExtensionsTests.swift"; sourceTree = "<group>"; };
		023051C41D244A1A00D7B190 /* NSDate+ExtensionsTests.swift */ = {isa = PBXFileReference; fileEncoding = 4; lastKnownFileType = sourcecode.swift; path = "NSDate+ExtensionsTests.swift"; sourceTree = "<group>"; };
		023051C51D244A1A00D7B190 /* NSObject+AssociatedObjectTests.swift */ = {isa = PBXFileReference; fileEncoding = 4; lastKnownFileType = sourcecode.swift; path = "NSObject+AssociatedObjectTests.swift"; sourceTree = "<group>"; };
		023051C61D244A1A00D7B190 /* String+ExtensionsTests.swift */ = {isa = PBXFileReference; fileEncoding = 4; lastKnownFileType = sourcecode.swift; path = "String+ExtensionsTests.swift"; sourceTree = "<group>"; };
		023051C71D244A1A00D7B190 /* UIColor+ExtensionsTests.swift */ = {isa = PBXFileReference; fileEncoding = 4; lastKnownFileType = sourcecode.swift; path = "UIColor+ExtensionsTests.swift"; sourceTree = "<group>"; };
		023051CE1D244A2A00D7B190 /* DelayTaskTests.swift */ = {isa = PBXFileReference; fileEncoding = 4; lastKnownFileType = sourcecode.swift; path = DelayTaskTests.swift; sourceTree = "<group>"; };
		023F9A791D28835D001966ED /* CollectionType+ExtensionsTests.swift */ = {isa = PBXFileReference; fileEncoding = 4; lastKnownFileType = sourcecode.swift; path = "CollectionType+ExtensionsTests.swift"; sourceTree = "<group>"; };
		023F9A7B1D28AD65001966ED /* OperatorsTests.swift */ = {isa = PBXFileReference; fileEncoding = 4; lastKnownFileType = sourcecode.swift; path = OperatorsTests.swift; sourceTree = "<group>"; };
		023F9A7F1D28CE6B001966ED /* SequenceType+ExtensionsTests.swift */ = {isa = PBXFileReference; fileEncoding = 4; lastKnownFileType = sourcecode.swift; path = "SequenceType+ExtensionsTests.swift"; sourceTree = "<group>"; };
		023F9A831D296C81001966ED /* UIButton+ActionTests.swift */ = {isa = PBXFileReference; fileEncoding = 4; lastKnownFileType = sourcecode.swift; path = "UIButton+ActionTests.swift"; sourceTree = "<group>"; };
		023F9A9E1D2B18C4001966ED /* AlertAction.swift */ = {isa = PBXFileReference; fileEncoding = 4; lastKnownFileType = sourcecode.swift; path = AlertAction.swift; sourceTree = "<group>"; };
		023F9A9F1D2B18C4001966ED /* AlertController.swift */ = {isa = PBXFileReference; fileEncoding = 4; lastKnownFileType = sourcecode.swift; path = AlertController.swift; sourceTree = "<group>"; };
		023F9AA01D2B18C4001966ED /* AlertView.swift */ = {isa = PBXFileReference; fileEncoding = 4; lastKnownFileType = sourcecode.swift; path = AlertView.swift; sourceTree = "<group>"; };
		023F9AA11D2B18C4001966ED /* AlertViewButton.swift */ = {isa = PBXFileReference; fileEncoding = 4; lastKnownFileType = sourcecode.swift; path = AlertViewButton.swift; sourceTree = "<group>"; };
		023F9AA31D2B18C4001966ED /* AutoLinesLabel.swift */ = {isa = PBXFileReference; fileEncoding = 4; lastKnownFileType = sourcecode.swift; path = AutoLinesLabel.swift; sourceTree = "<group>"; };
		023F9AA41D2B18C4001966ED /* CIImageFilter.swift */ = {isa = PBXFileReference; fileEncoding = 4; lastKnownFileType = sourcecode.swift; path = CIImageFilter.swift; sourceTree = "<group>"; };
		023F9AA71D2B18C4001966ED /* DatePickerController.swift */ = {isa = PBXFileReference; fileEncoding = 4; lastKnownFileType = sourcecode.swift; path = DatePickerController.swift; sourceTree = "<group>"; };
		023F9AA81D2B18C4001966ED /* DatePickerControllerDelagte.swift */ = {isa = PBXFileReference; fileEncoding = 4; lastKnownFileType = sourcecode.swift; path = DatePickerControllerDelagte.swift; sourceTree = "<group>"; };
		023F9AAA1D2B18C4001966ED /* DropDownMenu.swift */ = {isa = PBXFileReference; fileEncoding = 4; lastKnownFileType = sourcecode.swift; path = DropDownMenu.swift; sourceTree = "<group>"; };
		023F9AAB1D2B18C4001966ED /* DropDownMenuAnimator.swift */ = {isa = PBXFileReference; fileEncoding = 4; lastKnownFileType = sourcecode.swift; path = DropDownMenuAnimator.swift; sourceTree = "<group>"; };
		023F9AAC1D2B18C4001966ED /* DropDownMenuPickerViewController.swift */ = {isa = PBXFileReference; fileEncoding = 4; lastKnownFileType = sourcecode.swift; path = DropDownMenuPickerViewController.swift; sourceTree = "<group>"; };
		023F9AAD1D2B18C4001966ED /* DropDownMenuPresentationController.swift */ = {isa = PBXFileReference; fileEncoding = 4; lastKnownFileType = sourcecode.swift; path = DropDownMenuPresentationController.swift; sourceTree = "<group>"; };
		023F9AAE1D2B18C4001966ED /* DropDownMenuProtocols.swift */ = {isa = PBXFileReference; fileEncoding = 4; lastKnownFileType = sourcecode.swift; path = DropDownMenuProtocols.swift; sourceTree = "<group>"; };
		023F9AAF1D2B18C4001966ED /* ImagePickerView.swift */ = {isa = PBXFileReference; fileEncoding = 4; lastKnownFileType = sourcecode.swift; path = ImagePickerView.swift; sourceTree = "<group>"; };
		023F9AB11D2B18C4001966ED /* LoadingMorphingLabel.swift */ = {isa = PBXFileReference; fileEncoding = 4; lastKnownFileType = sourcecode.swift; path = LoadingMorphingLabel.swift; sourceTree = "<group>"; };
		023F9AB31D2B18C4001966ED /* MenuPageViewController.swift */ = {isa = PBXFileReference; fileEncoding = 4; lastKnownFileType = sourcecode.swift; path = MenuPageViewController.swift; sourceTree = "<group>"; };
		023F9AB41D2B18C4001966ED /* MenuView.swift */ = {isa = PBXFileReference; fileEncoding = 4; lastKnownFileType = sourcecode.swift; path = MenuView.swift; sourceTree = "<group>"; };
		023F9AB51D2B18C4001966ED /* PgaeViewController.swift */ = {isa = PBXFileReference; fileEncoding = 4; lastKnownFileType = sourcecode.swift; path = PgaeViewController.swift; sourceTree = "<group>"; };
		023F9AB71D2B18C4001966ED /* NavigationBarStatusBar.swift */ = {isa = PBXFileReference; fileEncoding = 4; lastKnownFileType = sourcecode.swift; path = NavigationBarStatusBar.swift; sourceTree = "<group>"; };
		023F9AB81D2B18C4001966ED /* UINavigationBar+StatusBar.swift */ = {isa = PBXFileReference; fileEncoding = 4; lastKnownFileType = sourcecode.swift; path = "UINavigationBar+StatusBar.swift"; sourceTree = "<group>"; };
		023F9AB91D2B18C4001966ED /* PageControl.swift */ = {isa = PBXFileReference; fileEncoding = 4; lastKnownFileType = sourcecode.swift; path = PageControl.swift; sourceTree = "<group>"; };
		023F9ABA1D2B18C4001966ED /* ProgressBarView.swift */ = {isa = PBXFileReference; fileEncoding = 4; lastKnownFileType = sourcecode.swift; path = ProgressBarView.swift; sourceTree = "<group>"; };
		023F9ABB1D2B18C4001966ED /* RandomImageView.swift */ = {isa = PBXFileReference; fileEncoding = 4; lastKnownFileType = sourcecode.swift; path = RandomImageView.swift; sourceTree = "<group>"; };
		023F9ABC1D2B18C4001966ED /* SearchTextField.swift */ = {isa = PBXFileReference; fileEncoding = 4; lastKnownFileType = sourcecode.swift; path = SearchTextField.swift; sourceTree = "<group>"; };
		023F9ABE1D2B18C4001966ED /* SegmentedControl.swift */ = {isa = PBXFileReference; fileEncoding = 4; lastKnownFileType = sourcecode.swift; path = SegmentedControl.swift; sourceTree = "<group>"; };
		023F9ABF1D2B18C4001966ED /* SingleTitleContentPairView.swift */ = {isa = PBXFileReference; fileEncoding = 4; lastKnownFileType = sourcecode.swift; path = SingleTitleContentPairView.swift; sourceTree = "<group>"; };
		023F9AC11D2B18C4001966ED /* SlideController.swift */ = {isa = PBXFileReference; fileEncoding = 4; lastKnownFileType = sourcecode.swift; path = SlideController.swift; sourceTree = "<group>"; };
		023F9AC31D2B18C4001966ED /* DatePickerCell.swift */ = {isa = PBXFileReference; fileEncoding = 4; lastKnownFileType = sourcecode.swift; path = DatePickerCell.swift; sourceTree = "<group>"; };
		023F9AC41D2B18C4001966ED /* SeparatorCell.swift */ = {isa = PBXFileReference; fileEncoding = 4; lastKnownFileType = sourcecode.swift; path = SeparatorCell.swift; sourceTree = "<group>"; };
		023F9AC81D2B18C4001966ED /* Operation.swift */ = {isa = PBXFileReference; fileEncoding = 4; lastKnownFileType = sourcecode.swift; path = Operation.swift; sourceTree = "<group>"; };
		023F9ACA1D2B18C4001966ED /* TableView+Sections.swift */ = {isa = PBXFileReference; fileEncoding = 4; lastKnownFileType = sourcecode.swift; path = "TableView+Sections.swift"; sourceTree = "<group>"; };
		023F9ACB1D2B18C4001966ED /* TableViewRow.swift */ = {isa = PBXFileReference; fileEncoding = 4; lastKnownFileType = sourcecode.swift; path = TableViewRow.swift; sourceTree = "<group>"; };
		023F9ACC1D2B18C4001966ED /* TableViewRowType.swift */ = {isa = PBXFileReference; fileEncoding = 4; lastKnownFileType = sourcecode.swift; path = TableViewRowType.swift; sourceTree = "<group>"; };
		023F9ACD1D2B18C4001966ED /* TableViewSection.swift */ = {isa = PBXFileReference; fileEncoding = 4; lastKnownFileType = sourcecode.swift; path = TableViewSection.swift; sourceTree = "<group>"; };
		023F9ACE1D2B18C4001966ED /* TableViewSectionType.swift */ = {isa = PBXFileReference; fileEncoding = 4; lastKnownFileType = sourcecode.swift; path = TableViewSectionType.swift; sourceTree = "<group>"; };
		023F9B0D1D2B18E8001966ED /* CGContext+Extensions.swift */ = {isa = PBXFileReference; fileEncoding = 4; lastKnownFileType = sourcecode.swift; path = "CGContext+Extensions.swift"; sourceTree = "<group>"; };
		023F9B0E1D2B18E8001966ED /* CGRect+Extensions.swift */ = {isa = PBXFileReference; fileEncoding = 4; lastKnownFileType = sourcecode.swift; path = "CGRect+Extensions.swift"; sourceTree = "<group>"; };
		023F9B0F1D2B18E8001966ED /* CollectionType+Extensions.swift */ = {isa = PBXFileReference; fileEncoding = 4; lastKnownFileType = sourcecode.swift; path = "CollectionType+Extensions.swift"; sourceTree = "<group>"; };
		023F9B101D2B18E8001966ED /* Dictionary+Extensions.swift */ = {isa = PBXFileReference; fileEncoding = 4; lastKnownFileType = sourcecode.swift; path = "Dictionary+Extensions.swift"; sourceTree = "<group>"; };
		023F9B111D2B18E8001966ED /* NSCalendar+Extensions.swift */ = {isa = PBXFileReference; fileEncoding = 4; lastKnownFileType = sourcecode.swift; path = "NSCalendar+Extensions.swift"; sourceTree = "<group>"; };
		023F9B121D2B18E8001966ED /* NSDate+Extensions.swift */ = {isa = PBXFileReference; fileEncoding = 4; lastKnownFileType = sourcecode.swift; path = "NSDate+Extensions.swift"; sourceTree = "<group>"; };
		023F9B131D2B18E8001966ED /* NSLayoutConstraint+Extensions.swift */ = {isa = PBXFileReference; fileEncoding = 4; lastKnownFileType = sourcecode.swift; path = "NSLayoutConstraint+Extensions.swift"; sourceTree = "<group>"; };
		023F9B141D2B18E8001966ED /* NSObject+AssociatedObject.swift */ = {isa = PBXFileReference; fileEncoding = 4; lastKnownFileType = sourcecode.swift; path = "NSObject+AssociatedObject.swift"; sourceTree = "<group>"; };
		023F9B151D2B18E8001966ED /* NSObject+Observation.swift */ = {isa = PBXFileReference; fileEncoding = 4; lastKnownFileType = sourcecode.swift; path = "NSObject+Observation.swift"; sourceTree = "<group>"; };
		023F9B161D2B18E8001966ED /* NSRegularExpression+Extensions.swift */ = {isa = PBXFileReference; fileEncoding = 4; lastKnownFileType = sourcecode.swift; path = "NSRegularExpression+Extensions.swift"; sourceTree = "<group>"; };
		023F9B171D2B18E8001966ED /* NSTimeZone+Extensions.swift */ = {isa = PBXFileReference; fileEncoding = 4; lastKnownFileType = sourcecode.swift; path = "NSTimeZone+Extensions.swift"; sourceTree = "<group>"; };
		023F9B181D2B18E8001966ED /* Numbers+Extensions.swift */ = {isa = PBXFileReference; fileEncoding = 4; lastKnownFileType = sourcecode.swift; path = "Numbers+Extensions.swift"; sourceTree = "<group>"; };
		023F9B191D2B18E8001966ED /* Optional+Extensions.swift */ = {isa = PBXFileReference; fileEncoding = 4; lastKnownFileType = sourcecode.swift; path = "Optional+Extensions.swift"; sourceTree = "<group>"; };
		023F9B1A1D2B18E8001966ED /* SequenceType+Extensions.swift */ = {isa = PBXFileReference; fileEncoding = 4; lastKnownFileType = sourcecode.swift; path = "SequenceType+Extensions.swift"; sourceTree = "<group>"; };
		023F9B1B1D2B18E8001966ED /* String+Extensions.swift */ = {isa = PBXFileReference; fileEncoding = 4; lastKnownFileType = sourcecode.swift; path = "String+Extensions.swift"; sourceTree = "<group>"; };
		023F9B1C1D2B18E8001966ED /* UIButton+Action.swift */ = {isa = PBXFileReference; fileEncoding = 4; lastKnownFileType = sourcecode.swift; path = "UIButton+Action.swift"; sourceTree = "<group>"; };
		023F9B1D1D2B18E8001966ED /* UIButton+Extensions.swift */ = {isa = PBXFileReference; fileEncoding = 4; lastKnownFileType = sourcecode.swift; path = "UIButton+Extensions.swift"; sourceTree = "<group>"; };
		023F9B1E1D2B18E8001966ED /* UIColor+Extensions.swift */ = {isa = PBXFileReference; fileEncoding = 4; lastKnownFileType = sourcecode.swift; path = "UIColor+Extensions.swift"; sourceTree = "<group>"; };
		023F9B1F1D2B18E8001966ED /* UIFont+Extensions.swift */ = {isa = PBXFileReference; fileEncoding = 4; lastKnownFileType = sourcecode.swift; path = "UIFont+Extensions.swift"; sourceTree = "<group>"; };
		023F9B201D2B18E8001966ED /* UIGestureRecognizer+Extensions.swift */ = {isa = PBXFileReference; fileEncoding = 4; lastKnownFileType = sourcecode.swift; path = "UIGestureRecognizer+Extensions.swift"; sourceTree = "<group>"; };
		023F9B211D2B18E8001966ED /* UIImage+Extensions.swift */ = {isa = PBXFileReference; fileEncoding = 4; lastKnownFileType = sourcecode.swift; path = "UIImage+Extensions.swift"; sourceTree = "<group>"; };
		023F9B221D2B18E8001966ED /* UILable+Extensions.swift */ = {isa = PBXFileReference; fileEncoding = 4; lastKnownFileType = sourcecode.swift; path = "UILable+Extensions.swift"; sourceTree = "<group>"; };
		023F9B231D2B18E8001966ED /* UINavigationBar+Extensions.swift */ = {isa = PBXFileReference; fileEncoding = 4; lastKnownFileType = sourcecode.swift; path = "UINavigationBar+Extensions.swift"; sourceTree = "<group>"; };
		023F9B241D2B18E8001966ED /* UINavigationController+Extensions.swift */ = {isa = PBXFileReference; fileEncoding = 4; lastKnownFileType = sourcecode.swift; path = "UINavigationController+Extensions.swift"; sourceTree = "<group>"; };
		023F9B251D2B18E8001966ED /* UIScreen+Extensions.swift */ = {isa = PBXFileReference; fileEncoding = 4; lastKnownFileType = sourcecode.swift; path = "UIScreen+Extensions.swift"; sourceTree = "<group>"; };
		023F9B261D2B18E8001966ED /* UIScrollView+Extensions.swift */ = {isa = PBXFileReference; fileEncoding = 4; lastKnownFileType = sourcecode.swift; path = "UIScrollView+Extensions.swift"; sourceTree = "<group>"; };
		023F9B271D2B18E8001966ED /* UISearchBar+Extensions.swift */ = {isa = PBXFileReference; fileEncoding = 4; lastKnownFileType = sourcecode.swift; path = "UISearchBar+Extensions.swift"; sourceTree = "<group>"; };
		023F9B281D2B18E8001966ED /* UIStackView+Extensions.swift */ = {isa = PBXFileReference; fileEncoding = 4; lastKnownFileType = sourcecode.swift; path = "UIStackView+Extensions.swift"; sourceTree = "<group>"; };
		023F9B291D2B18E8001966ED /* UITableView+Extensions.swift */ = {isa = PBXFileReference; fileEncoding = 4; lastKnownFileType = sourcecode.swift; path = "UITableView+Extensions.swift"; sourceTree = "<group>"; };
		023F9B2A1D2B18E8001966ED /* UITableViewCell+Extensions.swift */ = {isa = PBXFileReference; fileEncoding = 4; lastKnownFileType = sourcecode.swift; path = "UITableViewCell+Extensions.swift"; sourceTree = "<group>"; };
		023F9B2B1D2B18E8001966ED /* UIView+Animations.swift */ = {isa = PBXFileReference; fileEncoding = 4; lastKnownFileType = sourcecode.swift; path = "UIView+Animations.swift"; sourceTree = "<group>"; };
		023F9B2C1D2B18E8001966ED /* UIView+Extensions.swift */ = {isa = PBXFileReference; fileEncoding = 4; lastKnownFileType = sourcecode.swift; path = "UIView+Extensions.swift"; sourceTree = "<group>"; };
		023F9B2D1D2B18E8001966ED /* UIView+Geometry.swift */ = {isa = PBXFileReference; fileEncoding = 4; lastKnownFileType = sourcecode.swift; path = "UIView+Geometry.swift"; sourceTree = "<group>"; };
		023F9B2E1D2B18E8001966ED /* UIView+OverlayView.swift */ = {isa = PBXFileReference; fileEncoding = 4; lastKnownFileType = sourcecode.swift; path = "UIView+OverlayView.swift"; sourceTree = "<group>"; };
		023F9B2F1D2B18E8001966ED /* UIViewController+Extensions.swift */ = {isa = PBXFileReference; fileEncoding = 4; lastKnownFileType = sourcecode.swift; path = "UIViewController+Extensions.swift"; sourceTree = "<group>"; };
		023F9B311D2B18E8001966ED /* Constants.swift */ = {isa = PBXFileReference; fileEncoding = 4; lastKnownFileType = sourcecode.swift; path = Constants.swift; sourceTree = "<group>"; };
		023F9B321D2B18E8001966ED /* DelayedTask.swift */ = {isa = PBXFileReference; fileEncoding = 4; lastKnownFileType = sourcecode.swift; path = DelayedTask.swift; sourceTree = "<group>"; };
		023F9B331D2B18E8001966ED /* Operators.swift */ = {isa = PBXFileReference; fileEncoding = 4; lastKnownFileType = sourcecode.swift; path = Operators.swift; sourceTree = "<group>"; };
		023F9B341D2B18E8001966ED /* ResourceBundle.swift */ = {isa = PBXFileReference; fileEncoding = 4; lastKnownFileType = sourcecode.swift; path = ResourceBundle.swift; sourceTree = "<group>"; };
		023F9B351D2B18E8001966ED /* StructWrapper.swift */ = {isa = PBXFileReference; fileEncoding = 4; lastKnownFileType = sourcecode.swift; path = StructWrapper.swift; sourceTree = "<group>"; };
		023F9B361D2B18E8001966ED /* Utility.swift */ = {isa = PBXFileReference; fileEncoding = 4; lastKnownFileType = sourcecode.swift; path = Utility.swift; sourceTree = "<group>"; };
		023F9B381D2B18E8001966ED /* Analytics.swift */ = {isa = PBXFileReference; fileEncoding = 4; lastKnownFileType = sourcecode.swift; path = Analytics.swift; sourceTree = "<group>"; };
		023F9B391D2B18E8001966ED /* CollectionViewCellInfo.swift */ = {isa = PBXFileReference; fileEncoding = 4; lastKnownFileType = sourcecode.swift; path = CollectionViewCellInfo.swift; sourceTree = "<group>"; };
		023F9B3A1D2B18E8001966ED /* TableView+Registrable.swift */ = {isa = PBXFileReference; fileEncoding = 4; lastKnownFileType = sourcecode.swift; path = "TableView+Registrable.swift"; sourceTree = "<group>"; };
		023F9B3C1D2B18E8001966ED /* Button.swift */ = {isa = PBXFileReference; fileEncoding = 4; lastKnownFileType = sourcecode.swift; path = Button.swift; sourceTree = "<group>"; };
		023F9B3E1D2B18E8001966ED /* CollectionViewCell.swift */ = {isa = PBXFileReference; fileEncoding = 4; lastKnownFileType = sourcecode.swift; path = CollectionViewCell.swift; sourceTree = "<group>"; };
		023F9B3F1D2B18E8001966ED /* ColorPalette.swift */ = {isa = PBXFileReference; fileEncoding = 4; lastKnownFileType = sourcecode.swift; path = ColorPalette.swift; sourceTree = "<group>"; };
		023F9B401D2B18E8001966ED /* ImageView.swift */ = {isa = PBXFileReference; fileEncoding = 4; lastKnownFileType = sourcecode.swift; path = ImageView.swift; sourceTree = "<group>"; };
		023F9B421D2B18E8001966ED /* TableViewCell.swift */ = {isa = PBXFileReference; fileEncoding = 4; lastKnownFileType = sourcecode.swift; path = TableViewCell.swift; sourceTree = "<group>"; };
		023F9B431D2B18E8001966ED /* TableViewCellSubtitle.swift */ = {isa = PBXFileReference; fileEncoding = 4; lastKnownFileType = sourcecode.swift; path = TableViewCellSubtitle.swift; sourceTree = "<group>"; };
		023F9B441D2B18E8001966ED /* TableViewCellValue1.swift */ = {isa = PBXFileReference; fileEncoding = 4; lastKnownFileType = sourcecode.swift; path = TableViewCellValue1.swift; sourceTree = "<group>"; };
		023F9B451D2B18E8001966ED /* TableViewCellValue2.swift */ = {isa = PBXFileReference; fileEncoding = 4; lastKnownFileType = sourcecode.swift; path = TableViewCellValue2.swift; sourceTree = "<group>"; };
		023F9B461D2B18E8001966ED /* TextField.swift */ = {isa = PBXFileReference; fileEncoding = 4; lastKnownFileType = sourcecode.swift; path = TextField.swift; sourceTree = "<group>"; };
		023F9B921D2B19C2001966ED /* Images.swift */ = {isa = PBXFileReference; fileEncoding = 4; lastKnownFileType = sourcecode.swift; path = Images.swift; sourceTree = "<group>"; };
		023F9B951D2B4B8E001966ED /* CodeSnippet_CLLocationManager.swift */ = {isa = PBXFileReference; fileEncoding = 4; lastKnownFileType = sourcecode.swift; path = CodeSnippet_CLLocationManager.swift; sourceTree = "<group>"; };
		023F9B961D2B4B8E001966ED /* CodeSnippet_ImageAssets.swift */ = {isa = PBXFileReference; fileEncoding = 4; lastKnownFileType = sourcecode.swift; path = CodeSnippet_ImageAssets.swift; sourceTree = "<group>"; };
		023F9B971D2B4B8E001966ED /* CodeSnippet_UIButton.swift */ = {isa = PBXFileReference; fileEncoding = 4; lastKnownFileType = sourcecode.swift; path = CodeSnippet_UIButton.swift; sourceTree = "<group>"; };
		023F9B981D2B4B8E001966ED /* CodeSnippet_UILabel.swift */ = {isa = PBXFileReference; fileEncoding = 4; lastKnownFileType = sourcecode.swift; path = CodeSnippet_UILabel.swift; sourceTree = "<group>"; };
		023F9B991D2B4B8E001966ED /* CodeSnippet_UINavigationBar.swift */ = {isa = PBXFileReference; fileEncoding = 4; lastKnownFileType = sourcecode.swift; path = CodeSnippet_UINavigationBar.swift; sourceTree = "<group>"; };
		023F9B9A1D2B4B8E001966ED /* CodeSnippet_UITableView.swift */ = {isa = PBXFileReference; fileEncoding = 4; lastKnownFileType = sourcecode.swift; path = CodeSnippet_UITableView.swift; sourceTree = "<group>"; };
		023F9B9B1D2B4B8E001966ED /* CodeSnippet_UITableViewCell.swift */ = {isa = PBXFileReference; fileEncoding = 4; lastKnownFileType = sourcecode.swift; path = CodeSnippet_UITableViewCell.swift; sourceTree = "<group>"; };
		023F9B9C1D2B4B8E001966ED /* CodeSnippet_UITextField.swift */ = {isa = PBXFileReference; fileEncoding = 4; lastKnownFileType = sourcecode.swift; path = CodeSnippet_UITextField.swift; sourceTree = "<group>"; };
		023F9B9D1D2B4B8E001966ED /* CodeSnippet_UIView.swift */ = {isa = PBXFileReference; fileEncoding = 4; lastKnownFileType = sourcecode.swift; path = CodeSnippet_UIView.swift; sourceTree = "<group>"; };
		023F9B9E1D2B4B8E001966ED /* CodeSnippet_UIViewController.swift */ = {isa = PBXFileReference; fileEncoding = 4; lastKnownFileType = sourcecode.swift; path = CodeSnippet_UIViewController.swift; sourceTree = "<group>"; };
		023F9B9F1D2B4B8E001966ED /* CodeSnippet_ViewControllerContainment.swift */ = {isa = PBXFileReference; fileEncoding = 4; lastKnownFileType = sourcecode.swift; path = CodeSnippet_ViewControllerContainment.swift; sourceTree = "<group>"; };
		023F9BA01D2B4B8E001966ED /* CodeSnippets_AppDelegate.swift */ = {isa = PBXFileReference; fileEncoding = 4; lastKnownFileType = sourcecode.swift; path = CodeSnippets_AppDelegate.swift; sourceTree = "<group>"; };
		023F9BA11D2B4B8E001966ED /* CodeSnippets_ImageAsset.swift */ = {isa = PBXFileReference; fileEncoding = 4; lastKnownFileType = sourcecode.swift; path = CodeSnippets_ImageAsset.swift; sourceTree = "<group>"; };
		023F9BA21D2B4B8E001966ED /* CodeSnippets_NavigationItem.swift */ = {isa = PBXFileReference; fileEncoding = 4; lastKnownFileType = sourcecode.swift; path = CodeSnippets_NavigationItem.swift; sourceTree = "<group>"; };
		023F9BA31D2B4B8E001966ED /* CodeSnippets_NSDateFormatter.swift */ = {isa = PBXFileReference; fileEncoding = 4; lastKnownFileType = sourcecode.swift; path = CodeSnippets_NSDateFormatter.swift; sourceTree = "<group>"; };
		023F9BA41D2B4B8E001966ED /* CodeSnippets_Protocols.swift */ = {isa = PBXFileReference; fileEncoding = 4; lastKnownFileType = sourcecode.swift; path = CodeSnippets_Protocols.swift; sourceTree = "<group>"; };
		023F9BA51D2B4B8E001966ED /* CodeSnippets_Shadow.swift */ = {isa = PBXFileReference; fileEncoding = 4; lastKnownFileType = sourcecode.swift; path = CodeSnippets_Shadow.swift; sourceTree = "<group>"; };
		023F9BA61D2B4B8E001966ED /* CodeSnippets_Swizzling.swift */ = {isa = PBXFileReference; fileEncoding = 4; lastKnownFileType = sourcecode.swift; path = CodeSnippets_Swizzling.swift; sourceTree = "<group>"; };
		023F9BA71D2B4B8E001966ED /* CodeSnippets_UIDevice.swift */ = {isa = PBXFileReference; fileEncoding = 4; lastKnownFileType = sourcecode.swift; path = CodeSnippets_UIDevice.swift; sourceTree = "<group>"; };
		023F9BA81D2B4B8E001966ED /* CodeSnippets_UISegmentedControl.swift */ = {isa = PBXFileReference; fileEncoding = 4; lastKnownFileType = sourcecode.swift; path = CodeSnippets_UISegmentedControl.swift; sourceTree = "<group>"; };
		023F9BA91D2B4B8E001966ED /* CodeSnippets_UIVisualEffectView.swift */ = {isa = PBXFileReference; fileEncoding = 4; lastKnownFileType = sourcecode.swift; path = CodeSnippets_UIVisualEffectView.swift; sourceTree = "<group>"; };
		023F9BAB1D2B4B8E001966ED /* OrderedDictionary.swift */ = {isa = PBXFileReference; fileEncoding = 4; lastKnownFileType = sourcecode.swift; path = OrderedDictionary.swift; sourceTree = "<group>"; };
		02E194781D28537E00B35F1B /* CGRect+ExtensionsTests.swift */ = {isa = PBXFileReference; fileEncoding = 4; lastKnownFileType = sourcecode.swift; path = "CGRect+ExtensionsTests.swift"; sourceTree = "<group>"; };
		02E1947A1D28542D00B35F1B /* CGContext+ExtensionsTests.swift */ = {isa = PBXFileReference; fileEncoding = 4; lastKnownFileType = sourcecode.swift; path = "CGContext+ExtensionsTests.swift"; sourceTree = "<group>"; };
		02E1947E1D28629B00B35F1B /* UIView+GeometryTests.swift */ = {isa = PBXFileReference; fileEncoding = 4; lastKnownFileType = sourcecode.swift; path = "UIView+GeometryTests.swift"; sourceTree = "<group>"; };
		0FFF7924A0E59197E32ACB32 /* Pods_ChouTiTests.framework */ = {isa = PBXFileReference; explicitFileType = wrapper.framework; includeInIndex = 0; path = Pods_ChouTiTests.framework; sourceTree = BUILT_PRODUCTS_DIR; };
		1E67F76CDEEF53B4177281B4 /* Pods-ChouTi.debug.xcconfig */ = {isa = PBXFileReference; includeInIndex = 1; lastKnownFileType = text.xcconfig; name = "Pods-ChouTi.debug.xcconfig"; path = "Pods/Target Support Files/Pods-ChouTi/Pods-ChouTi.debug.xcconfig"; sourceTree = "<group>"; };
		2582D7686D9E144D59115335 /* Pods_ChouTi.framework */ = {isa = PBXFileReference; explicitFileType = wrapper.framework; includeInIndex = 0; path = Pods_ChouTi.framework; sourceTree = BUILT_PRODUCTS_DIR; };
		B8369B3E7DF13919F58D2E26 /* Pods-ChouTi.release.xcconfig */ = {isa = PBXFileReference; includeInIndex = 1; lastKnownFileType = text.xcconfig; name = "Pods-ChouTi.release.xcconfig"; path = "Pods/Target Support Files/Pods-ChouTi/Pods-ChouTi.release.xcconfig"; sourceTree = "<group>"; };
		CFF91EB292EA2A1C68B76AA1 /* Pods-ChouTiTests.release.xcconfig */ = {isa = PBXFileReference; includeInIndex = 1; lastKnownFileType = text.xcconfig; name = "Pods-ChouTiTests.release.xcconfig"; path = "Pods/Target Support Files/Pods-ChouTiTests/Pods-ChouTiTests.release.xcconfig"; sourceTree = "<group>"; };
		D94FE367641F0162F11D1A12 /* Pods-ChouTiTests.debug.xcconfig */ = {isa = PBXFileReference; includeInIndex = 1; lastKnownFileType = text.xcconfig; name = "Pods-ChouTiTests.debug.xcconfig"; path = "Pods/Target Support Files/Pods-ChouTiTests/Pods-ChouTiTests.debug.xcconfig"; sourceTree = "<group>"; };
/* End PBXFileReference section */

/* Begin PBXFrameworksBuildPhase section */
		0230508E1D2440DB00D7B190 /* Frameworks */ = {
			isa = PBXFrameworksBuildPhase;
			buildActionMask = 2147483647;
			files = (
				33D0F28DF0FDB41F0A6A0BC1 /* Pods_ChouTi.framework in Frameworks */,
			);
			runOnlyForDeploymentPostprocessing = 0;
		};
		023050991D2440DB00D7B190 /* Frameworks */ = {
			isa = PBXFrameworksBuildPhase;
			buildActionMask = 2147483647;
			files = (
				0230509D1D2440DB00D7B190 /* ChouTi.framework in Frameworks */,
				FC8011B3082D1EEA4FC12444 /* Pods_ChouTiTests.framework in Frameworks */,
			);
			runOnlyForDeploymentPostprocessing = 0;
		};
/* End PBXFrameworksBuildPhase section */

/* Begin PBXGroup section */
		023050881D2440DB00D7B190 = {
			isa = PBXGroup;
			children = (
				023050941D2440DB00D7B190 /* ChouTi */,
				023050A01D2440DB00D7B190 /* ChouTiTests */,
				023050931D2440DB00D7B190 /* Products */,
				6BF21BC51D6EE92CC6CF3805 /* Pods */,
				FADE80030ACA432B35AAB68A /* Frameworks */,
			);
			sourceTree = "<group>";
		};
		023050931D2440DB00D7B190 /* Products */ = {
			isa = PBXGroup;
			children = (
				023050921D2440DB00D7B190 /* ChouTi.framework */,
				0230509C1D2440DB00D7B190 /* ChouTiTests.xctest */,
			);
			name = Products;
			sourceTree = "<group>";
		};
		023050941D2440DB00D7B190 /* ChouTi */ = {
			isa = PBXGroup;
			children = (
				023050951D2440DB00D7B190 /* ChouTi.h */,
				023050971D2440DB00D7B190 /* Info.plist */,
				023050AC1D24418400D7B190 /* Source */,
				023051B91D24438A00D7B190 /* Resources */,
			);
			path = ChouTi;
			sourceTree = "<group>";
		};
		023050A01D2440DB00D7B190 /* ChouTiTests */ = {
			isa = PBXGroup;
			children = (
				023050A31D2440DB00D7B190 /* Info.plist */,
				023050A11D2440DB00D7B190 /* ChouTiTests.swift */,
				023051C21D244A1A00D7B190 /* ExtensionsTests */,
				023051CD1D244A2A00D7B190 /* UtilitiesTests */,
			);
			path = ChouTiTests;
			sourceTree = "<group>";
		};
		023050AC1D24418400D7B190 /* Source */ = {
			isa = PBXGroup;
			children = (
				023050AD1D24418400D7B190 /* iOS */,
				0230513F1D24418400D7B190 /* OSX */,
			);
			name = Source;
			path = ../../Source;
			sourceTree = "<group>";
		};
		023050AD1D24418400D7B190 /* iOS */ = {
			isa = PBXGroup;
			children = (
				023050B61D24418400D7B190 /* Attributes */,
				023F9AF31D2B18E8001966ED /* Core */,
				023050AE1D24418400D7B190 /* Animators */,
				023050CC1D24418400D7B190 /* CollectionViewLayouts */,
				023050F71D24418400D7B190 /* ThirdParty */,
				023F9A9C1D2B18C4001966ED /* UI */,
				023F9AC51D2B18C4001966ED /* Utilities */,
			);
			path = iOS;
			sourceTree = "<group>";
		};
		023050AE1D24418400D7B190 /* Animators */ = {
			isa = PBXGroup;
			children = (
				023050AF1D24418400D7B190 /* Animator.swift */,
				023050B01D24418400D7B190 /* DropPresentingAnimator */,
				023050B31D24418400D7B190 /* OverlayPresentationController.swift */,
				023050B41D24418400D7B190 /* ScalePresentingAnimator.swift */,
				023050B51D24418400D7B190 /* SlideUpAnimator.swift */,
			);
			path = Animators;
			sourceTree = "<group>";
		};
		023050B01D24418400D7B190 /* DropPresentingAnimator */ = {
			isa = PBXGroup;
			children = (
				023050B11D24418400D7B190 /* DropPresentingAnimator.swift */,
				023050B21D24418400D7B190 /* DropPresentingPresentationController.swift */,
			);
			path = DropPresentingAnimator;
			sourceTree = "<group>";
		};
		023050CC1D24418400D7B190 /* CollectionViewLayouts */ = {
			isa = PBXGroup;
			children = (
				023050CD1D24418400D7B190 /* TableLayout */,
			);
			path = CollectionViewLayouts;
			sourceTree = "<group>";
		};
		023050CD1D24418400D7B190 /* TableLayout */ = {
			isa = PBXGroup;
			children = (
				023050CE1D24418400D7B190 /* TableCollectionViewLayout.swift */,
				023050CF1D24418400D7B190 /* TableCollectionViewSeparatorView.swift */,
				023050D01D24418400D7B190 /* TextTableCollectionView.swift */,
				023050D11D24418400D7B190 /* TextTableCollectionViewCell.swift */,
			);
			path = TableLayout;
			sourceTree = "<group>";
		};
		023050F71D24418400D7B190 /* ThirdParty */ = {
			isa = PBXGroup;
			children = (
				023050F81D24418400D7B190 /* Parse */,
			);
			path = ThirdParty;
			sourceTree = "<group>";
		};
		023050F81D24418400D7B190 /* Parse */ = {
			isa = PBXGroup;
			children = (
				023050F91D24418400D7B190 /* Parse+Extensions.swift */,
				023050FA1D24418400D7B190 /* PFFile+Extensions.swift */,
			);
			path = Parse;
			sourceTree = "<group>";
		};
		0230513F1D24418400D7B190 /* OSX */ = {
			isa = PBXGroup;
			children = (
			);
			path = OSX;
			sourceTree = "<group>";
		};
		023051B91D24438A00D7B190 /* Resources */ = {
			isa = PBXGroup;
			children = (
				023051BA1D24438A00D7B190 /* Camera */,
			);
			name = Resources;
			path = ../../Resources;
			sourceTree = "<group>";
		};
		023051BA1D24438A00D7B190 /* Camera */ = {
			isa = PBXGroup;
			children = (
				023051BB1D24438A00D7B190 /* Camera.png */,
				023051BC1D24438A00D7B190 /* Camera@2x.png */,
				023051BD1D24438A00D7B190 /* Camera@3x.png */,
			);
			path = Camera;
			sourceTree = "<group>";
		};
		023051C21D244A1A00D7B190 /* ExtensionsTests */ = {
			isa = PBXGroup;
			children = (
				02E1947A1D28542D00B35F1B /* CGContext+ExtensionsTests.swift */,
				02E194781D28537E00B35F1B /* CGRect+ExtensionsTests.swift */,
				02E1947E1D28629B00B35F1B /* UIView+GeometryTests.swift */,
				023F9A7F1D28CE6B001966ED /* SequenceType+ExtensionsTests.swift */,
				023F9A791D28835D001966ED /* CollectionType+ExtensionsTests.swift */,
				023051C31D244A1A00D7B190 /* Dictionary+ExtensionsTests.swift */,
				023051C41D244A1A00D7B190 /* NSDate+ExtensionsTests.swift */,
				023051C51D244A1A00D7B190 /* NSObject+AssociatedObjectTests.swift */,
				023F9A831D296C81001966ED /* UIButton+ActionTests.swift */,
				023051C61D244A1A00D7B190 /* String+ExtensionsTests.swift */,
				023051C71D244A1A00D7B190 /* UIColor+ExtensionsTests.swift */,
			);
			path = ExtensionsTests;
			sourceTree = "<group>";
		};
		023051CD1D244A2A00D7B190 /* UtilitiesTests */ = {
			isa = PBXGroup;
			children = (
				023051CE1D244A2A00D7B190 /* DelayTaskTests.swift */,
				023F9A7B1D28AD65001966ED /* OperatorsTests.swift */,
			);
			path = UtilitiesTests;
			sourceTree = "<group>";
		};
		023F9A9C1D2B18C4001966ED /* UI */ = {
			isa = PBXGroup;
			children = (
				023F9A9D1D2B18C4001966ED /* AlertView */,
				023F9AA21D2B18C4001966ED /* AutoLinesLabel */,
				023F9AA41D2B18C4001966ED /* CIImageFilter.swift */,
				023F9AA51D2B18C4001966ED /* CollectionViewCells */,
				023F9AA61D2B18C4001966ED /* DatePickerViewController */,
				023F9AA91D2B18C4001966ED /* DropDownMenu */,
				023F9AAF1D2B18C4001966ED /* ImagePickerView.swift */,
				023F9AB01D2B18C4001966ED /* LoadingMorphingLabel */,
				023F9AB21D2B18C4001966ED /* MenuPageViewController */,
				023F9AB61D2B18C4001966ED /* NavigationBarStatusBar */,
				023F9AB91D2B18C4001966ED /* PageControl.swift */,
				023F9ABA1D2B18C4001966ED /* ProgressBarView.swift */,
				023F9ABB1D2B18C4001966ED /* RandomImageView.swift */,
				023F9ABC1D2B18C4001966ED /* SearchTextField.swift */,
				023F9ABD1D2B18C4001966ED /* SegmentedControl */,
				023F9ABF1D2B18C4001966ED /* SingleTitleContentPairView.swift */,
				023F9AC01D2B18C4001966ED /* SlideController */,
				023F9AC21D2B18C4001966ED /* TableViewCells */,
			);
			path = UI;
			sourceTree = "<group>";
		};
		023F9A9D1D2B18C4001966ED /* AlertView */ = {
			isa = PBXGroup;
			children = (
				023F9A9E1D2B18C4001966ED /* AlertAction.swift */,
				023F9A9F1D2B18C4001966ED /* AlertController.swift */,
				023F9AA01D2B18C4001966ED /* AlertView.swift */,
				023F9AA11D2B18C4001966ED /* AlertViewButton.swift */,
			);
			path = AlertView;
			sourceTree = "<group>";
		};
		023F9AA21D2B18C4001966ED /* AutoLinesLabel */ = {
			isa = PBXGroup;
			children = (
				023F9AA31D2B18C4001966ED /* AutoLinesLabel.swift */,
			);
			path = AutoLinesLabel;
			sourceTree = "<group>";
		};
		023F9AA51D2B18C4001966ED /* CollectionViewCells */ = {
			isa = PBXGroup;
			children = (
			);
			path = CollectionViewCells;
			sourceTree = "<group>";
		};
		023F9AA61D2B18C4001966ED /* DatePickerViewController */ = {
			isa = PBXGroup;
			children = (
				023F9AA71D2B18C4001966ED /* DatePickerController.swift */,
				023F9AA81D2B18C4001966ED /* DatePickerControllerDelagte.swift */,
			);
			path = DatePickerViewController;
			sourceTree = "<group>";
		};
		023F9AA91D2B18C4001966ED /* DropDownMenu */ = {
			isa = PBXGroup;
			children = (
				023F9AAA1D2B18C4001966ED /* DropDownMenu.swift */,
				023F9AAB1D2B18C4001966ED /* DropDownMenuAnimator.swift */,
				023F9AAC1D2B18C4001966ED /* DropDownMenuPickerViewController.swift */,
				023F9AAD1D2B18C4001966ED /* DropDownMenuPresentationController.swift */,
				023F9AAE1D2B18C4001966ED /* DropDownMenuProtocols.swift */,
			);
			path = DropDownMenu;
			sourceTree = "<group>";
		};
		023F9AB01D2B18C4001966ED /* LoadingMorphingLabel */ = {
			isa = PBXGroup;
			children = (
				023F9AB11D2B18C4001966ED /* LoadingMorphingLabel.swift */,
			);
			path = LoadingMorphingLabel;
			sourceTree = "<group>";
		};
		023F9AB21D2B18C4001966ED /* MenuPageViewController */ = {
			isa = PBXGroup;
			children = (
				023F9AB31D2B18C4001966ED /* MenuPageViewController.swift */,
				023F9AB41D2B18C4001966ED /* MenuView.swift */,
				023F9AB51D2B18C4001966ED /* PgaeViewController.swift */,
			);
			path = MenuPageViewController;
			sourceTree = "<group>";
		};
		023F9AB61D2B18C4001966ED /* NavigationBarStatusBar */ = {
			isa = PBXGroup;
			children = (
				023F9AB71D2B18C4001966ED /* NavigationBarStatusBar.swift */,
				023F9AB81D2B18C4001966ED /* UINavigationBar+StatusBar.swift */,
			);
			path = NavigationBarStatusBar;
			sourceTree = "<group>";
		};
		023F9ABD1D2B18C4001966ED /* SegmentedControl */ = {
			isa = PBXGroup;
			children = (
				023F9ABE1D2B18C4001966ED /* SegmentedControl.swift */,
			);
			path = SegmentedControl;
			sourceTree = "<group>";
		};
		023F9AC01D2B18C4001966ED /* SlideController */ = {
			isa = PBXGroup;
			children = (
				023F9AC11D2B18C4001966ED /* SlideController.swift */,
			);
			path = SlideController;
			sourceTree = "<group>";
		};
		023F9AC21D2B18C4001966ED /* TableViewCells */ = {
			isa = PBXGroup;
			children = (
				023F9AC31D2B18C4001966ED /* DatePickerCell.swift */,
				023F9AC41D2B18C4001966ED /* SeparatorCell.swift */,
			);
			path = TableViewCells;
			sourceTree = "<group>";
		};
		023F9AC51D2B18C4001966ED /* Utilities */ = {
			isa = PBXGroup;
			children = (
				023F9AC71D2B18C4001966ED /* Operations */,
				023F9AC91D2B18C4001966ED /* TableView+SectionRowExtensions */,
			);
			path = Utilities;
			sourceTree = "<group>";
		};
		023F9AC71D2B18C4001966ED /* Operations */ = {
			isa = PBXGroup;
			children = (
				023F9AC81D2B18C4001966ED /* Operation.swift */,
			);
			path = Operations;
			sourceTree = "<group>";
		};
		023F9AC91D2B18C4001966ED /* TableView+SectionRowExtensions */ = {
			isa = PBXGroup;
			children = (
				023F9ACA1D2B18C4001966ED /* TableView+Sections.swift */,
				023F9ACB1D2B18C4001966ED /* TableViewRow.swift */,
				023F9ACC1D2B18C4001966ED /* TableViewRowType.swift */,
				023F9ACD1D2B18C4001966ED /* TableViewSection.swift */,
				023F9ACE1D2B18C4001966ED /* TableViewSectionType.swift */,
			);
			path = "TableView+SectionRowExtensions";
			sourceTree = "<group>";
		};
		023F9AF31D2B18E8001966ED /* Core */ = {
			isa = PBXGroup;
			children = (
				023F9B941D2B4B8E001966ED /* CodeSnippets */,
				023F9BAA1D2B4B8E001966ED /* DataStructure */,
				023F9B0C1D2B18E8001966ED /* Extensions */,
				023F9B301D2B18E8001966ED /* Miscellaneous */,
				023F9B371D2B18E8001966ED /* Protocols */,
				023F9B3B1D2B18E8001966ED /* UI */,
			);
			path = Core;
			sourceTree = "<group>";
		};
		023F9B0C1D2B18E8001966ED /* Extensions */ = {
			isa = PBXGroup;
			children = (
				023F9B0D1D2B18E8001966ED /* CGContext+Extensions.swift */,
				023F9B0E1D2B18E8001966ED /* CGRect+Extensions.swift */,
				023F9B0F1D2B18E8001966ED /* CollectionType+Extensions.swift */,
				023F9B101D2B18E8001966ED /* Dictionary+Extensions.swift */,
				023F9B111D2B18E8001966ED /* NSCalendar+Extensions.swift */,
				023F9B121D2B18E8001966ED /* NSDate+Extensions.swift */,
				023F9B131D2B18E8001966ED /* NSLayoutConstraint+Extensions.swift */,
				023F9B141D2B18E8001966ED /* NSObject+AssociatedObject.swift */,
				023F9B151D2B18E8001966ED /* NSObject+Observation.swift */,
				023F9B161D2B18E8001966ED /* NSRegularExpression+Extensions.swift */,
				023F9B171D2B18E8001966ED /* NSTimeZone+Extensions.swift */,
				023F9B181D2B18E8001966ED /* Numbers+Extensions.swift */,
				023F9B191D2B18E8001966ED /* Optional+Extensions.swift */,
				023F9B1A1D2B18E8001966ED /* SequenceType+Extensions.swift */,
				023F9B1B1D2B18E8001966ED /* String+Extensions.swift */,
				023F9B1C1D2B18E8001966ED /* UIButton+Action.swift */,
				023F9B1D1D2B18E8001966ED /* UIButton+Extensions.swift */,
				023F9B1E1D2B18E8001966ED /* UIColor+Extensions.swift */,
				023F9B1F1D2B18E8001966ED /* UIFont+Extensions.swift */,
				023F9B201D2B18E8001966ED /* UIGestureRecognizer+Extensions.swift */,
				023F9B211D2B18E8001966ED /* UIImage+Extensions.swift */,
				023F9B221D2B18E8001966ED /* UILable+Extensions.swift */,
				023F9B231D2B18E8001966ED /* UINavigationBar+Extensions.swift */,
				023F9B241D2B18E8001966ED /* UINavigationController+Extensions.swift */,
				023F9B251D2B18E8001966ED /* UIScreen+Extensions.swift */,
				023F9B261D2B18E8001966ED /* UIScrollView+Extensions.swift */,
				023F9B271D2B18E8001966ED /* UISearchBar+Extensions.swift */,
				023F9B281D2B18E8001966ED /* UIStackView+Extensions.swift */,
				023F9B291D2B18E8001966ED /* UITableView+Extensions.swift */,
				023F9B2A1D2B18E8001966ED /* UITableViewCell+Extensions.swift */,
				023F9B2B1D2B18E8001966ED /* UIView+Animations.swift */,
				023F9B2C1D2B18E8001966ED /* UIView+Extensions.swift */,
				023F9B2D1D2B18E8001966ED /* UIView+Geometry.swift */,
				023F9B2E1D2B18E8001966ED /* UIView+OverlayView.swift */,
				023F9B2F1D2B18E8001966ED /* UIViewController+Extensions.swift */,
			);
			path = Extensions;
			sourceTree = "<group>";
		};
		023F9B301D2B18E8001966ED /* Miscellaneous */ = {
			isa = PBXGroup;
			children = (
				023F9B311D2B18E8001966ED /* Constants.swift */,
				023F9B321D2B18E8001966ED /* DelayedTask.swift */,
				023F9B331D2B18E8001966ED /* Operators.swift */,
				023F9B341D2B18E8001966ED /* ResourceBundle.swift */,
				023F9B351D2B18E8001966ED /* StructWrapper.swift */,
				023F9B361D2B18E8001966ED /* Utility.swift */,
			);
			path = Miscellaneous;
			sourceTree = "<group>";
		};
		023F9B371D2B18E8001966ED /* Protocols */ = {
			isa = PBXGroup;
			children = (
				023F9B381D2B18E8001966ED /* Analytics.swift */,
				023F9B391D2B18E8001966ED /* CollectionViewCellInfo.swift */,
				023F9B3A1D2B18E8001966ED /* TableView+Registrable.swift */,
			);
			path = Protocols;
			sourceTree = "<group>";
		};
		023F9B3B1D2B18E8001966ED /* UI */ = {
			isa = PBXGroup;
			children = (
				023F9B921D2B19C2001966ED /* Images.swift */,
				023F9B3C1D2B18E8001966ED /* Button.swift */,
				023F9B3D1D2B18E8001966ED /* CollectionViewCells */,
				023F9B3F1D2B18E8001966ED /* ColorPalette.swift */,
				023F9B401D2B18E8001966ED /* ImageView.swift */,
				023F9B411D2B18E8001966ED /* TableViewCells */,
				023F9B461D2B18E8001966ED /* TextField.swift */,
			);
			path = UI;
			sourceTree = "<group>";
		};
		023F9B3D1D2B18E8001966ED /* CollectionViewCells */ = {
			isa = PBXGroup;
			children = (
				023F9B3E1D2B18E8001966ED /* CollectionViewCell.swift */,
			);
			path = CollectionViewCells;
			sourceTree = "<group>";
		};
		023F9B411D2B18E8001966ED /* TableViewCells */ = {
			isa = PBXGroup;
			children = (
				023F9B421D2B18E8001966ED /* TableViewCell.swift */,
				023F9B431D2B18E8001966ED /* TableViewCellSubtitle.swift */,
				023F9B441D2B18E8001966ED /* TableViewCellValue1.swift */,
				023F9B451D2B18E8001966ED /* TableViewCellValue2.swift */,
			);
			path = TableViewCells;
			sourceTree = "<group>";
		};
		023F9B941D2B4B8E001966ED /* CodeSnippets */ = {
			isa = PBXGroup;
			children = (
				023F9B951D2B4B8E001966ED /* CodeSnippet_CLLocationManager.swift */,
				023F9B961D2B4B8E001966ED /* CodeSnippet_ImageAssets.swift */,
				023F9B971D2B4B8E001966ED /* CodeSnippet_UIButton.swift */,
				023F9B981D2B4B8E001966ED /* CodeSnippet_UILabel.swift */,
				023F9B991D2B4B8E001966ED /* CodeSnippet_UINavigationBar.swift */,
				023F9B9A1D2B4B8E001966ED /* CodeSnippet_UITableView.swift */,
				023F9B9B1D2B4B8E001966ED /* CodeSnippet_UITableViewCell.swift */,
				023F9B9C1D2B4B8E001966ED /* CodeSnippet_UITextField.swift */,
				023F9B9D1D2B4B8E001966ED /* CodeSnippet_UIView.swift */,
				023F9B9E1D2B4B8E001966ED /* CodeSnippet_UIViewController.swift */,
				023F9B9F1D2B4B8E001966ED /* CodeSnippet_ViewControllerContainment.swift */,
				023F9BA01D2B4B8E001966ED /* CodeSnippets_AppDelegate.swift */,
				023F9BA11D2B4B8E001966ED /* CodeSnippets_ImageAsset.swift */,
				023F9BA21D2B4B8E001966ED /* CodeSnippets_NavigationItem.swift */,
				023F9BA31D2B4B8E001966ED /* CodeSnippets_NSDateFormatter.swift */,
				023F9BA41D2B4B8E001966ED /* CodeSnippets_Protocols.swift */,
				023F9BA51D2B4B8E001966ED /* CodeSnippets_Shadow.swift */,
				023F9BA61D2B4B8E001966ED /* CodeSnippets_Swizzling.swift */,
				023F9BA71D2B4B8E001966ED /* CodeSnippets_UIDevice.swift */,
				023F9BA81D2B4B8E001966ED /* CodeSnippets_UISegmentedControl.swift */,
				023F9BA91D2B4B8E001966ED /* CodeSnippets_UIVisualEffectView.swift */,
			);
			path = CodeSnippets;
			sourceTree = "<group>";
		};
		023F9BAA1D2B4B8E001966ED /* DataStructure */ = {
			isa = PBXGroup;
			children = (
				023F9BAB1D2B4B8E001966ED /* OrderedDictionary.swift */,
			);
			path = DataStructure;
			sourceTree = "<group>";
		};
		6BF21BC51D6EE92CC6CF3805 /* Pods */ = {
			isa = PBXGroup;
			children = (
				1E67F76CDEEF53B4177281B4 /* Pods-ChouTi.debug.xcconfig */,
				B8369B3E7DF13919F58D2E26 /* Pods-ChouTi.release.xcconfig */,
				D94FE367641F0162F11D1A12 /* Pods-ChouTiTests.debug.xcconfig */,
				CFF91EB292EA2A1C68B76AA1 /* Pods-ChouTiTests.release.xcconfig */,
			);
			name = Pods;
			sourceTree = "<group>";
		};
		FADE80030ACA432B35AAB68A /* Frameworks */ = {
			isa = PBXGroup;
			children = (
				2582D7686D9E144D59115335 /* Pods_ChouTi.framework */,
				0FFF7924A0E59197E32ACB32 /* Pods_ChouTiTests.framework */,
			);
			name = Frameworks;
			sourceTree = "<group>";
		};
/* End PBXGroup section */

/* Begin PBXHeadersBuildPhase section */
		0230508F1D2440DB00D7B190 /* Headers */ = {
			isa = PBXHeadersBuildPhase;
			buildActionMask = 2147483647;
			files = (
				023050961D2440DB00D7B190 /* ChouTi.h in Headers */,
			);
			runOnlyForDeploymentPostprocessing = 0;
		};
/* End PBXHeadersBuildPhase section */

/* Begin PBXNativeTarget section */
		023050911D2440DB00D7B190 /* ChouTi */ = {
			isa = PBXNativeTarget;
			buildConfigurationList = 023050A61D2440DB00D7B190 /* Build configuration list for PBXNativeTarget "ChouTi" */;
			buildPhases = (
				5ACD2D9B1AAC87284F0D945D /* [CP] Check Pods Manifest.lock */,
				0230508D1D2440DB00D7B190 /* Sources */,
				0230508E1D2440DB00D7B190 /* Frameworks */,
				0230508F1D2440DB00D7B190 /* Headers */,
				023050901D2440DB00D7B190 /* Resources */,
				AE54F45AF1692147FD75E568 /* [CP] Copy Pods Resources */,
			);
			buildRules = (
			);
			dependencies = (
			);
			name = ChouTi;
			productName = ChouTi;
			productReference = 023050921D2440DB00D7B190 /* ChouTi.framework */;
			productType = "com.apple.product-type.framework";
		};
		0230509B1D2440DB00D7B190 /* ChouTiTests */ = {
			isa = PBXNativeTarget;
			buildConfigurationList = 023050A91D2440DB00D7B190 /* Build configuration list for PBXNativeTarget "ChouTiTests" */;
			buildPhases = (
				68402E0C24DD2AAF2E191DF6 /* [CP] Check Pods Manifest.lock */,
				023050981D2440DB00D7B190 /* Sources */,
				023050991D2440DB00D7B190 /* Frameworks */,
				0230509A1D2440DB00D7B190 /* Resources */,
				9395E6A638D22EEB88891EB9 /* [CP] Embed Pods Frameworks */,
				8212CEF7038FD98742488458 /* [CP] Copy Pods Resources */,
			);
			buildRules = (
			);
			dependencies = (
				0230509F1D2440DB00D7B190 /* PBXTargetDependency */,
			);
			name = ChouTiTests;
			productName = ChouTiTests;
			productReference = 0230509C1D2440DB00D7B190 /* ChouTiTests.xctest */;
			productType = "com.apple.product-type.bundle.unit-test";
		};
/* End PBXNativeTarget section */

/* Begin PBXProject section */
		023050891D2440DB00D7B190 /* Project object */ = {
			isa = PBXProject;
			attributes = {
				LastSwiftUpdateCheck = 0730;
				LastUpgradeCheck = 0730;
				ORGANIZATIONNAME = Honghaoz;
				TargetAttributes = {
					023050911D2440DB00D7B190 = {
						CreatedOnToolsVersion = 7.3.1;
					};
					0230509B1D2440DB00D7B190 = {
						CreatedOnToolsVersion = 7.3.1;
					};
				};
			};
			buildConfigurationList = 0230508C1D2440DB00D7B190 /* Build configuration list for PBXProject "ChouTi" */;
			compatibilityVersion = "Xcode 3.2";
			developmentRegion = English;
			hasScannedForEncodings = 0;
			knownRegions = (
				en,
			);
			mainGroup = 023050881D2440DB00D7B190;
			productRefGroup = 023050931D2440DB00D7B190 /* Products */;
			projectDirPath = "";
			projectRoot = "";
			targets = (
				023050911D2440DB00D7B190 /* ChouTi */,
				0230509B1D2440DB00D7B190 /* ChouTiTests */,
			);
		};
/* End PBXProject section */

/* Begin PBXResourcesBuildPhase section */
		023050901D2440DB00D7B190 /* Resources */ = {
			isa = PBXResourcesBuildPhase;
			buildActionMask = 2147483647;
			files = (
				023051BE1D24438A00D7B190 /* Camera.png in Resources */,
				023051DB1D24514300D7B190 /* Attributes in Resources */,
				023051C01D24438A00D7B190 /* Camera@3x.png in Resources */,
				023051BF1D24438A00D7B190 /* Camera@2x.png in Resources */,
			);
			runOnlyForDeploymentPostprocessing = 0;
		};
		0230509A1D2440DB00D7B190 /* Resources */ = {
			isa = PBXResourcesBuildPhase;
			buildActionMask = 2147483647;
			files = (
			);
			runOnlyForDeploymentPostprocessing = 0;
		};
/* End PBXResourcesBuildPhase section */

/* Begin PBXShellScriptBuildPhase section */
		5ACD2D9B1AAC87284F0D945D /* [CP] Check Pods Manifest.lock */ = {
			isa = PBXShellScriptBuildPhase;
			buildActionMask = 2147483647;
			files = (
			);
			inputPaths = (
			);
			name = "[CP] Check Pods Manifest.lock";
			outputPaths = (
			);
			runOnlyForDeploymentPostprocessing = 0;
			shellPath = /bin/sh;
			shellScript = "diff \"${PODS_ROOT}/../Podfile.lock\" \"${PODS_ROOT}/Manifest.lock\" > /dev/null\nif [[ $? != 0 ]] ; then\n    cat << EOM\nerror: The sandbox is not in sync with the Podfile.lock. Run 'pod install' or update your CocoaPods installation.\nEOM\n    exit 1\nfi\n";
			showEnvVarsInLog = 0;
		};
		68402E0C24DD2AAF2E191DF6 /* [CP] Check Pods Manifest.lock */ = {
			isa = PBXShellScriptBuildPhase;
			buildActionMask = 2147483647;
			files = (
			);
			inputPaths = (
			);
			name = "[CP] Check Pods Manifest.lock";
			outputPaths = (
			);
			runOnlyForDeploymentPostprocessing = 0;
			shellPath = /bin/sh;
			shellScript = "diff \"${PODS_ROOT}/../Podfile.lock\" \"${PODS_ROOT}/Manifest.lock\" > /dev/null\nif [[ $? != 0 ]] ; then\n    cat << EOM\nerror: The sandbox is not in sync with the Podfile.lock. Run 'pod install' or update your CocoaPods installation.\nEOM\n    exit 1\nfi\n";
			showEnvVarsInLog = 0;
		};
		8212CEF7038FD98742488458 /* [CP] Copy Pods Resources */ = {
			isa = PBXShellScriptBuildPhase;
			buildActionMask = 2147483647;
			files = (
			);
			inputPaths = (
			);
			name = "[CP] Copy Pods Resources";
			outputPaths = (
			);
			runOnlyForDeploymentPostprocessing = 0;
			shellPath = /bin/sh;
			shellScript = "\"${SRCROOT}/Pods/Target Support Files/Pods-ChouTiTests/Pods-ChouTiTests-resources.sh\"\n";
			showEnvVarsInLog = 0;
		};
		9395E6A638D22EEB88891EB9 /* [CP] Embed Pods Frameworks */ = {
			isa = PBXShellScriptBuildPhase;
			buildActionMask = 2147483647;
			files = (
			);
			inputPaths = (
			);
			name = "[CP] Embed Pods Frameworks";
			outputPaths = (
			);
			runOnlyForDeploymentPostprocessing = 0;
			shellPath = /bin/sh;
			shellScript = "\"${SRCROOT}/Pods/Target Support Files/Pods-ChouTiTests/Pods-ChouTiTests-frameworks.sh\"\n";
			showEnvVarsInLog = 0;
		};
		AE54F45AF1692147FD75E568 /* [CP] Copy Pods Resources */ = {
			isa = PBXShellScriptBuildPhase;
			buildActionMask = 2147483647;
			files = (
			);
			inputPaths = (
			);
			name = "[CP] Copy Pods Resources";
			outputPaths = (
			);
			runOnlyForDeploymentPostprocessing = 0;
			shellPath = /bin/sh;
			shellScript = "\"${SRCROOT}/Pods/Target Support Files/Pods-ChouTi/Pods-ChouTi-resources.sh\"\n";
			showEnvVarsInLog = 0;
		};
/* End PBXShellScriptBuildPhase section */

/* Begin PBXSourcesBuildPhase section */
		0230508D1D2440DB00D7B190 /* Sources */ = {
			isa = PBXSourcesBuildPhase;
			buildActionMask = 2147483647;
			files = (
				023051431D24418400D7B190 /* OverlayPresentationController.swift in Sources */,
				023F9B911D2B18E8001966ED /* TextField.swift in Sources */,
				023F9BB61D2B4B8E001966ED /* CodeSnippet_ViewControllerContainment.swift in Sources */,
				023F9AF21D2B18C4001966ED /* TableViewSectionType.swift in Sources */,
				023F9B7C1D2B18E8001966ED /* UIView+Extensions.swift in Sources */,
				0230515E1D24418400D7B190 /* TextTableCollectionViewCell.swift in Sources */,
				023F9AEF1D2B18C4001966ED /* TableViewRow.swift in Sources */,
				023F9B801D2B18E8001966ED /* Constants.swift in Sources */,
				023F9AF11D2B18C4001966ED /* TableViewSection.swift in Sources */,
				023F9B8F1D2B18E8001966ED /* TableViewCellValue1.swift in Sources */,
				023F9BBC1D2B4B8E001966ED /* CodeSnippets_Shadow.swift in Sources */,
				023F9B6C1D2B18E8001966ED /* UIButton+Action.swift in Sources */,
				023F9BB71D2B4B8E001966ED /* CodeSnippets_AppDelegate.swift in Sources */,
				023F9B671D2B18E8001966ED /* NSTimeZone+Extensions.swift in Sources */,
				023051411D24418400D7B190 /* DropPresentingAnimator.swift in Sources */,
				023F9BBA1D2B4B8E001966ED /* CodeSnippets_NSDateFormatter.swift in Sources */,
				023F9B7D1D2B18E8001966ED /* UIView+Geometry.swift in Sources */,
				023F9AD41D2B18C4001966ED /* CIImageFilter.swift in Sources */,
				023F9B681D2B18E8001966ED /* Numbers+Extensions.swift in Sources */,
				023F9ADC1D2B18C4001966ED /* ImagePickerView.swift in Sources */,
				023F9AD91D2B18C4001966ED /* DropDownMenuPickerViewController.swift in Sources */,
				023F9B6F1D2B18E8001966ED /* UIFont+Extensions.swift in Sources */,
				023F9ADE1D2B18C4001966ED /* MenuPageViewController.swift in Sources */,
				023F9B831D2B18E8001966ED /* ResourceBundle.swift in Sources */,
				023F9BB01D2B4B8E001966ED /* CodeSnippet_UINavigationBar.swift in Sources */,
				023F9BBD1D2B4B8E001966ED /* CodeSnippets_Swizzling.swift in Sources */,
				023F9BC01D2B4B8E001966ED /* CodeSnippets_UIVisualEffectView.swift in Sources */,
				023F9ADD1D2B18C4001966ED /* LoadingMorphingLabel.swift in Sources */,
				023F9B6A1D2B18E8001966ED /* SequenceType+Extensions.swift in Sources */,
				023F9B611D2B18E8001966ED /* NSCalendar+Extensions.swift in Sources */,
				023F9B791D2B18E8001966ED /* UITableView+Extensions.swift in Sources */,
				023F9BB81D2B4B8E001966ED /* CodeSnippets_ImageAsset.swift in Sources */,
				023F9AED1D2B18C4001966ED /* Operation.swift in Sources */,
				023F9BB91D2B4B8E001966ED /* CodeSnippets_NavigationItem.swift in Sources */,
				023F9ADA1D2B18C4001966ED /* DropDownMenuPresentationController.swift in Sources */,
				023F9B621D2B18E8001966ED /* NSDate+Extensions.swift in Sources */,
				023F9BAD1D2B4B8E001966ED /* CodeSnippet_ImageAssets.swift in Sources */,
				023F9AD21D2B18C4001966ED /* AlertViewButton.swift in Sources */,
				023F9AD71D2B18C4001966ED /* DropDownMenu.swift in Sources */,
				023F9B731D2B18E8001966ED /* UINavigationBar+Extensions.swift in Sources */,
				023F9B761D2B18E8001966ED /* UIScrollView+Extensions.swift in Sources */,
				023F9AE91D2B18C4001966ED /* SlideController.swift in Sources */,
				023F9B6D1D2B18E8001966ED /* UIButton+Extensions.swift in Sources */,
				023F9AE61D2B18C4001966ED /* SearchTextField.swift in Sources */,
				023F9B811D2B18E8001966ED /* DelayedTask.swift in Sources */,
				023F9BAE1D2B4B8E001966ED /* CodeSnippet_UIButton.swift in Sources */,
				023F9B8D1D2B18E8001966ED /* TableViewCell.swift in Sources */,
				023F9B781D2B18E8001966ED /* UIStackView+Extensions.swift in Sources */,
				023F9B701D2B18E8001966ED /* UIGestureRecognizer+Extensions.swift in Sources */,
				023051401D24418400D7B190 /* Animator.swift in Sources */,
				023F9B931D2B19C2001966ED /* Images.swift in Sources */,
				023F9AD01D2B18C4001966ED /* AlertController.swift in Sources */,
				023F9AE81D2B18C4001966ED /* SingleTitleContentPairView.swift in Sources */,
				023F9BB41D2B4B8E001966ED /* CodeSnippet_UIView.swift in Sources */,
				023F9B8B1D2B18E8001966ED /* ColorPalette.swift in Sources */,
				023F9AF01D2B18C4001966ED /* TableViewRowType.swift in Sources */,
				023F9B8C1D2B18E8001966ED /* ImageView.swift in Sources */,
				023F9AEE1D2B18C4001966ED /* TableView+Sections.swift in Sources */,
				023F9B861D2B18E8001966ED /* Analytics.swift in Sources */,
				023F9BB31D2B4B8E001966ED /* CodeSnippet_UITextField.swift in Sources */,
				023051451D24418400D7B190 /* SlideUpAnimator.swift in Sources */,
				023F9B5D1D2B18E8001966ED /* CGContext+Extensions.swift in Sources */,
				023051421D24418400D7B190 /* DropPresentingPresentationController.swift in Sources */,
				023F9AD81D2B18C4001966ED /* DropDownMenuAnimator.swift in Sources */,
				023F9B881D2B18E8001966ED /* TableView+Registrable.swift in Sources */,
				023F9BBE1D2B4B8E001966ED /* CodeSnippets_UIDevice.swift in Sources */,
				023F9B7E1D2B18E8001966ED /* UIView+OverlayView.swift in Sources */,
				023F9ACF1D2B18C4001966ED /* AlertAction.swift in Sources */,
				023F9B691D2B18E8001966ED /* Optional+Extensions.swift in Sources */,
				023F9B5E1D2B18E8001966ED /* CGRect+Extensions.swift in Sources */,
				023F9B751D2B18E8001966ED /* UIScreen+Extensions.swift in Sources */,
				023F9AD11D2B18C4001966ED /* AlertView.swift in Sources */,
				0230515C1D24418400D7B190 /* TableCollectionViewSeparatorView.swift in Sources */,
				023F9B7A1D2B18E8001966ED /* UITableViewCell+Extensions.swift in Sources */,
				023F9AE21D2B18C4001966ED /* UINavigationBar+StatusBar.swift in Sources */,
				023F9BC11D2B4B8E001966ED /* OrderedDictionary.swift in Sources */,
				023F9BBB1D2B4B8E001966ED /* CodeSnippets_Protocols.swift in Sources */,
				023F9B601D2B18E8001966ED /* Dictionary+Extensions.swift in Sources */,
				023F9B741D2B18E8001966ED /* UINavigationController+Extensions.swift in Sources */,
				023F9B7B1D2B18E8001966ED /* UIView+Animations.swift in Sources */,
				023F9AD61D2B18C4001966ED /* DatePickerControllerDelagte.swift in Sources */,
				023F9B771D2B18E8001966ED /* UISearchBar+Extensions.swift in Sources */,
				023F9B851D2B18E8001966ED /* Utility.swift in Sources */,
				023F9AE41D2B18C4001966ED /* ProgressBarView.swift in Sources */,
				023F9AEA1D2B18C4001966ED /* DatePickerCell.swift in Sources */,
				023F9B821D2B18E8001966ED /* Operators.swift in Sources */,
				023F9B8E1D2B18E8001966ED /* TableViewCellSubtitle.swift in Sources */,
				023F9AE71D2B18C4001966ED /* SegmentedControl.swift in Sources */,
				023F9ADB1D2B18C4001966ED /* DropDownMenuProtocols.swift in Sources */,
				023F9AE51D2B18C4001966ED /* RandomImageView.swift in Sources */,
				023F9BAF1D2B4B8E001966ED /* CodeSnippet_UILabel.swift in Sources */,
				023F9BB21D2B4B8E001966ED /* CodeSnippet_UITableViewCell.swift in Sources */,
				023F9B7F1D2B18E8001966ED /* UIViewController+Extensions.swift in Sources */,
				023F9B8A1D2B18E8001966ED /* CollectionViewCell.swift in Sources */,
				023F9B651D2B18E8001966ED /* NSObject+Observation.swift in Sources */,
				023F9AD51D2B18C4001966ED /* DatePickerController.swift in Sources */,
				023F9AEB1D2B18C4001966ED /* SeparatorCell.swift in Sources */,
				023F9B721D2B18E8001966ED /* UILable+Extensions.swift in Sources */,
				023F9AE11D2B18C4001966ED /* NavigationBarStatusBar.swift in Sources */,
				023F9BBF1D2B4B8E001966ED /* CodeSnippets_UISegmentedControl.swift in Sources */,
				023F9B661D2B18E8001966ED /* NSRegularExpression+Extensions.swift in Sources */,
				023F9ADF1D2B18C4001966ED /* MenuView.swift in Sources */,
				0230515B1D24418400D7B190 /* TableCollectionViewLayout.swift in Sources */,
				023F9B641D2B18E8001966ED /* NSObject+AssociatedObject.swift in Sources */,
				023F9B711D2B18E8001966ED /* UIImage+Extensions.swift in Sources */,
				0230515D1D24418400D7B190 /* TextTableCollectionView.swift in Sources */,
				023F9BB11D2B4B8E001966ED /* CodeSnippet_UITableView.swift in Sources */,
				023F9B841D2B18E8001966ED /* StructWrapper.swift in Sources */,
				023F9B6B1D2B18E8001966ED /* String+Extensions.swift in Sources */,
				023F9B5F1D2B18E8001966ED /* CollectionType+Extensions.swift in Sources */,
				023F9B6E1D2B18E8001966ED /* UIColor+Extensions.swift in Sources */,
				023F9AE31D2B18C4001966ED /* PageControl.swift in Sources */,
				023051441D24418400D7B190 /* ScalePresentingAnimator.swift in Sources */,
				023F9B871D2B18E8001966ED /* CollectionViewCellInfo.swift in Sources */,
				023F9AD31D2B18C4001966ED /* AutoLinesLabel.swift in Sources */,
				023F9B631D2B18E8001966ED /* NSLayoutConstraint+Extensions.swift in Sources */,
				023F9AE01D2B18C4001966ED /* PgaeViewController.swift in Sources */,
				023F9B901D2B18E8001966ED /* TableViewCellValue2.swift in Sources */,
				023F9BAC1D2B4B8E001966ED /* CodeSnippet_CLLocationManager.swift in Sources */,
				023F9B891D2B18E8001966ED /* Button.swift in Sources */,
				023F9BB51D2B4B8E001966ED /* CodeSnippet_UIViewController.swift in Sources */,
			);
			runOnlyForDeploymentPostprocessing = 0;
		};
		023050981D2440DB00D7B190 /* Sources */ = {
			isa = PBXSourcesBuildPhase;
			buildActionMask = 2147483647;
			files = (
				023F9A801D28CE6B001966ED /* SequenceType+ExtensionsTests.swift in Sources */,
				02E1947F1D28629B00B35F1B /* UIView+GeometryTests.swift in Sources */,
				023F9A7A1D28835D001966ED /* CollectionType+ExtensionsTests.swift in Sources */,
				023F9A841D296C81001966ED /* UIButton+ActionTests.swift in Sources */,
				023051DA1D244D2300D7B190 /* DelayTaskTests.swift in Sources */,
				023051D81D244D2000D7B190 /* String+ExtensionsTests.swift in Sources */,
				023051D91D244D2000D7B190 /* UIColor+ExtensionsTests.swift in Sources */,
				023F9A7C1D28AD65001966ED /* OperatorsTests.swift in Sources */,
				023051D51D244D2000D7B190 /* Dictionary+ExtensionsTests.swift in Sources */,
				023051D61D244D2000D7B190 /* NSDate+ExtensionsTests.swift in Sources */,
				02E1947B1D28542D00B35F1B /* CGContext+ExtensionsTests.swift in Sources */,
				02E194791D28537E00B35F1B /* CGRect+ExtensionsTests.swift in Sources */,
				023050A21D2440DB00D7B190 /* ChouTiTests.swift in Sources */,
				023051D71D244D2000D7B190 /* NSObject+AssociatedObjectTests.swift in Sources */,
			);
			runOnlyForDeploymentPostprocessing = 0;
		};
/* End PBXSourcesBuildPhase section */

/* Begin PBXTargetDependency section */
		0230509F1D2440DB00D7B190 /* PBXTargetDependency */ = {
			isa = PBXTargetDependency;
			target = 023050911D2440DB00D7B190 /* ChouTi */;
			targetProxy = 0230509E1D2440DB00D7B190 /* PBXContainerItemProxy */;
		};
/* End PBXTargetDependency section */

/* Begin XCBuildConfiguration section */
		023050A41D2440DB00D7B190 /* Debug */ = {
			isa = XCBuildConfiguration;
			buildSettings = {
				ALWAYS_SEARCH_USER_PATHS = NO;
				CLANG_ANALYZER_NONNULL = YES;
				CLANG_CXX_LANGUAGE_STANDARD = "gnu++0x";
				CLANG_CXX_LIBRARY = "libc++";
				CLANG_ENABLE_MODULES = YES;
				CLANG_ENABLE_OBJC_ARC = YES;
				CLANG_WARN_BOOL_CONVERSION = YES;
				CLANG_WARN_CONSTANT_CONVERSION = YES;
				CLANG_WARN_DIRECT_OBJC_ISA_USAGE = YES_ERROR;
				CLANG_WARN_EMPTY_BODY = YES;
				CLANG_WARN_ENUM_CONVERSION = YES;
				CLANG_WARN_INT_CONVERSION = YES;
				CLANG_WARN_OBJC_ROOT_CLASS = YES_ERROR;
				CLANG_WARN_UNREACHABLE_CODE = YES;
				CLANG_WARN__DUPLICATE_METHOD_MATCH = YES;
				"CODE_SIGN_IDENTITY[sdk=iphoneos*]" = "iPhone Developer";
				COPY_PHASE_STRIP = NO;
				CURRENT_PROJECT_VERSION = 1;
				DEBUG_INFORMATION_FORMAT = dwarf;
				ENABLE_STRICT_OBJC_MSGSEND = YES;
				ENABLE_TESTABILITY = YES;
				GCC_C_LANGUAGE_STANDARD = gnu99;
				GCC_DYNAMIC_NO_PIC = NO;
				GCC_NO_COMMON_BLOCKS = YES;
				GCC_OPTIMIZATION_LEVEL = 0;
				GCC_PREPROCESSOR_DEFINITIONS = (
					"DEBUG=1",
					"$(inherited)",
				);
				GCC_WARN_64_TO_32_BIT_CONVERSION = YES;
				GCC_WARN_ABOUT_RETURN_TYPE = YES_ERROR;
				GCC_WARN_UNDECLARED_SELECTOR = YES;
				GCC_WARN_UNINITIALIZED_AUTOS = YES_AGGRESSIVE;
				GCC_WARN_UNUSED_FUNCTION = YES;
				GCC_WARN_UNUSED_VARIABLE = YES;
				IPHONEOS_DEPLOYMENT_TARGET = 9.3;
				MTL_ENABLE_DEBUG_INFO = YES;
				ONLY_ACTIVE_ARCH = YES;
				SDKROOT = iphoneos;
				SWIFT_OPTIMIZATION_LEVEL = "-Onone";
				TARGETED_DEVICE_FAMILY = "1,2";
				VERSIONING_SYSTEM = "apple-generic";
				VERSION_INFO_PREFIX = "";
			};
			name = Debug;
		};
		023050A51D2440DB00D7B190 /* Release */ = {
			isa = XCBuildConfiguration;
			buildSettings = {
				ALWAYS_SEARCH_USER_PATHS = NO;
				CLANG_ANALYZER_NONNULL = YES;
				CLANG_CXX_LANGUAGE_STANDARD = "gnu++0x";
				CLANG_CXX_LIBRARY = "libc++";
				CLANG_ENABLE_MODULES = YES;
				CLANG_ENABLE_OBJC_ARC = YES;
				CLANG_WARN_BOOL_CONVERSION = YES;
				CLANG_WARN_CONSTANT_CONVERSION = YES;
				CLANG_WARN_DIRECT_OBJC_ISA_USAGE = YES_ERROR;
				CLANG_WARN_EMPTY_BODY = YES;
				CLANG_WARN_ENUM_CONVERSION = YES;
				CLANG_WARN_INT_CONVERSION = YES;
				CLANG_WARN_OBJC_ROOT_CLASS = YES_ERROR;
				CLANG_WARN_UNREACHABLE_CODE = YES;
				CLANG_WARN__DUPLICATE_METHOD_MATCH = YES;
				"CODE_SIGN_IDENTITY[sdk=iphoneos*]" = "iPhone Developer";
				COPY_PHASE_STRIP = NO;
				CURRENT_PROJECT_VERSION = 1;
				DEBUG_INFORMATION_FORMAT = "dwarf-with-dsym";
				ENABLE_NS_ASSERTIONS = NO;
				ENABLE_STRICT_OBJC_MSGSEND = YES;
				GCC_C_LANGUAGE_STANDARD = gnu99;
				GCC_NO_COMMON_BLOCKS = YES;
				GCC_WARN_64_TO_32_BIT_CONVERSION = YES;
				GCC_WARN_ABOUT_RETURN_TYPE = YES_ERROR;
				GCC_WARN_UNDECLARED_SELECTOR = YES;
				GCC_WARN_UNINITIALIZED_AUTOS = YES_AGGRESSIVE;
				GCC_WARN_UNUSED_FUNCTION = YES;
				GCC_WARN_UNUSED_VARIABLE = YES;
				IPHONEOS_DEPLOYMENT_TARGET = 9.3;
				MTL_ENABLE_DEBUG_INFO = NO;
				SDKROOT = iphoneos;
				TARGETED_DEVICE_FAMILY = "1,2";
				VALIDATE_PRODUCT = YES;
				VERSIONING_SYSTEM = "apple-generic";
				VERSION_INFO_PREFIX = "";
			};
			name = Release;
		};
		023050A71D2440DB00D7B190 /* Debug */ = {
			isa = XCBuildConfiguration;
			baseConfigurationReference = 1E67F76CDEEF53B4177281B4 /* Pods-ChouTi.debug.xcconfig */;
			buildSettings = {
				DEFINES_MODULE = YES;
				DYLIB_COMPATIBILITY_VERSION = 1;
				DYLIB_CURRENT_VERSION = 1;
				DYLIB_INSTALL_NAME_BASE = "@rpath";
				INFOPLIST_FILE = ChouTi/Info.plist;
				INSTALL_PATH = "$(LOCAL_LIBRARY_DIR)/Frameworks";
				IPHONEOS_DEPLOYMENT_TARGET = 9.0;
				LD_RUNPATH_SEARCH_PATHS = "$(inherited) @executable_path/Frameworks @loader_path/Frameworks";
				PRODUCT_BUNDLE_IDENTIFIER = com.honghaoz.ChouTi;
				PRODUCT_NAME = "$(TARGET_NAME)";
				SKIP_INSTALL = YES;
			};
			name = Debug;
		};
		023050A81D2440DB00D7B190 /* Release */ = {
			isa = XCBuildConfiguration;
			baseConfigurationReference = B8369B3E7DF13919F58D2E26 /* Pods-ChouTi.release.xcconfig */;
			buildSettings = {
				DEFINES_MODULE = YES;
				DYLIB_COMPATIBILITY_VERSION = 1;
				DYLIB_CURRENT_VERSION = 1;
				DYLIB_INSTALL_NAME_BASE = "@rpath";
				INFOPLIST_FILE = ChouTi/Info.plist;
				INSTALL_PATH = "$(LOCAL_LIBRARY_DIR)/Frameworks";
				IPHONEOS_DEPLOYMENT_TARGET = 9.0;
				LD_RUNPATH_SEARCH_PATHS = "$(inherited) @executable_path/Frameworks @loader_path/Frameworks";
				PRODUCT_BUNDLE_IDENTIFIER = com.honghaoz.ChouTi;
				PRODUCT_NAME = "$(TARGET_NAME)";
				SKIP_INSTALL = YES;
			};
			name = Release;
		};
		023050AA1D2440DB00D7B190 /* Debug */ = {
			isa = XCBuildConfiguration;
			baseConfigurationReference = D94FE367641F0162F11D1A12 /* Pods-ChouTiTests.debug.xcconfig */;
			buildSettings = {
				INFOPLIST_FILE = ChouTiTests/Info.plist;
				LD_RUNPATH_SEARCH_PATHS = "$(inherited) @executable_path/Frameworks @loader_path/Frameworks $(FRAMEWORK_SEARCH_PATHS)";
				PRODUCT_BUNDLE_IDENTIFIER = com.honghaoz.ChouTiTests;
				PRODUCT_NAME = "$(TARGET_NAME)";
			};
			name = Debug;
		};
		023050AB1D2440DB00D7B190 /* Release */ = {
			isa = XCBuildConfiguration;
			baseConfigurationReference = CFF91EB292EA2A1C68B76AA1 /* Pods-ChouTiTests.release.xcconfig */;
			buildSettings = {
				INFOPLIST_FILE = ChouTiTests/Info.plist;
				LD_RUNPATH_SEARCH_PATHS = "$(inherited) @executable_path/Frameworks @loader_path/Frameworks $(FRAMEWORK_SEARCH_PATHS)";
				PRODUCT_BUNDLE_IDENTIFIER = com.honghaoz.ChouTiTests;
				PRODUCT_NAME = "$(TARGET_NAME)";
			};
			name = Release;
		};
/* End XCBuildConfiguration section */

/* Begin XCConfigurationList section */
		0230508C1D2440DB00D7B190 /* Build configuration list for PBXProject "ChouTi" */ = {
			isa = XCConfigurationList;
			buildConfigurations = (
				023050A41D2440DB00D7B190 /* Debug */,
				023050A51D2440DB00D7B190 /* Release */,
			);
			defaultConfigurationIsVisible = 0;
			defaultConfigurationName = Release;
		};
		023050A61D2440DB00D7B190 /* Build configuration list for PBXNativeTarget "ChouTi" */ = {
			isa = XCConfigurationList;
			buildConfigurations = (
				023050A71D2440DB00D7B190 /* Debug */,
				023050A81D2440DB00D7B190 /* Release */,
			);
			defaultConfigurationIsVisible = 0;
			defaultConfigurationName = Release;
		};
		023050A91D2440DB00D7B190 /* Build configuration list for PBXNativeTarget "ChouTiTests" */ = {
			isa = XCConfigurationList;
			buildConfigurations = (
				023050AA1D2440DB00D7B190 /* Debug */,
				023050AB1D2440DB00D7B190 /* Release */,
			);
			defaultConfigurationIsVisible = 0;
			defaultConfigurationName = Release;
		};
/* End XCConfigurationList section */
	};
	rootObject = 023050891D2440DB00D7B190 /* Project object */;
}
