PODS:
  - ChouTi (0.1):
    - ChouTi/Unsafe (= 0.1)
  - ChouTi/ChouTi (0.1):
    - ChouTi/ChouTi/Animators (= 0.1)
    - ChouTi/ChouTi/CodeSnippets (= 0.1)
    - ChouTi/ChouTi/CollectionViewLayouts (= 0.1)
    - ChouTi/ChouTi/Extensions (= 0.1)
    - ChouTi/ChouTi/Protocols (= 0.1)
    - ChouTi/ChouTi/Utilities (= 0.1)
  - ChouTi/ChouTi-Extra (0.1):
    - ChouTi/ChouTi-Extra/Utilities (= 0.1)
  - ChouTi/ChouTi-Extra/Utilities (0.1):
    - ChouTi/ChouTi-Extra/Utilities/Operations (= 0.1)
  - ChouTi/ChouTi-Extra/Utilities/Operations (0.1):
    - Operations
  - ChouTi/ChouTi/Animators (0.1)
  - ChouTi/ChouTi/CodeSnippets (0.1)
  - ChouTi/ChouTi/CollectionViewLayouts (0.1)
  - ChouTi/ChouTi/Extensions (0.1)
  - ChouTi/ChouTi/Protocols (0.1)
  - ChouTi/ChouTi/Utilities (0.1):
    - ChouTi/ChouTi/Utilities/TableView+SectionRowExtensions (= 0.1)
  - ChouTi/ChouTi/Utilities/TableView+SectionRowExtensions (0.1)
  - ChouTi/UI (0.1):
    - ChouTi/UI/AlertView (= 0.1)
    - ChouTi/UI/AutoLinesLabel (= 0.1)
    - ChouTi/UI/CollectionViewCells (= 0.1)
    - ChouTi/UI/DatePickerViewController (= 0.1)
    - ChouTi/UI/DropDownMenu (= 0.1)
    - ChouTi/UI/MenuPageViewController (= 0.1)
    - ChouTi/UI/NavigationBarStatusBar (= 0.1)
    - ChouTi/UI/SegmentedControl (= 0.1)
    - ChouTi/UI/TableViewCells (= 0.1)
  - ChouTi/UI-App-Extension-API-Unsafe (0.1):
    - ChouTi/UI-App-Extension-API-Unsafe/SlideController (= 0.1)
  - ChouTi/UI-App-Extension-API-Unsafe/SlideController (0.1)
  - ChouTi/UI/AlertView (0.1)
  - ChouTi/UI/AutoLinesLabel (0.1)
  - ChouTi/UI/CollectionViewCells (0.1)
  - ChouTi/UI/DatePickerViewController (0.1)
  - ChouTi/UI/DropDownMenu (0.1)
  - ChouTi/UI/MenuPageViewController (0.1)
  - ChouTi/UI/NavigationBarStatusBar (0.1)
  - ChouTi/UI/SegmentedControl (0.1)
  - ChouTi/UI/TableViewCells (0.1)
  - ChouTi/Unsafe (0.1):
    - ChouTi/ChouTi
    - ChouTi/UI
    - ChouTi/UI-App-Extension-API-Unsafe
  - Operations (2.10.1):
    - Operations/Standard (= 2.10.1)
  - Operations/Standard (2.10.1)
  - Then (1.0.3)

DEPENDENCIES:
  - ChouTi (from `../../`)
  - ChouTi/ChouTi-Extra (from `../../`)
  - Then (~> 1.0)

EXTERNAL SOURCES:
  ChouTi:
    :path: "../../"

SPEC CHECKSUMS:
  ChouTi: 678990ed95beefc3a3052c39da799d99056262f0
  Operations: b787ef012ec50752f6247b7f0efb7746fb8934ae
  Then: c2502b763132c80dfa64d325065d70c45e2d48ca

PODFILE CHECKSUM: 7934de541c6e011553c564c479d80afb5cf58a4e

COCOAPODS: 1.0.1
