PODS:
  - ChouTi (0.1):
    - ChouTi/Unsafe (= 0.1)
  - ChouTi/ChouTi (0.1):
    - ChouTi/ChouTi/Animators (= 0.1)
    - ChouTi/ChouTi/CodeSnippets (= 0.1)
    - ChouTi/ChouTi/CollectionViewLayouts (= 0.1)
    - ChouTi/ChouTi/Extensions (= 0.1)
    - ChouTi/ChouTi/Protocols (= 0.1)
    - ChouTi/ChouTi/Utilities (= 0.1)
  - ChouTi/ChouTi-Extra (0.1):
    - ChouTi/ChouTi-Extra/Utilities (= 0.1)
  - ChouTi/ChouTi-Extra/Utilities (0.1):
    - ChouTi/ChouTi-Extra/Utilities/Operations (= 0.1)
  - ChouTi/ChouTi-Extra/Utilities/Operations (0.1):
    - Operations
  - ChouTi/ChouTi/Animators (0.1)
  - ChouTi/ChouTi/CodeSnippets (0.1)
  - ChouTi/ChouTi/CollectionViewLayouts (0.1)
  - ChouTi/ChouTi/Extensions (0.1)
  - ChouTi/ChouTi/Protocols (0.1)
  - ChouTi/ChouTi/Utilities (0.1):
    - ChouTi/ChouTi/Utilities/TableView+SectionRowExtensions (= 0.1)
  - ChouTi/ChouTi/Utilities/TableView+SectionRowExtensions (0.1)
  - ChouTi/UI (0.1):
    - ChouTi/UI/AlertView (= 0.1)
    - ChouTi/UI/AutoLinesLabel (= 0.1)
    - ChouTi/UI/CollectionViewCells (= 0.1)
    - ChouTi/UI/DatePickerViewController (= 0.1)
    - ChouTi/UI/DropDownMenu (= 0.1)
    - ChouTi/UI/MenuPageViewController (= 0.1)
    - ChouTi/UI/NavigationBarStatusBar (= 0.1)
    - ChouTi/UI/SegmentedControl (= 0.1)
    - ChouTi/UI/TableViewCells (= 0.1)
  - ChouTi/UI-App-Extension-API-Unsafe (0.1):
    - ChouTi/UI-App-Extension-API-Unsafe/SlideController (= 0.1)
  - ChouTi/UI-App-Extension-API-Unsafe/SlideController (0.1)
  - ChouTi/UI/AlertView (0.1)
  - ChouTi/UI/AutoLinesLabel (0.1)
  - ChouTi/UI/CollectionViewCells (0.1)
  - ChouTi/UI/DatePickerViewController (0.1)
  - ChouTi/UI/DropDownMenu (0.1)
  - ChouTi/UI/MenuPageViewController (0.1)
  - ChouTi/UI/NavigationBarStatusBar (0.1)
  - ChouTi/UI/SegmentedControl (0.1)
  - ChouTi/UI/TableViewCells (0.1)
  - ChouTi/Unsafe (0.1):
    - ChouTi/ChouTi
    - ChouTi/UI
    - ChouTi/UI-App-Extension-API-Unsafe
  - Operations (2.10.1):
    - Operations/Standard (= 2.10.1)
  - Operations/Standard (2.10.1)

DEPENDENCIES:
  - ChouTi (from `../../`)
  - ChouTi/ChouTi-Extra (from `../../`)

EXTERNAL SOURCES:
  ChouTi:
    :path: "../../"

SPEC CHECKSUMS:
  ChouTi: d983587c2b43845cec112447d4cea8b5e7451787
  Operations: b787ef012ec50752f6247b7f0efb7746fb8934ae

PODFILE CHECKSUM: dfb669046579feb6c0e1ad692564764a2baa4e09

COCOAPODS: 1.0.1
