PODS:
  - ChouTi/All (0.1):
    - ChouTi/Animators
    - ChouTi/CollectionViewLayouts
    - ChouTi/Core
    - ChouTi/UI
    - ChouTi/UI-App-Extension-API-Unsafe
    - ChouTi/UI-Extra
    - ChouTi/Utilities
    - ChouTi/Utilities-Extra
  - ChouTi/Animators (0.1):
    - ChouTi/Animators/DropPresentingAnimator (= 0.1)
    - ChouTi/Core
  - ChouTi/Animators/DropPresentingAnimator (0.1):
    - ChouTi/Core
  - ChouTi/CollectionViewLayouts (0.1):
    - ChouTi/CollectionViewLayouts/TableLayout (= 0.1)
    - ChouTi/Core
  - ChouTi/CollectionViewLayouts/TableLayout (0.1):
    - ChouTi/Core
  - ChouTi/Core (0.1):
    - ChouTi/Core/CodeSnippets (= 0.1)
    - ChouTi/Core/DataStructure (= 0.1)
    - ChouTi/Core/Extensions (= 0.1)
    - ChouTi/Core/Miscellaneous (= 0.1)
    - ChouTi/Core/Protocols (= 0.1)
    - ChouTi/Core/UI (= 0.1)
  - ChouTi/Core/CodeSnippets (0.1)
  - ChouTi/Core/DataStructure (0.1)
  - ChouTi/Core/Extensions (0.1)
  - ChouTi/Core/Miscellaneous (0.1)
  - ChouTi/Core/Protocols (0.1)
  - ChouTi/Core/UI (0.1):
    - ChouTi/Core/UI/CollectionViewCells (= 0.1)
    - ChouTi/Core/UI/TableViewCells (= 0.1)
  - ChouTi/Core/UI/CollectionViewCells (0.1)
  - ChouTi/Core/UI/TableViewCells (0.1)
  - ChouTi/UI (0.1):
    - ChouTi/Animators
    - ChouTi/Core
    - ChouTi/UI/AlertView (= 0.1)
    - ChouTi/UI/AutoLinesLabel (= 0.1)
    - ChouTi/UI/CollectionViewCells (= 0.1)
    - ChouTi/UI/DatePickerViewController (= 0.1)
    - ChouTi/UI/DropDownMenu (= 0.1)
    - ChouTi/UI/MenuPageViewController (= 0.1)
    - ChouTi/UI/NavigationBarStatusBar (= 0.1)
    - ChouTi/UI/SegmentedControl (= 0.1)
    - ChouTi/UI/TableViewCells (= 0.1)
  - ChouTi/UI-App-Extension-API-Unsafe (0.1):
    - ChouTi/Core
    - ChouTi/UI-App-Extension-API-Unsafe/SlideController (= 0.1)
  - ChouTi/UI-App-Extension-API-Unsafe/SlideController (0.1):
    - ChouTi/Core
  - ChouTi/UI-Extra (0.1):
    - ChouTi/Core
    - ChouTi/UI-Extra/LoadingMorphingLabel (= 0.1)
  - ChouTi/UI-Extra/LoadingMorphingLabel (0.1):
    - ChouTi/Core
    - LTMorphingLabel
  - ChouTi/UI/AlertView (0.1):
    - ChouTi/Animators
    - ChouTi/Core
  - ChouTi/UI/AutoLinesLabel (0.1):
    - ChouTi/Animators
    - ChouTi/Core
  - ChouTi/UI/CollectionViewCells (0.1):
    - ChouTi/Animators
    - ChouTi/Core
  - ChouTi/UI/DatePickerViewController (0.1):
    - ChouTi/Animators
    - ChouTi/Core
  - ChouTi/UI/DropDownMenu (0.1):
    - ChouTi/Animators
    - ChouTi/Core
  - ChouTi/UI/MenuPageViewController (0.1):
    - ChouTi/Animators
    - ChouTi/Core
  - ChouTi/UI/NavigationBarStatusBar (0.1):
    - ChouTi/Animators
    - ChouTi/Core
  - ChouTi/UI/SegmentedControl (0.1):
    - ChouTi/Animators
    - ChouTi/Core
  - ChouTi/UI/TableViewCells (0.1):
    - ChouTi/Animators
    - ChouTi/Core
  - ChouTi/Utilities (0.1):
    - ChouTi/Core
    - ChouTi/Utilities/TableView+SectionRowExtensions (= 0.1)
  - ChouTi/Utilities-Extra (0.1):
    - ChouTi/Core
    - ChouTi/Utilities-Extra/Operations (= 0.1)
  - ChouTi/Utilities-Extra/Operations (0.1):
    - ChouTi/Core
    - Operations
  - ChouTi/Utilities/TableView+SectionRowExtensions (0.1):
    - ChouTi/Core
  - LTMorphingLabel (0.2.1)
  - Nimble (4.1.0)
  - Operations (3.1.0):
    - Operations/Standard (= 3.1.0)
  - Operations/Standard (3.1.0)
  - Quick (0.9.3)

DEPENDENCIES:
  - ChouTi/All (from `../`)
  - LTMorphingLabel
  - Nimble
  - Quick

EXTERNAL SOURCES:
  ChouTi:
    :path: "../"

SPEC CHECKSUMS:
  ChouTi: 3126e67e6ecf15ef28dbf0b39b879a4bd3ae481b
  LTMorphingLabel: 1858358ea38ef4d548e1f58b648b0d08ec3a62ed
  Nimble: 97a0a4cae5124c117115634b2d055d8c97d0af19
  Operations: d09dbb1c32ce01061ebbb022c8a955b34fd9ec35
  Quick: 13a2a2b19a5d8e3ed4fd0c36ee46597fd77ebf71

PODFILE CHECKSUM: f6fe22ff426ecb8a46e1bfb6b75f28c92c33c2e8

COCOAPODS: 1.0.1
