PODS:
  - ChouTi/All (0.1):
    - ChouTi/ChouTi
    - ChouTi/ChouTi-Extra
    - ChouTi/UI
    - ChouTi/UI-App-Extension-API-Unsafe
    - ChouTi/UI-Extra
  - ChouTi/ChouTi (0.1):
    - ChouTi/ChouTi/Animators (= 0.1)
    - ChouTi/ChouTi/CodeSnippets (= 0.1)
    - ChouTi/ChouTi/CollectionViewLayouts (= 0.1)
    - ChouTi/ChouTi/Extensions (= 0.1)
    - ChouTi/ChouTi/Protocols (= 0.1)
    - ChouTi/ChouTi/Utilities (= 0.1)
  - ChouTi/ChouTi-Extra (0.1):
    - ChouTi/ChouTi-Extra/Utilities (= 0.1)
  - ChouTi/ChouTi-Extra/Utilities (0.1):
    - ChouTi/ChouTi-Extra/Utilities/Operations (= 0.1)
  - ChouTi/ChouTi-Extra/Utilities/Operations (0.1):
    - Operations
  - ChouTi/ChouTi/Animators (0.1)
  - ChouTi/ChouTi/CodeSnippets (0.1)
  - ChouTi/ChouTi/CollectionViewLayouts (0.1)
  - ChouTi/ChouTi/Extensions (0.1)
  - ChouTi/ChouTi/Protocols (0.1)
  - ChouTi/ChouTi/Utilities (0.1):
    - ChouTi/ChouTi/Utilities/TableView+SectionRowExtensions (= 0.1)
  - ChouTi/ChouTi/Utilities/TableView+SectionRowExtensions (0.1)
  - ChouTi/UI (0.1):
    - ChouTi/UI/AutoLinesLabel (= 0.1)
    - ChouTi/UI/CollectionViewCells (= 0.1)
    - ChouTi/UI/DatePickerViewController (= 0.1)
    - ChouTi/UI/DropDownMenu (= 0.1)
    - ChouTi/UI/MenuPageViewController (= 0.1)
    - ChouTi/UI/NavigationBarStatusBar (= 0.1)
    - ChouTi/UI/SegmentedControl (= 0.1)
    - ChouTi/UI/TableViewCells (= 0.1)
  - ChouTi/UI-App-Extension-API-Unsafe (0.1):
    - ChouTi/UI-App-Extension-API-Unsafe/SlideController (= 0.1)
  - ChouTi/UI-App-Extension-API-Unsafe/SlideController (0.1)
  - ChouTi/UI-Extra (0.1):
    - ChouTi/UI-Extra/LoadingMorphingLabel (= 0.1)
  - ChouTi/UI-Extra/LoadingMorphingLabel (0.1):
    - LTMorphingLabel (~> 0.0)
  - ChouTi/UI/AutoLinesLabel (0.1)
  - ChouTi/UI/CollectionViewCells (0.1)
  - ChouTi/UI/DatePickerViewController (0.1)
  - ChouTi/UI/DropDownMenu (0.1)
  - ChouTi/UI/MenuPageViewController (0.1)
  - ChouTi/UI/NavigationBarStatusBar (0.1)
  - ChouTi/UI/SegmentedControl (0.1)
  - ChouTi/UI/TableViewCells (0.1)
  - LTMorphingLabel (0.2.0)
  - Operations (2.10.0):
    - Operations/Standard (= 2.10.0)
  - Operations/Standard (2.10.0)

DEPENDENCIES:
  - ChouTi/All (from `../`)
  - ChouTi/ChouTi-Extra (from `../`)

EXTERNAL SOURCES:
  ChouTi:
    :path: ../

SPEC CHECKSUMS:
  ChouTi: b587f3959bf7758225bee6bb19bd34258dcbc3f5
  LTMorphingLabel: 490aa8e079f9247c7f3130f7d4b1be1d66677377
  Operations: 11f0188d894e441fa16f87264e771c88b3829826

PODFILE CHECKSUM: 11cf008d87e034f6a628ce5f284466aefdce0d0c

COCOAPODS: 1.0.0.rc.1
